# nsx.lock — generated by `nsx lock`. Do not edit by hand.
# Commit this file to record the resolved module set for this app.
schema_version: 3
generated_at: '2026-06-21T16:32:53+00:00'
nsx_tool:
  version: 0.6.9
manifest:
  path: nsx.yml
  hash: sha256:dfd32235581a10cfc262ff3b7f08d519ae2c7cd27a1a6657cb8ae401002a28ce
target:
  board: apollo510_evb
  soc: apollo510
  toolchain: arm-none-eabi-gcc
modules:
  nsx-ambiqsuite:
    project: nsx-ambiq-sdk
    kind: git
    constraint: main
    resolved:
      url: https://github.com/AmbiqAI/nsx-ambiq-sdk.git
      commit: 06a652aa116ea63e7617c1e2dd7ece2cc09fcca6
      vendored_at: modules/nsx-ambiq-sdk
      content_hash: sha256:3f519c625a3294b3342495296d9c166ec00ebd1757253757c22461606f8edc2f
      acquired_at: '2026-06-21T16:32:53+00:00'
  nsx-cmsis-core:
    project: nsx-ambiq-sdk
    kind: git
    constraint: main
    resolved:
      url: https://github.com/AmbiqAI/nsx-ambiq-sdk.git
      commit: 06a652aa116ea63e7617c1e2dd7ece2cc09fcca6
      vendored_at: modules/nsx-ambiq-sdk
      content_hash: sha256:3f519c625a3294b3342495296d9c166ec00ebd1757253757c22461606f8edc2f
      acquired_at: '2026-06-21T16:32:53+00:00'
  nsx-ambiq-hal:
    project: nsx-ambiq-sdk
    kind: git
    constraint: main
    resolved:
      url: https://github.com/AmbiqAI/nsx-ambiq-sdk.git
      commit: 06a652aa116ea63e7617c1e2dd7ece2cc09fcca6
      vendored_at: modules/nsx-ambiq-sdk
      content_hash: sha256:3f519c625a3294b3342495296d9c166ec00ebd1757253757c22461606f8edc2f
      acquired_at: '2026-06-21T16:32:53+00:00'
  nsx-ambiq-bsp:
    project: nsx-ambiq-sdk
    kind: git
    constraint: main
    resolved:
      url: https://github.com/AmbiqAI/nsx-ambiq-sdk.git
      commit: 06a652aa116ea63e7617c1e2dd7ece2cc09fcca6
      vendored_at: modules/nsx-ambiq-sdk
      content_hash: sha256:3f519c625a3294b3342495296d9c166ec00ebd1757253757c22461606f8edc2f
      acquired_at: '2026-06-21T16:32:53+00:00'
  nsx-soc-hal:
    project: nsx-ambiq-sdk
    kind: git
    constraint: main
    resolved:
      url: https://github.com/AmbiqAI/nsx-ambiq-sdk.git
      commit: 06a652aa116ea63e7617c1e2dd7ece2cc09fcca6
      vendored_at: modules/nsx-ambiq-sdk
      content_hash: sha256:3f519c625a3294b3342495296d9c166ec00ebd1757253757c22461606f8edc2f
      acquired_at: '2026-06-21T16:32:53+00:00'
  nsx-cmsis-startup:
    project: nsx-ambiq-sdk
    kind: git
    constraint: main
    resolved:
      url: https://github.com/AmbiqAI/nsx-ambiq-sdk.git
      commit: 06a652aa116ea63e7617c1e2dd7ece2cc09fcca6
      vendored_at: modules/nsx-ambiq-sdk
      content_hash: sha256:3f519c625a3294b3342495296d9c166ec00ebd1757253757c22461606f8edc2f
      acquired_at: '2026-06-21T16:32:53+00:00'
  nsx-board-apollo510-evb:
    project: neuralspotx
    kind: packaged
    constraint: packaged
    resolved:
      tool_version: 0.6.9
      vendored_at: boards/apollo510_evb
      content_hash: sha256:7673bf49c57fbf0fa8d9497df79b247e47d5ae8d3872306901d727c984379d10
      acquired_at: '2026-06-21T16:32:53+00:00'
  nsx-core:
    project: nsx-ambiq-sdk
    kind: git
    constraint: main
    resolved:
      url: https://github.com/AmbiqAI/nsx-ambiq-sdk.git
      commit: 06a652aa116ea63e7617c1e2dd7ece2cc09fcca6
      vendored_at: modules/nsx-ambiq-sdk
      content_hash: sha256:3f519c625a3294b3342495296d9c166ec00ebd1757253757c22461606f8edc2f
      acquired_at: '2026-06-21T16:32:53+00:00'
  nsx-pmu-armv8m:
    project: nsx-pmu-armv8m
    kind: git
    constraint: 60384f86d7b5fa6b97148e822f608b8a4d0d9a07
    resolved:
      url: https://github.com/AmbiqAI/nsx-pmu-armv8m.git
      commit: 60384f86d7b5fa6b97148e822f608b8a4d0d9a07
      vendored_at: modules/nsx-pmu-armv8m
      content_hash: sha256:bfb1b8c121e744e7948f2082f2ac3ee8c6d9319092b563a2844b60de41c7c787
      acquired_at: '2026-06-21T16:32:53+00:00'
  nsx-tooling:
    project: neuralspotx
    kind: packaged
    constraint: packaged
    resolved:
      tool_version: 0.6.9
      vendored_at: cmake/nsx
      content_hash: sha256:f2a84c344a58ff56b7e4fb9223e8401686b146ca843e780162e9e2f45b376cde
      acquired_at: '2026-06-21T16:32:53+00:00'
  nsx-interrupt:
    project: nsx-ambiq-sdk
    kind: git
    constraint: main
    resolved:
      url: https://github.com/AmbiqAI/nsx-ambiq-sdk.git
      commit: 06a652aa116ea63e7617c1e2dd7ece2cc09fcca6
      vendored_at: modules/nsx-ambiq-sdk
      content_hash: sha256:3f519c625a3294b3342495296d9c166ec00ebd1757253757c22461606f8edc2f
      acquired_at: '2026-06-21T16:32:53+00:00'
  nsx-timer:
    project: nsx-ambiq-sdk
    kind: git
    constraint: main
    resolved:
      url: https://github.com/AmbiqAI/nsx-ambiq-sdk.git
      commit: 06a652aa116ea63e7617c1e2dd7ece2cc09fcca6
      vendored_at: modules/nsx-ambiq-sdk
      content_hash: sha256:3f519c625a3294b3342495296d9c166ec00ebd1757253757c22461606f8edc2f
      acquired_at: '2026-06-21T16:32:53+00:00'
  nsx-ambiq-usb:
    project: nsx-ambiq-sdk
    kind: git
    constraint: main
    resolved:
      url: https://github.com/AmbiqAI/nsx-ambiq-sdk.git
      commit: 06a652aa116ea63e7617c1e2dd7ece2cc09fcca6
      vendored_at: modules/nsx-ambiq-sdk
      content_hash: sha256:3f519c625a3294b3342495296d9c166ec00ebd1757253757c22461606f8edc2f
      acquired_at: '2026-06-21T16:32:53+00:00'
  nsx-usb:
    project: nsx-ambiq-sdk
    kind: git
    constraint: main
    resolved:
      url: https://github.com/AmbiqAI/nsx-ambiq-sdk.git
      commit: 06a652aa116ea63e7617c1e2dd7ece2cc09fcca6
      vendored_at: modules/nsx-ambiq-sdk
      content_hash: sha256:3f519c625a3294b3342495296d9c166ec00ebd1757253757c22461606f8edc2f
      acquired_at: '2026-06-21T16:32:53+00:00'
  nsx-nanopb:
    project: nsx-nanopb
    kind: git
    constraint: v0.1.0
    resolved:
      url: https://github.com/AmbiqAI/nsx-nanopb.git
      tag: v0.1.0
      commit: 50e183616faf747d404e78e663e5d031b093a7b4
      vendored_at: modules/nsx-nanopb
      content_hash: sha256:d94f23d6f369434a4cf551c22abe72a8771a516331ddf2f4cdac9b3379f8e794
      acquired_at: '2026-06-21T16:32:53+00:00'
