# nsx.lock — generated by `nsx lock`. Do not edit by hand.
# Commit this file to record the resolved module set for this app.
schema_version: 4
targets:
  apollo4p_blue_kxr_evb:
    generated_at: '2026-09-03T23:02:03+00:00'
    nsx_tool:
      version: 0.7.17
    manifest:
      path: nsx.yml
      hash: sha256:094c70e52abf09562f3318291373e11430cce07292b8fb7c3ab7d07b6bc6fb7e
    target:
      board: apollo4p_blue_kxr_evb
      soc: apollo4p
      toolchain: arm-none-eabi-gcc
    modules:
      nsx-ambiqsuite:
        project: nsx-ambiq-sdk
        kind: git
        constraint: v5.2.24
        resolved:
          url: https://github.com/AmbiqAI/nsx-ambiq-sdk.git
          tag: v5.2.24
          commit: a9f4ec25a162f6f3700623feb691423bb5a51132
          vendored_at: modules/nsx-ambiq-sdk
          content_hash: sha256:4ca0d4e197abbb9a0165baebb6b7832d24b6fd23f1a47e424e9f5a01fbd459c6
          acquired_at: '2026-08-04T04:01:08+00:00'
      nsx-cmsis-core:
        project: nsx-ambiq-sdk
        kind: git
        constraint: v5.2.24
        resolved:
          url: https://github.com/AmbiqAI/nsx-ambiq-sdk.git
          tag: v5.2.24
          commit: a9f4ec25a162f6f3700623feb691423bb5a51132
          vendored_at: modules/nsx-ambiq-sdk
          content_hash: sha256:4ca0d4e197abbb9a0165baebb6b7832d24b6fd23f1a47e424e9f5a01fbd459c6
          acquired_at: '2026-08-04T04:01:08+00:00'
      nsx-ambiq-hal:
        project: nsx-ambiq-sdk
        kind: git
        constraint: v5.2.24
        resolved:
          url: https://github.com/AmbiqAI/nsx-ambiq-sdk.git
          tag: v5.2.24
          commit: a9f4ec25a162f6f3700623feb691423bb5a51132
          vendored_at: modules/nsx-ambiq-sdk
          content_hash: sha256:4ca0d4e197abbb9a0165baebb6b7832d24b6fd23f1a47e424e9f5a01fbd459c6
          acquired_at: '2026-08-04T04:01:08+00:00'
      nsx-ambiq-bsp:
        project: nsx-ambiq-sdk
        kind: git
        constraint: v5.2.24
        resolved:
          url: https://github.com/AmbiqAI/nsx-ambiq-sdk.git
          tag: v5.2.24
          commit: a9f4ec25a162f6f3700623feb691423bb5a51132
          vendored_at: modules/nsx-ambiq-sdk
          content_hash: sha256:4ca0d4e197abbb9a0165baebb6b7832d24b6fd23f1a47e424e9f5a01fbd459c6
          acquired_at: '2026-08-04T04:01:08+00:00'
      nsx-soc-hal:
        project: nsx-ambiq-sdk
        kind: git
        constraint: v5.2.24
        resolved:
          url: https://github.com/AmbiqAI/nsx-ambiq-sdk.git
          tag: v5.2.24
          commit: a9f4ec25a162f6f3700623feb691423bb5a51132
          vendored_at: modules/nsx-ambiq-sdk
          content_hash: sha256:4ca0d4e197abbb9a0165baebb6b7832d24b6fd23f1a47e424e9f5a01fbd459c6
          acquired_at: '2026-08-04T04:01:08+00:00'
      nsx-cmsis-startup:
        project: nsx-ambiq-sdk
        kind: git
        constraint: v5.2.24
        resolved:
          url: https://github.com/AmbiqAI/nsx-ambiq-sdk.git
          tag: v5.2.24
          commit: a9f4ec25a162f6f3700623feb691423bb5a51132
          vendored_at: modules/nsx-ambiq-sdk
          content_hash: sha256:4ca0d4e197abbb9a0165baebb6b7832d24b6fd23f1a47e424e9f5a01fbd459c6
          acquired_at: '2026-08-04T04:01:08+00:00'
      nsx-board-apollo4p-blue-kxr-evb:
        project: neuralspotx
        kind: packaged
        constraint: packaged
        resolved:
          tool_version: 0.7.17
          vendored_at: boards/apollo4p_blue_kxr_evb
          content_hash: sha256:1aa5931bcd18f0bd1ccea7df6635d0c590cb3e42c69910be288eeef11ea56ec7
          acquired_at: '2026-09-03T23:02:03+00:00'
      nsx-core:
        project: nsx-ambiq-sdk
        kind: git
        constraint: v5.2.24
        resolved:
          url: https://github.com/AmbiqAI/nsx-ambiq-sdk.git
          tag: v5.2.24
          commit: a9f4ec25a162f6f3700623feb691423bb5a51132
          vendored_at: modules/nsx-ambiq-sdk
          content_hash: sha256:4ca0d4e197abbb9a0165baebb6b7832d24b6fd23f1a47e424e9f5a01fbd459c6
          acquired_at: '2026-08-04T04:01:08+00:00'
      nsx-tooling:
        project: neuralspotx
        kind: packaged
        constraint: packaged
        resolved:
          tool_version: 0.7.17
          vendored_at: cmake/nsx
          content_hash: sha256:04de1c1329109e872fea5c65ce36e8ccec02fb2492eb5450a341b0c488d96528
          acquired_at: '2026-09-03T23:02:03+00:00'
      nsx-freertos:
        project: nsx-ambiq-sdk
        kind: git
        constraint: v5.2.24
        resolved:
          url: https://github.com/AmbiqAI/nsx-ambiq-sdk.git
          tag: v5.2.24
          commit: a9f4ec25a162f6f3700623feb691423bb5a51132
          vendored_at: modules/nsx-ambiq-sdk
          content_hash: sha256:4ca0d4e197abbb9a0165baebb6b7832d24b6fd23f1a47e424e9f5a01fbd459c6
          acquired_at: '2026-08-04T04:01:08+00:00'
      nsx-cordio:
        project: nsx-ambiq-sdk
        kind: git
        constraint: v5.2.24
        resolved:
          url: https://github.com/AmbiqAI/nsx-ambiq-sdk.git
          tag: v5.2.24
          commit: a9f4ec25a162f6f3700623feb691423bb5a51132
          vendored_at: modules/nsx-ambiq-sdk
          content_hash: sha256:4ca0d4e197abbb9a0165baebb6b7832d24b6fd23f1a47e424e9f5a01fbd459c6
          acquired_at: '2026-08-04T04:01:08+00:00'
      nsx-ble:
        project: nsx-ambiq-sdk
        kind: git
        constraint: v5.2.24
        resolved:
          url: https://github.com/AmbiqAI/nsx-ambiq-sdk.git
          tag: v5.2.24
          commit: a9f4ec25a162f6f3700623feb691423bb5a51132
          vendored_at: modules/nsx-ambiq-sdk
          content_hash: sha256:4ca0d4e197abbb9a0165baebb6b7832d24b6fd23f1a47e424e9f5a01fbd459c6
          acquired_at: '2026-08-04T04:01:08+00:00'
  apollo3p_evb:
    generated_at: '2026-09-03T23:02:03+00:00'
    nsx_tool:
      version: 0.7.17
    manifest:
      path: nsx.yml
      hash: sha256:094c70e52abf09562f3318291373e11430cce07292b8fb7c3ab7d07b6bc6fb7e
    target:
      board: apollo3p_evb
      soc: apollo3p
      toolchain: arm-none-eabi-gcc
    modules:
      nsx-ambiqsuite:
        project: nsx-ambiq-sdk
        kind: git
        constraint: v5.2.24
        resolved:
          url: https://github.com/AmbiqAI/nsx-ambiq-sdk.git
          tag: v5.2.24
          commit: a9f4ec25a162f6f3700623feb691423bb5a51132
          vendored_at: modules/nsx-ambiq-sdk
          content_hash: sha256:4ca0d4e197abbb9a0165baebb6b7832d24b6fd23f1a47e424e9f5a01fbd459c6
          acquired_at: '2026-08-04T04:01:08+00:00'
      nsx-cmsis-core:
        project: nsx-ambiq-sdk
        kind: git
        constraint: v5.2.24
        resolved:
          url: https://github.com/AmbiqAI/nsx-ambiq-sdk.git
          tag: v5.2.24
          commit: a9f4ec25a162f6f3700623feb691423bb5a51132
          vendored_at: modules/nsx-ambiq-sdk
          content_hash: sha256:4ca0d4e197abbb9a0165baebb6b7832d24b6fd23f1a47e424e9f5a01fbd459c6
          acquired_at: '2026-08-04T04:01:08+00:00'
      nsx-ambiq-hal:
        project: nsx-ambiq-sdk
        kind: git
        constraint: v5.2.24
        resolved:
          url: https://github.com/AmbiqAI/nsx-ambiq-sdk.git
          tag: v5.2.24
          commit: a9f4ec25a162f6f3700623feb691423bb5a51132
          vendored_at: modules/nsx-ambiq-sdk
          content_hash: sha256:4ca0d4e197abbb9a0165baebb6b7832d24b6fd23f1a47e424e9f5a01fbd459c6
          acquired_at: '2026-08-04T04:01:08+00:00'
      nsx-ambiq-bsp:
        project: nsx-ambiq-sdk
        kind: git
        constraint: v5.2.24
        resolved:
          url: https://github.com/AmbiqAI/nsx-ambiq-sdk.git
          tag: v5.2.24
          commit: a9f4ec25a162f6f3700623feb691423bb5a51132
          vendored_at: modules/nsx-ambiq-sdk
          content_hash: sha256:4ca0d4e197abbb9a0165baebb6b7832d24b6fd23f1a47e424e9f5a01fbd459c6
          acquired_at: '2026-08-04T04:01:08+00:00'
      nsx-soc-hal:
        project: nsx-ambiq-sdk
        kind: git
        constraint: v5.2.24
        resolved:
          url: https://github.com/AmbiqAI/nsx-ambiq-sdk.git
          tag: v5.2.24
          commit: a9f4ec25a162f6f3700623feb691423bb5a51132
          vendored_at: modules/nsx-ambiq-sdk
          content_hash: sha256:4ca0d4e197abbb9a0165baebb6b7832d24b6fd23f1a47e424e9f5a01fbd459c6
          acquired_at: '2026-08-04T04:01:08+00:00'
      nsx-cmsis-startup:
        project: nsx-ambiq-sdk
        kind: git
        constraint: v5.2.24
        resolved:
          url: https://github.com/AmbiqAI/nsx-ambiq-sdk.git
          tag: v5.2.24
          commit: a9f4ec25a162f6f3700623feb691423bb5a51132
          vendored_at: modules/nsx-ambiq-sdk
          content_hash: sha256:4ca0d4e197abbb9a0165baebb6b7832d24b6fd23f1a47e424e9f5a01fbd459c6
          acquired_at: '2026-08-04T04:01:08+00:00'
      nsx-board-apollo3p-evb:
        project: neuralspotx
        kind: packaged
        constraint: packaged
        resolved:
          tool_version: 0.7.17
          vendored_at: boards/apollo3p_evb
          content_hash: sha256:69fb455d50f74d22f759d4e6c21346e73a6640034fbf354f63795c9bd2f6773e
          acquired_at: '2026-09-03T23:02:03+00:00'
      nsx-core:
        project: nsx-ambiq-sdk
        kind: git
        constraint: v5.2.24
        resolved:
          url: https://github.com/AmbiqAI/nsx-ambiq-sdk.git
          tag: v5.2.24
          commit: a9f4ec25a162f6f3700623feb691423bb5a51132
          vendored_at: modules/nsx-ambiq-sdk
          content_hash: sha256:4ca0d4e197abbb9a0165baebb6b7832d24b6fd23f1a47e424e9f5a01fbd459c6
          acquired_at: '2026-08-04T04:01:08+00:00'
      nsx-tooling:
        project: neuralspotx
        kind: packaged
        constraint: packaged
        resolved:
          tool_version: 0.7.17
          vendored_at: cmake/nsx
          content_hash: sha256:04de1c1329109e872fea5c65ce36e8ccec02fb2492eb5450a341b0c488d96528
          acquired_at: '2026-09-03T23:02:03+00:00'
      nsx-freertos:
        project: nsx-ambiq-sdk
        kind: git
        constraint: v5.2.24
        resolved:
          url: https://github.com/AmbiqAI/nsx-ambiq-sdk.git
          tag: v5.2.24
          commit: a9f4ec25a162f6f3700623feb691423bb5a51132
          vendored_at: modules/nsx-ambiq-sdk
          content_hash: sha256:4ca0d4e197abbb9a0165baebb6b7832d24b6fd23f1a47e424e9f5a01fbd459c6
          acquired_at: '2026-08-04T04:01:08+00:00'
      nsx-cordio:
        project: nsx-ambiq-sdk
        kind: git
        constraint: v5.2.24
        resolved:
          url: https://github.com/AmbiqAI/nsx-ambiq-sdk.git
          tag: v5.2.24
          commit: a9f4ec25a162f6f3700623feb691423bb5a51132
          vendored_at: modules/nsx-ambiq-sdk
          content_hash: sha256:4ca0d4e197abbb9a0165baebb6b7832d24b6fd23f1a47e424e9f5a01fbd459c6
          acquired_at: '2026-08-04T04:01:08+00:00'
      nsx-ble:
        project: nsx-ambiq-sdk
        kind: git
        constraint: v5.2.24
        resolved:
          url: https://github.com/AmbiqAI/nsx-ambiq-sdk.git
          tag: v5.2.24
          commit: a9f4ec25a162f6f3700623feb691423bb5a51132
          vendored_at: modules/nsx-ambiq-sdk
          content_hash: sha256:4ca0d4e197abbb9a0165baebb6b7832d24b6fd23f1a47e424e9f5a01fbd459c6
          acquired_at: '2026-08-04T04:01:08+00:00'
  apollo510b_evb:
    generated_at: '2026-09-03T23:02:04+00:00'
    nsx_tool:
      version: 0.7.17
    manifest:
      path: nsx.yml
      hash: sha256:094c70e52abf09562f3318291373e11430cce07292b8fb7c3ab7d07b6bc6fb7e
    target:
      board: apollo510b_evb
      soc: apollo510b
      toolchain: arm-none-eabi-gcc
    modules:
      nsx-ambiqsuite:
        project: nsx-ambiq-sdk
        kind: git
        constraint: v5.2.24
        resolved:
          url: https://github.com/AmbiqAI/nsx-ambiq-sdk.git
          tag: v5.2.24
          commit: a9f4ec25a162f6f3700623feb691423bb5a51132
          vendored_at: modules/nsx-ambiq-sdk
          content_hash: sha256:4ca0d4e197abbb9a0165baebb6b7832d24b6fd23f1a47e424e9f5a01fbd459c6
          acquired_at: '2026-08-04T04:01:10+00:00'
      nsx-cmsis-core:
        project: nsx-ambiq-sdk
        kind: git
        constraint: v5.2.24
        resolved:
          url: https://github.com/AmbiqAI/nsx-ambiq-sdk.git
          tag: v5.2.24
          commit: a9f4ec25a162f6f3700623feb691423bb5a51132
          vendored_at: modules/nsx-ambiq-sdk
          content_hash: sha256:4ca0d4e197abbb9a0165baebb6b7832d24b6fd23f1a47e424e9f5a01fbd459c6
          acquired_at: '2026-08-04T04:01:10+00:00'
      nsx-ambiq-hal:
        project: nsx-ambiq-sdk
        kind: git
        constraint: v5.2.24
        resolved:
          url: https://github.com/AmbiqAI/nsx-ambiq-sdk.git
          tag: v5.2.24
          commit: a9f4ec25a162f6f3700623feb691423bb5a51132
          vendored_at: modules/nsx-ambiq-sdk
          content_hash: sha256:4ca0d4e197abbb9a0165baebb6b7832d24b6fd23f1a47e424e9f5a01fbd459c6
          acquired_at: '2026-08-04T04:01:10+00:00'
      nsx-ambiq-bsp:
        project: nsx-ambiq-sdk
        kind: git
        constraint: v5.2.24
        resolved:
          url: https://github.com/AmbiqAI/nsx-ambiq-sdk.git
          tag: v5.2.24
          commit: a9f4ec25a162f6f3700623feb691423bb5a51132
          vendored_at: modules/nsx-ambiq-sdk
          content_hash: sha256:4ca0d4e197abbb9a0165baebb6b7832d24b6fd23f1a47e424e9f5a01fbd459c6
          acquired_at: '2026-08-04T04:01:10+00:00'
      nsx-soc-hal:
        project: nsx-ambiq-sdk
        kind: git
        constraint: v5.2.24
        resolved:
          url: https://github.com/AmbiqAI/nsx-ambiq-sdk.git
          tag: v5.2.24
          commit: a9f4ec25a162f6f3700623feb691423bb5a51132
          vendored_at: modules/nsx-ambiq-sdk
          content_hash: sha256:4ca0d4e197abbb9a0165baebb6b7832d24b6fd23f1a47e424e9f5a01fbd459c6
          acquired_at: '2026-08-04T04:01:10+00:00'
      nsx-cmsis-startup:
        project: nsx-ambiq-sdk
        kind: git
        constraint: v5.2.24
        resolved:
          url: https://github.com/AmbiqAI/nsx-ambiq-sdk.git
          tag: v5.2.24
          commit: a9f4ec25a162f6f3700623feb691423bb5a51132
          vendored_at: modules/nsx-ambiq-sdk
          content_hash: sha256:4ca0d4e197abbb9a0165baebb6b7832d24b6fd23f1a47e424e9f5a01fbd459c6
          acquired_at: '2026-08-04T04:01:10+00:00'
      nsx-board-apollo510b-evb:
        project: neuralspotx
        kind: packaged
        constraint: packaged
        resolved:
          tool_version: 0.7.17
          vendored_at: boards/apollo510b_evb
          content_hash: sha256:e40d4aa44d3f6dd974b37a7b99f71e19c33d06f6aa601ec6dc953987d693eccc
          acquired_at: '2026-09-03T23:02:04+00:00'
      nsx-core:
        project: nsx-ambiq-sdk
        kind: git
        constraint: v5.2.24
        resolved:
          url: https://github.com/AmbiqAI/nsx-ambiq-sdk.git
          tag: v5.2.24
          commit: a9f4ec25a162f6f3700623feb691423bb5a51132
          vendored_at: modules/nsx-ambiq-sdk
          content_hash: sha256:4ca0d4e197abbb9a0165baebb6b7832d24b6fd23f1a47e424e9f5a01fbd459c6
          acquired_at: '2026-08-04T04:01:10+00:00'
      nsx-pmu-armv8m:
        project: nsx-pmu-armv8m
        kind: git
        constraint: v0.2.0
        resolved:
          url: https://github.com/AmbiqAI/nsx-pmu-armv8m.git
          tag: v0.2.0
          commit: 5725c065a0c3603132f1064ee2684d1fa8587c88
          vendored_at: modules/nsx-pmu-armv8m
          content_hash: sha256:cbecc30022858bc177555bf2389fdf0e8c4c3f59f11c07265d2f461d53ca848b
          acquired_at: '2026-08-12T23:33:56+00:00'
      nsx-tooling:
        project: neuralspotx
        kind: packaged
        constraint: packaged
        resolved:
          tool_version: 0.7.17
          vendored_at: cmake/nsx
          content_hash: sha256:04de1c1329109e872fea5c65ce36e8ccec02fb2492eb5450a341b0c488d96528
          acquired_at: '2026-09-03T23:02:04+00:00'
      nsx-freertos:
        project: nsx-ambiq-sdk
        kind: git
        constraint: v5.2.24
        resolved:
          url: https://github.com/AmbiqAI/nsx-ambiq-sdk.git
          tag: v5.2.24
          commit: a9f4ec25a162f6f3700623feb691423bb5a51132
          vendored_at: modules/nsx-ambiq-sdk
          content_hash: sha256:4ca0d4e197abbb9a0165baebb6b7832d24b6fd23f1a47e424e9f5a01fbd459c6
          acquired_at: '2026-08-04T04:01:10+00:00'
      nsx-cordio:
        project: nsx-ambiq-sdk
        kind: git
        constraint: v5.2.24
        resolved:
          url: https://github.com/AmbiqAI/nsx-ambiq-sdk.git
          tag: v5.2.24
          commit: a9f4ec25a162f6f3700623feb691423bb5a51132
          vendored_at: modules/nsx-ambiq-sdk
          content_hash: sha256:4ca0d4e197abbb9a0165baebb6b7832d24b6fd23f1a47e424e9f5a01fbd459c6
          acquired_at: '2026-08-04T04:01:10+00:00'
      nsx-ble:
        project: nsx-ambiq-sdk
        kind: git
        constraint: v5.2.24
        resolved:
          url: https://github.com/AmbiqAI/nsx-ambiq-sdk.git
          tag: v5.2.24
          commit: a9f4ec25a162f6f3700623feb691423bb5a51132
          vendored_at: modules/nsx-ambiq-sdk
          content_hash: sha256:4ca0d4e197abbb9a0165baebb6b7832d24b6fd23f1a47e424e9f5a01fbd459c6
          acquired_at: '2026-08-04T04:01:10+00:00'
