# nsx.lock — generated by `nsx lock`. Do not edit by hand.
# Commit this file to record the resolved module set for this app.
schema_version: 4
targets:
  apollo4p_blue_kxr_evb:
    generated_at: '2026-07-01T23:41:50+00:00'
    nsx_tool:
      version: 0.7.0
    manifest:
      path: nsx.yml
      hash: sha256:7cdeecd0c70a2d20f2cede9ac3a78b3bcceb2b85ea8386e4c844f05a6882e5ff
    target:
      board: apollo4p_blue_kxr_evb
      soc: apollo4p
      toolchain: arm-none-eabi-gcc
    modules:
      nsx-ambiqsuite:
        project: nsx-ambiq-sdk
        kind: git
        constraint: main
        resolved:
          url: https://github.com/AmbiqAI/nsx-ambiq-sdk.git
          commit: 037a8be7465e69d5bcc5a62271e0692b8c95b423
          vendored_at: modules/nsx-ambiq-sdk
          content_hash: sha256:31e76409f8970d55ab1318a257fa7710ff92686affab6f5a16e59de35e9ca308
          acquired_at: '2026-07-01T21:05:14+00:00'
      nsx-cmsis-core:
        project: nsx-ambiq-sdk
        kind: git
        constraint: main
        resolved:
          url: https://github.com/AmbiqAI/nsx-ambiq-sdk.git
          commit: 037a8be7465e69d5bcc5a62271e0692b8c95b423
          vendored_at: modules/nsx-ambiq-sdk
          content_hash: sha256:31e76409f8970d55ab1318a257fa7710ff92686affab6f5a16e59de35e9ca308
          acquired_at: '2026-07-01T21:05:14+00:00'
      nsx-ambiq-hal:
        project: nsx-ambiq-sdk
        kind: git
        constraint: main
        resolved:
          url: https://github.com/AmbiqAI/nsx-ambiq-sdk.git
          commit: 037a8be7465e69d5bcc5a62271e0692b8c95b423
          vendored_at: modules/nsx-ambiq-sdk
          content_hash: sha256:31e76409f8970d55ab1318a257fa7710ff92686affab6f5a16e59de35e9ca308
          acquired_at: '2026-07-01T21:05:14+00:00'
      nsx-ambiq-bsp:
        project: nsx-ambiq-sdk
        kind: git
        constraint: main
        resolved:
          url: https://github.com/AmbiqAI/nsx-ambiq-sdk.git
          commit: 037a8be7465e69d5bcc5a62271e0692b8c95b423
          vendored_at: modules/nsx-ambiq-sdk
          content_hash: sha256:31e76409f8970d55ab1318a257fa7710ff92686affab6f5a16e59de35e9ca308
          acquired_at: '2026-07-01T21:05:14+00:00'
      nsx-soc-hal:
        project: nsx-ambiq-sdk
        kind: git
        constraint: main
        resolved:
          url: https://github.com/AmbiqAI/nsx-ambiq-sdk.git
          commit: 037a8be7465e69d5bcc5a62271e0692b8c95b423
          vendored_at: modules/nsx-ambiq-sdk
          content_hash: sha256:31e76409f8970d55ab1318a257fa7710ff92686affab6f5a16e59de35e9ca308
          acquired_at: '2026-07-01T21:05:14+00:00'
      nsx-cmsis-startup:
        project: nsx-ambiq-sdk
        kind: git
        constraint: main
        resolved:
          url: https://github.com/AmbiqAI/nsx-ambiq-sdk.git
          commit: 037a8be7465e69d5bcc5a62271e0692b8c95b423
          vendored_at: modules/nsx-ambiq-sdk
          content_hash: sha256:31e76409f8970d55ab1318a257fa7710ff92686affab6f5a16e59de35e9ca308
          acquired_at: '2026-07-01T21:05:14+00:00'
      nsx-board-apollo4p-blue-kxr-evb:
        project: neuralspotx
        kind: packaged
        constraint: packaged
        resolved:
          tool_version: 0.7.0
          vendored_at: boards/apollo4p_blue_kxr_evb
          content_hash: sha256:e31bdf61af774ab72d976652595cc1fc3137d2d097f39bb0bdaa0feb7d7ac276
          acquired_at: '2026-07-01T23:41:01+00:00'
      nsx-core:
        project: nsx-ambiq-sdk
        kind: git
        constraint: main
        resolved:
          url: https://github.com/AmbiqAI/nsx-ambiq-sdk.git
          commit: 037a8be7465e69d5bcc5a62271e0692b8c95b423
          vendored_at: modules/nsx-ambiq-sdk
          content_hash: sha256:31e76409f8970d55ab1318a257fa7710ff92686affab6f5a16e59de35e9ca308
          acquired_at: '2026-07-01T21:05:14+00:00'
      nsx-tooling:
        project: neuralspotx
        kind: packaged
        constraint: packaged
        resolved:
          tool_version: 0.7.0
          vendored_at: cmake/nsx
          content_hash: sha256:33ee3e77978b2abca3313148e815fdae3ef2321ef3a947596587b9ab9630d3c2
          acquired_at: '2026-07-01T23:41:01+00:00'
      nsx-freertos:
        project: nsx-freertos
        kind: local
        constraint: local
        resolved:
          vendored_at: modules/nsx-freertos
          content_hash: sha256:83047f5dfb47a5daf7b91a31a904acf52a4a9d4954c704897f433a8e87e46537
          acquired_at: '2026-07-01T21:05:14+00:00'
      nsx-cordio:
        project: nsx-cordio
        kind: local
        constraint: local
        resolved:
          vendored_at: modules/nsx-cordio
          content_hash: sha256:c06e9e250ceb7d93b661db3fb5efce5b551042ed891a7aba3bfd5363c94f05eb
          acquired_at: '2026-07-01T23:41:50+00:00'
      nsx-ble:
        project: nsx-ble
        kind: local
        constraint: local
        resolved:
          vendored_at: modules/nsx-ble
          content_hash: sha256:3279ca2b402533cd1effd1b0572d85b68f0a981cf893c13d3a83e9ef529472f7
          acquired_at: '2026-07-01T23:41:50+00:00'
