# nsx.lock — generated by `nsx lock`. Do not edit by hand.
# Commit this file to record the resolved module set for this app.
schema_version: 3
generated_at: '2026-06-22T21:09:02+00:00'
nsx_tool:
  version: 0.6.9
manifest:
  path: nsx.yml
  hash: sha256:edbadf47cded3f15d53e73883bcf0e4f05624fe4453c6ec8380667132b97f26b
target:
  board: apollo510_evb
  soc: apollo510
  toolchain: arm-none-eabi-gcc
modules:
  nsx-ambiqsuite:
    project: nsx-ambiq-sdk
    kind: git
    constraint: main
    resolved:
      url: https://github.com/AmbiqAI/nsx-ambiq-sdk.git
      commit: 1a919aee0f24adb17fa6345fc15a874d1e3a4c29
      vendored_at: modules/nsx-ambiq-sdk
      content_hash: sha256:c3021df9cf0badafc80711f73ac2d9e0eb8eae98be6a0dc9b382c25de07fb9cc
      acquired_at: '2026-06-22T21:09:02+00:00'
  nsx-cmsis-core:
    project: nsx-ambiq-sdk
    kind: git
    constraint: main
    resolved:
      url: https://github.com/AmbiqAI/nsx-ambiq-sdk.git
      commit: 1a919aee0f24adb17fa6345fc15a874d1e3a4c29
      vendored_at: modules/nsx-ambiq-sdk
      content_hash: sha256:c3021df9cf0badafc80711f73ac2d9e0eb8eae98be6a0dc9b382c25de07fb9cc
      acquired_at: '2026-06-22T21:09:02+00:00'
  nsx-ambiq-hal:
    project: nsx-ambiq-sdk
    kind: git
    constraint: main
    resolved:
      url: https://github.com/AmbiqAI/nsx-ambiq-sdk.git
      commit: 1a919aee0f24adb17fa6345fc15a874d1e3a4c29
      vendored_at: modules/nsx-ambiq-sdk
      content_hash: sha256:c3021df9cf0badafc80711f73ac2d9e0eb8eae98be6a0dc9b382c25de07fb9cc
      acquired_at: '2026-06-22T21:09:02+00:00'
  nsx-ambiq-bsp:
    project: nsx-ambiq-sdk
    kind: git
    constraint: main
    resolved:
      url: https://github.com/AmbiqAI/nsx-ambiq-sdk.git
      commit: 1a919aee0f24adb17fa6345fc15a874d1e3a4c29
      vendored_at: modules/nsx-ambiq-sdk
      content_hash: sha256:c3021df9cf0badafc80711f73ac2d9e0eb8eae98be6a0dc9b382c25de07fb9cc
      acquired_at: '2026-06-22T21:09:02+00:00'
  nsx-soc-hal:
    project: nsx-ambiq-sdk
    kind: git
    constraint: main
    resolved:
      url: https://github.com/AmbiqAI/nsx-ambiq-sdk.git
      commit: 1a919aee0f24adb17fa6345fc15a874d1e3a4c29
      vendored_at: modules/nsx-ambiq-sdk
      content_hash: sha256:c3021df9cf0badafc80711f73ac2d9e0eb8eae98be6a0dc9b382c25de07fb9cc
      acquired_at: '2026-06-22T21:09:02+00:00'
  nsx-cmsis-startup:
    project: nsx-ambiq-sdk
    kind: git
    constraint: main
    resolved:
      url: https://github.com/AmbiqAI/nsx-ambiq-sdk.git
      commit: 1a919aee0f24adb17fa6345fc15a874d1e3a4c29
      vendored_at: modules/nsx-ambiq-sdk
      content_hash: sha256:c3021df9cf0badafc80711f73ac2d9e0eb8eae98be6a0dc9b382c25de07fb9cc
      acquired_at: '2026-06-22T21:09:02+00:00'
  nsx-board-apollo510-evb:
    project: neuralspotx
    kind: packaged
    constraint: packaged
    resolved:
      tool_version: 0.6.9
      vendored_at: boards/apollo510_evb
      content_hash: sha256:7673bf49c57fbf0fa8d9497df79b247e47d5ae8d3872306901d727c984379d10
      acquired_at: '2026-06-22T21:09:02+00:00'
  nsx-core:
    project: nsx-ambiq-sdk
    kind: git
    constraint: main
    resolved:
      url: https://github.com/AmbiqAI/nsx-ambiq-sdk.git
      commit: 1a919aee0f24adb17fa6345fc15a874d1e3a4c29
      vendored_at: modules/nsx-ambiq-sdk
      content_hash: sha256:c3021df9cf0badafc80711f73ac2d9e0eb8eae98be6a0dc9b382c25de07fb9cc
      acquired_at: '2026-06-22T21:09:02+00:00'
  nsx-pmu-armv8m:
    project: nsx-pmu-armv8m
    kind: git
    constraint: 60384f86d7b5fa6b97148e822f608b8a4d0d9a07
    resolved:
      url: https://github.com/AmbiqAI/nsx-pmu-armv8m.git
      commit: 60384f86d7b5fa6b97148e822f608b8a4d0d9a07
      vendored_at: modules/nsx-pmu-armv8m
      content_hash: sha256:bfb1b8c121e744e7948f2082f2ac3ee8c6d9319092b563a2844b60de41c7c787
      acquired_at: '2026-06-22T21:09:02+00:00'
  nsx-tooling:
    project: neuralspotx
    kind: packaged
    constraint: packaged
    resolved:
      tool_version: 0.6.9
      vendored_at: cmake/nsx
      content_hash: sha256:e8f55163fb32dd073f0f407887c7bce23b76c0f6717a5530fc5561c1d814462b
      acquired_at: '2026-06-22T21:09:02+00:00'
  nsx-audio:
    project: nsx-ambiq-sdk
    kind: git
    constraint: main
    resolved:
      url: https://github.com/AmbiqAI/nsx-ambiq-sdk.git
      commit: 1a919aee0f24adb17fa6345fc15a874d1e3a4c29
      vendored_at: modules/nsx-ambiq-sdk
      content_hash: sha256:c3021df9cf0badafc80711f73ac2d9e0eb8eae98be6a0dc9b382c25de07fb9cc
      acquired_at: '2026-06-22T21:09:02+00:00'
