schema_version: 1

channels:
  stable:
    default: true
  preview: {}

projects:
  neuralspotx:
    name: neuralspotx
    url: https://github.com/AmbiqAI/neuralspotx.git
    revision: main
    path: neuralspotx
  nsx-ambiqsuite-r3:
    name: nsx-ambiqsuite-r3
    url: https://github.com/AmbiqAI/nsx-ambiqsuite-r3.git
    revision: r3.1.1
    path: modules/nsx-ambiqsuite-r3
  nsx-ambiqsuite-r4:
    name: nsx-ambiqsuite-r4
    url: https://github.com/AmbiqAI/nsx-ambiqsuite-r4.git
    revision: r4.5.0
    path: modules/nsx-ambiqsuite-r4
  nsx-ambiqsuite-r5:
    name: nsx-ambiqsuite-r5
    url: https://github.com/AmbiqAI/nsx-ambiqsuite-r5.git
    revision: main
    path: modules/nsx-ambiqsuite-r5
  nsx-ambiq-hal-r3:
    name: nsx-ambiq-hal-r3
    url: https://github.com/AmbiqAI/nsx-ambiq-hal-r3.git
    revision: main
    path: modules/nsx-ambiq-hal-r3
  nsx-ambiq-hal-r4:
    name: nsx-ambiq-hal-r4
    url: https://github.com/AmbiqAI/nsx-ambiq-hal-r4.git
    revision: main
    path: modules/nsx-ambiq-hal-r4
  nsx-ambiq-hal-r5:
    name: nsx-ambiq-hal-r5
    url: https://github.com/AmbiqAI/nsx-ambiq-hal-r5.git
    revision: main
    path: modules/nsx-ambiq-hal-r5
  nsx-ambiq-bsp-r3:
    name: nsx-ambiq-bsp-r3
    url: https://github.com/AmbiqAI/nsx-ambiq-bsp-r3.git
    revision: main
    path: modules/nsx-ambiq-bsp-r3
  nsx-ambiq-bsp-r4:
    name: nsx-ambiq-bsp-r4
    url: https://github.com/AmbiqAI/nsx-ambiq-bsp-r4.git
    revision: main
    path: modules/nsx-ambiq-bsp-r4
  nsx-ambiq-bsp-r5:
    name: nsx-ambiq-bsp-r5
    url: https://github.com/AmbiqAI/nsx-ambiq-bsp-r5.git
    revision: main
    path: modules/nsx-ambiq-bsp-r5
  nsx-soc-hal:
    name: nsx-soc-hal
    url: https://github.com/AmbiqAI/nsx-soc-hal.git
    revision: main
    path: modules/nsx-soc-hal
  nsx-cmsis-startup:
    name: nsx-cmsis-startup
    url: https://github.com/AmbiqAI/nsx-cmsis-startup.git
    revision: main
    path: modules/nsx-cmsis-startup
  nsx-core:
    name: nsx-core
    url: https://github.com/AmbiqAI/nsx-core.git
    revision: main
    path: modules/nsx-core
  nsx-harness:
    name: nsx-harness
    url: https://github.com/AmbiqAI/nsx-harness.git
    revision: main
    path: modules/nsx-harness
  nsx-utils:
    name: nsx-utils
    url: https://github.com/AmbiqAI/nsx-utils.git
    revision: main
    path: modules/nsx-utils
  nsx-perf:
    name: nsx-perf
    url: https://github.com/AmbiqAI/nsx-perf.git
    revision: main
    path: modules/nsx-perf
  nsx-pmu-armv8m:
    name: nsx-pmu-armv8m
    url: https://github.com/AmbiqAI/nsx-pmu-armv8m.git
    revision: main
    path: modules/nsx-pmu-armv8m
  nsx-peripherals:
    name: nsx-peripherals
    url: https://github.com/AmbiqAI/nsx-peripherals.git
    revision: main
    path: modules/nsx-peripherals
  nsx-power:
    name: nsx-power
    url: https://github.com/AmbiqAI/nsx-power.git
    revision: main
    path: modules/nsx-power
  nsx-portable-api:
    name: nsx-portable-api
    url: https://github.com/AmbiqAI/nsx-portable-api.git
    revision: main
    path: modules/nsx-portable-api
  nsx-uart:
    name: nsx-uart
    url: https://github.com/AmbiqAI/nsx-uart.git
    revision: main
    path: modules/nsx-uart
  nsx-i2c:
    name: nsx-i2c
    url: https://github.com/AmbiqAI/nsx-i2c.git
    revision: main
    path: modules/nsx-i2c
  nsx-spi:
    name: nsx-spi
    url: https://github.com/AmbiqAI/nsx-spi.git
    revision: main
    path: modules/nsx-spi
  nsx-audio:
    name: nsx-audio
    url: https://github.com/AmbiqAI/nsx-audio.git
    revision: main
    path: modules/nsx-audio
  nsx-usb:
    name: nsx-usb
    url: https://github.com/AmbiqAI/nsx-usb.git
    revision: main
    path: modules/nsx-usb
  nsx-nanopb:
    name: nsx-nanopb
    url: https://github.com/AmbiqAI/nsx-nanopb.git
    revision: main
    path: modules/nsx-nanopb

modules:
  nsx-ambiqsuite-r3:
    project: nsx-ambiqsuite-r3
    revision: r3.1.1
    metadata: modules/nsx-ambiqsuite-r3/nsx-module.yaml
  nsx-ambiqsuite-r4:
    project: nsx-ambiqsuite-r4
    revision: r4.5.0
    metadata: modules/nsx-ambiqsuite-r4/nsx-module.yaml
  nsx-ambiqsuite-r5:
    project: nsx-ambiqsuite-r5
    revision: main
    metadata: modules/nsx-ambiqsuite-r5/nsx-module.yaml
  nsx-ambiq-hal-r3:
    project: nsx-ambiq-hal-r3
    revision: main
    metadata: modules/nsx-ambiq-hal-r3/nsx-module.yaml
  nsx-ambiq-hal-r4:
    project: nsx-ambiq-hal-r4
    revision: main
    metadata: modules/nsx-ambiq-hal-r4/nsx-module.yaml
  nsx-ambiq-hal-r5:
    project: nsx-ambiq-hal-r5
    revision: main
    metadata: modules/nsx-ambiq-hal-r5/nsx-module.yaml
  nsx-ambiq-bsp-r3:
    project: nsx-ambiq-bsp-r3
    revision: main
    metadata: modules/nsx-ambiq-bsp-r3/nsx-module.yaml
  nsx-ambiq-bsp-r4:
    project: nsx-ambiq-bsp-r4
    revision: main
    metadata: modules/nsx-ambiq-bsp-r4/nsx-module.yaml
  nsx-ambiq-bsp-r5:
    project: nsx-ambiq-bsp-r5
    revision: main
    metadata: modules/nsx-ambiq-bsp-r5/nsx-module.yaml
  nsx-soc-hal:
    project: nsx-soc-hal
    revision: main
    metadata: modules/nsx-soc-hal/nsx-module.yaml
  nsx-cmsis-startup:
    project: nsx-cmsis-startup
    revision: main
    metadata: modules/nsx-cmsis-startup/nsx-module.yaml
  nsx-board-apollo3p-evb:
    project: neuralspotx
    revision: main
    metadata: src/neuralspotx/boards/apollo3p_evb/nsx-module.yaml
  nsx-board-apollo3-evb:
    project: neuralspotx
    revision: main
    metadata: src/neuralspotx/boards/apollo3_evb/nsx-module.yaml
  nsx-board-apollo3-evb-cygnus:
    project: neuralspotx
    revision: main
    metadata: src/neuralspotx/boards/apollo3_evb_cygnus/nsx-module.yaml
  nsx-board-apollo3p-evb-cygnus:
    project: neuralspotx
    revision: main
    metadata: src/neuralspotx/boards/apollo3p_evb_cygnus/nsx-module.yaml
  nsx-board-apollo510-evb:
    project: neuralspotx
    revision: main
    metadata: src/neuralspotx/boards/apollo510_evb/nsx-module.yaml
  nsx-board-apollo5b-evb:
    project: neuralspotx
    revision: main
    metadata: src/neuralspotx/boards/apollo5b_evb/nsx-module.yaml
  nsx-board-apollo510b-evb:
    project: neuralspotx
    revision: main
    metadata: src/neuralspotx/boards/apollo510b_evb/nsx-module.yaml
  nsx-board-apollo330mp-evb:
    project: neuralspotx
    revision: main
    metadata: src/neuralspotx/boards/apollo330mP_evb/nsx-module.yaml
  nsx-board-apollo4l-evb:
    project: neuralspotx
    revision: main
    metadata: src/neuralspotx/boards/apollo4l_evb/nsx-module.yaml
  nsx-board-apollo4l-blue-evb:
    project: neuralspotx
    revision: main
    metadata: src/neuralspotx/boards/apollo4l_blue_evb/nsx-module.yaml
  nsx-board-apollo4b-blue-evb:
    project: neuralspotx
    revision: main
    metadata: src/neuralspotx/boards/apollo4b_blue_evb/nsx-module.yaml
  nsx-board-apollo4p-evb:
    project: neuralspotx
    revision: main
    metadata: src/neuralspotx/boards/apollo4p_evb/nsx-module.yaml
  nsx-board-apollo4p-blue-kbr-evb:
    project: neuralspotx
    revision: main
    metadata: src/neuralspotx/boards/apollo4p_blue_kbr_evb/nsx-module.yaml
  nsx-board-apollo4p-blue-kxr-evb:
    project: neuralspotx
    revision: main
    metadata: src/neuralspotx/boards/apollo4p_blue_kxr_evb/nsx-module.yaml
  nsx-core:
    project: nsx-core
    revision: main
    metadata: modules/nsx-core/nsx-module.yaml
  nsx-harness:
    project: nsx-harness
    revision: main
    metadata: modules/nsx-harness/nsx-module.yaml
  nsx-utils:
    project: nsx-utils
    revision: main
    metadata: modules/nsx-utils/nsx-module.yaml
  nsx-perf:
    project: nsx-perf
    revision: main
    metadata: modules/nsx-perf/nsx-module.yaml
  nsx-pmu-armv8m:
    project: nsx-pmu-armv8m
    revision: main
    metadata: modules/nsx-pmu-armv8m/nsx-module.yaml
  nsx-peripherals:
    project: nsx-peripherals
    revision: main
    metadata: modules/nsx-peripherals/nsx-module.yaml
  nsx-power:
    project: nsx-power
    revision: main
    metadata: modules/nsx-power/nsx-module.yaml
  nsx-portable-api:
    project: nsx-portable-api
    revision: main
    metadata: modules/nsx-portable-api/nsx-module.yaml
  nsx-uart:
    project: nsx-uart
    revision: main
    metadata: modules/nsx-uart/nsx-module.yaml
  nsx-i2c:
    project: nsx-i2c
    revision: main
    metadata: modules/nsx-i2c/nsx-module.yaml
  nsx-spi:
    project: nsx-spi
    revision: main
    metadata: modules/nsx-spi/nsx-module.yaml
  nsx-audio:
    project: nsx-audio
    revision: main
    metadata: modules/nsx-audio/nsx-module.yaml
  nsx-usb:
    project: nsx-usb
    revision: main
    metadata: modules/nsx-usb/nsx-module.yaml
  nsx-nanopb:
    project: nsx-nanopb
    revision: main
    metadata: modules/nsx-nanopb/nsx-module.yaml
  nsx-tooling:
    project: neuralspotx
    revision: main
    metadata: src/neuralspotx/cmake/nsx-module.yaml

starter_profiles:
  apollo3_evb_minimal:
    board: apollo3_evb
    soc: apollo3
    toolchain: arm-none-eabi-gcc
    channel: stable
    project_overrides:
      nsx-ambiqsuite-r3:
        revision: r3.1.1
    module_overrides:
      nsx-ambiqsuite-r3:
        project: nsx-ambiqsuite-r3
        revision: r3.1.1
        metadata: modules/nsx-ambiqsuite-r3/nsx-module.yaml
    modules:
      - nsx-ambiqsuite-r3
      - nsx-ambiq-hal-r3
      - nsx-ambiq-bsp-r3
      - nsx-soc-hal
      - nsx-cmsis-startup
      - nsx-board-apollo3-evb
      - nsx-core
      - nsx-harness
      - nsx-utils
      - nsx-tooling
    features: {}
  apollo3_evb_cygnus_minimal:
    board: apollo3_evb_cygnus
    soc: apollo3
    toolchain: arm-none-eabi-gcc
    channel: stable
    project_overrides:
      nsx-ambiqsuite-r3:
        revision: r3.1.1
    module_overrides:
      nsx-ambiqsuite-r3:
        project: nsx-ambiqsuite-r3
        revision: r3.1.1
        metadata: modules/nsx-ambiqsuite-r3/nsx-module.yaml
    modules:
      - nsx-ambiqsuite-r3
      - nsx-ambiq-hal-r3
      - nsx-ambiq-bsp-r3
      - nsx-soc-hal
      - nsx-cmsis-startup
      - nsx-board-apollo3-evb-cygnus
      - nsx-core
      - nsx-harness
      - nsx-utils
      - nsx-tooling
    features: {}
  apollo3p_evb_minimal:
    board: apollo3p_evb
    soc: apollo3p
    toolchain: arm-none-eabi-gcc
    channel: stable
    project_overrides:
      nsx-ambiqsuite-r3:
        revision: r3.1.1
    module_overrides:
      nsx-ambiqsuite-r3:
        project: nsx-ambiqsuite-r3
        revision: r3.1.1
        metadata: modules/nsx-ambiqsuite-r3/nsx-module.yaml
    modules:
      - nsx-ambiqsuite-r3
      - nsx-ambiq-hal-r3
      - nsx-ambiq-bsp-r3
      - nsx-soc-hal
      - nsx-cmsis-startup
      - nsx-board-apollo3p-evb
      - nsx-core
      - nsx-harness
      - nsx-utils
      - nsx-tooling
    features: {}
  apollo3p_evb_cygnus_minimal:
    board: apollo3p_evb_cygnus
    soc: apollo3p
    toolchain: arm-none-eabi-gcc
    channel: stable
    project_overrides:
      nsx-ambiqsuite-r3:
        revision: r3.1.1
    module_overrides:
      nsx-ambiqsuite-r3:
        project: nsx-ambiqsuite-r3
        revision: r3.1.1
        metadata: modules/nsx-ambiqsuite-r3/nsx-module.yaml
    modules:
      - nsx-ambiqsuite-r3
      - nsx-ambiq-hal-r3
      - nsx-ambiq-bsp-r3
      - nsx-soc-hal
      - nsx-cmsis-startup
      - nsx-board-apollo3p-evb-cygnus
      - nsx-core
      - nsx-harness
      - nsx-utils
      - nsx-tooling
    features: {}
  apollo510_evb_minimal:
    board: apollo510_evb
    soc: apollo510
    toolchain: arm-none-eabi-gcc
    channel: stable
    project_overrides:
      nsx-ambiqsuite-r5:
        revision: r5.3
    module_overrides:
      nsx-ambiqsuite-r5:
        project: nsx-ambiqsuite-r5
        revision: r5.3
        metadata: modules/nsx-ambiqsuite-r5/nsx-module.yaml
    modules:
      - nsx-ambiqsuite-r5
      - nsx-ambiq-hal-r5
      - nsx-ambiq-bsp-r5
      - nsx-soc-hal
      - nsx-cmsis-startup
      - nsx-board-apollo510-evb
      - nsx-core
      - nsx-harness
      - nsx-utils
      - nsx-tooling
    features: {}
  apollo5b_evb_minimal:
    board: apollo5b_evb
    soc: apollo5b
    toolchain: arm-none-eabi-gcc
    channel: preview
    project_overrides:
      nsx-ambiqsuite-r5:
        revision: r5.2
    module_overrides:
      nsx-ambiqsuite-r5:
        project: nsx-ambiqsuite-r5
        revision: r5.2
        metadata: modules/nsx-ambiqsuite-r5/nsx-module.yaml
    modules:
      - nsx-ambiqsuite-r5
      - nsx-ambiq-hal-r5
      - nsx-ambiq-bsp-r5
      - nsx-soc-hal
      - nsx-cmsis-startup
      - nsx-board-apollo5b-evb
      - nsx-core
      - nsx-harness
      - nsx-utils
      - nsx-tooling
    features: {}
  apollo510b_evb_minimal:
    board: apollo510b_evb
    soc: apollo510b
    toolchain: arm-none-eabi-gcc
    channel: preview
    project_overrides:
      nsx-ambiqsuite-r5:
        revision: r5.1
    module_overrides:
      nsx-ambiqsuite-r5:
        project: nsx-ambiqsuite-r5
        revision: r5.1
        metadata: modules/nsx-ambiqsuite-r5/nsx-module.yaml
    modules:
      - nsx-ambiqsuite-r5
      - nsx-ambiq-hal-r5
      - nsx-ambiq-bsp-r5
      - nsx-soc-hal
      - nsx-cmsis-startup
      - nsx-board-apollo510b-evb
      - nsx-core
      - nsx-harness
      - nsx-utils
      - nsx-tooling
    features: {}
  apollo330mP_evb_minimal:
    board: apollo330mP_evb
    soc: apollo330P
    toolchain: arm-none-eabi-gcc
    channel: preview
    project_overrides:
      nsx-ambiqsuite-r5:
        revision: r5.2-alpha
    module_overrides:
      nsx-ambiqsuite-r5:
        project: nsx-ambiqsuite-r5
        revision: r5.2-alpha
        metadata: modules/nsx-ambiqsuite-r5/nsx-module.yaml
    modules:
      - nsx-ambiqsuite-r5
      - nsx-ambiq-hal-r5
      - nsx-ambiq-bsp-r5
      - nsx-soc-hal
      - nsx-cmsis-startup
      - nsx-board-apollo330mp-evb
      - nsx-core
      - nsx-harness
      - nsx-utils
      - nsx-tooling
    features: {}
  apollo4l_evb_minimal:
    board: apollo4l_evb
    soc: apollo4l
    toolchain: arm-none-eabi-gcc
    channel: preview
    project_overrides:
      nsx-ambiqsuite-r4:
        revision: r4.5.0
    module_overrides:
      nsx-ambiqsuite-r4:
        project: nsx-ambiqsuite-r4
        revision: r4.5.0
        metadata: modules/nsx-ambiqsuite-r4/nsx-module.yaml
    modules:
      - nsx-ambiqsuite-r4
      - nsx-ambiq-hal-r4
      - nsx-ambiq-bsp-r4
      - nsx-soc-hal
      - nsx-cmsis-startup
      - nsx-board-apollo4l-evb
      - nsx-core
      - nsx-harness
      - nsx-utils
      - nsx-tooling
    features: {}
  apollo4l_blue_evb_minimal:
    board: apollo4l_blue_evb
    soc: apollo4l
    toolchain: arm-none-eabi-gcc
    channel: preview
    project_overrides:
      nsx-ambiqsuite-r4:
        revision: r4.5.0
    module_overrides:
      nsx-ambiqsuite-r4:
        project: nsx-ambiqsuite-r4
        revision: r4.5.0
        metadata: modules/nsx-ambiqsuite-r4/nsx-module.yaml
    modules:
      - nsx-ambiqsuite-r4
      - nsx-ambiq-hal-r4
      - nsx-ambiq-bsp-r4
      - nsx-soc-hal
      - nsx-cmsis-startup
      - nsx-board-apollo4l-blue-evb
      - nsx-core
      - nsx-harness
      - nsx-utils
      - nsx-tooling
    features: {}
  apollo4b_blue_evb_minimal:
    board: apollo4b_blue_evb
    soc: apollo4p
    toolchain: arm-none-eabi-gcc
    channel: preview
    project_overrides:
      nsx-ambiqsuite-r4:
        revision: r4.5.0
    module_overrides:
      nsx-ambiqsuite-r4:
        project: nsx-ambiqsuite-r4
        revision: r4.5.0
        metadata: modules/nsx-ambiqsuite-r4/nsx-module.yaml
    modules:
      - nsx-ambiqsuite-r4
      - nsx-ambiq-hal-r4
      - nsx-ambiq-bsp-r4
      - nsx-soc-hal
      - nsx-cmsis-startup
      - nsx-board-apollo4b-blue-evb
      - nsx-core
      - nsx-harness
      - nsx-utils
      - nsx-tooling
    features: {}
  apollo4p_evb_minimal:
    board: apollo4p_evb
    soc: apollo4p
    toolchain: arm-none-eabi-gcc
    channel: preview
    project_overrides:
      nsx-ambiqsuite-r4:
        revision: r4.5.0
    module_overrides:
      nsx-ambiqsuite-r4:
        project: nsx-ambiqsuite-r4
        revision: r4.5.0
        metadata: modules/nsx-ambiqsuite-r4/nsx-module.yaml
    modules:
      - nsx-ambiqsuite-r4
      - nsx-ambiq-hal-r4
      - nsx-ambiq-bsp-r4
      - nsx-soc-hal
      - nsx-cmsis-startup
      - nsx-board-apollo4p-evb
      - nsx-core
      - nsx-harness
      - nsx-utils
      - nsx-tooling
    features: {}
  apollo4p_blue_kbr_evb_minimal:
    board: apollo4p_blue_kbr_evb
    soc: apollo4p
    toolchain: arm-none-eabi-gcc
    channel: preview
    project_overrides:
      nsx-ambiqsuite-r4:
        revision: r4.5.0
    module_overrides:
      nsx-ambiqsuite-r4:
        project: nsx-ambiqsuite-r4
        revision: r4.5.0
        metadata: modules/nsx-ambiqsuite-r4/nsx-module.yaml
    modules:
      - nsx-ambiqsuite-r4
      - nsx-ambiq-hal-r4
      - nsx-ambiq-bsp-r4
      - nsx-soc-hal
      - nsx-cmsis-startup
      - nsx-board-apollo4p-blue-kbr-evb
      - nsx-core
      - nsx-harness
      - nsx-utils
      - nsx-tooling
    features: {}
  apollo4p_blue_kxr_evb_minimal:
    board: apollo4p_blue_kxr_evb
    soc: apollo4p
    toolchain: arm-none-eabi-gcc
    channel: preview
    project_overrides:
      nsx-ambiqsuite-r4:
        revision: r4.5.0
    module_overrides:
      nsx-ambiqsuite-r4:
        project: nsx-ambiqsuite-r4
        revision: r4.5.0
        metadata: modules/nsx-ambiqsuite-r4/nsx-module.yaml
    modules:
      - nsx-ambiqsuite-r4
      - nsx-ambiq-hal-r4
      - nsx-ambiq-bsp-r4
      - nsx-soc-hal
      - nsx-cmsis-startup
      - nsx-board-apollo4p-blue-kxr-evb
      - nsx-core
      - nsx-harness
      - nsx-utils
      - nsx-tooling
    features: {}

compat_matrix:
  apollo3_evb:
    socs:
      - apollo3
    toolchains:
      - arm-none-eabi-gcc
    modules:
      required:
        - nsx-ambiqsuite-r3
        - nsx-ambiq-hal-r3
        - nsx-ambiq-bsp-r3
        - nsx-soc-hal
        - nsx-cmsis-startup
        - nsx-board-apollo3-evb
        - nsx-core
        - nsx-harness
        - nsx-utils
        - nsx-tooling
  apollo3_evb_cygnus:
    socs:
      - apollo3
    toolchains:
      - arm-none-eabi-gcc
    modules:
      required:
        - nsx-ambiqsuite-r3
        - nsx-ambiq-hal-r3
        - nsx-ambiq-bsp-r3
        - nsx-soc-hal
        - nsx-cmsis-startup
        - nsx-board-apollo3-evb-cygnus
        - nsx-core
        - nsx-harness
        - nsx-utils
        - nsx-tooling
  apollo3p_evb:
    socs:
      - apollo3p
    toolchains:
      - arm-none-eabi-gcc
    modules:
      required:
        - nsx-ambiqsuite-r3
        - nsx-ambiq-hal-r3
        - nsx-ambiq-bsp-r3
        - nsx-soc-hal
        - nsx-cmsis-startup
        - nsx-board-apollo3p-evb
        - nsx-core
        - nsx-harness
        - nsx-utils
        - nsx-tooling
  apollo3p_evb_cygnus:
    socs:
      - apollo3p
    toolchains:
      - arm-none-eabi-gcc
    modules:
      required:
        - nsx-ambiqsuite-r3
        - nsx-ambiq-hal-r3
        - nsx-ambiq-bsp-r3
        - nsx-soc-hal
        - nsx-cmsis-startup
        - nsx-board-apollo3p-evb-cygnus
        - nsx-core
        - nsx-harness
        - nsx-utils
        - nsx-tooling
  apollo510_evb:
    socs:
      - apollo510
    toolchains:
      - arm-none-eabi-gcc
    modules:
      required:
        - nsx-ambiqsuite-r5
        - nsx-ambiq-hal-r5
        - nsx-ambiq-bsp-r5
        - nsx-soc-hal
        - nsx-cmsis-startup
        - nsx-board-apollo510-evb
        - nsx-core
        - nsx-harness
        - nsx-utils
        - nsx-tooling
  apollo5b_evb:
    socs:
      - apollo5b
    toolchains:
      - arm-none-eabi-gcc
    modules:
      required:
        - nsx-ambiqsuite-r5
        - nsx-ambiq-hal-r5
        - nsx-ambiq-bsp-r5
        - nsx-soc-hal
        - nsx-cmsis-startup
        - nsx-board-apollo5b-evb
        - nsx-core
        - nsx-harness
        - nsx-utils
        - nsx-tooling
  apollo510b_evb:
    socs:
      - apollo510b
    toolchains:
      - arm-none-eabi-gcc
    modules:
      required:
        - nsx-ambiqsuite-r5
        - nsx-ambiq-hal-r5
        - nsx-ambiq-bsp-r5
        - nsx-soc-hal
        - nsx-cmsis-startup
        - nsx-board-apollo510b-evb
        - nsx-core
        - nsx-harness
        - nsx-utils
        - nsx-tooling
  apollo330mP_evb:
    socs:
      - apollo330P
    toolchains:
      - arm-none-eabi-gcc
    modules:
      required:
        - nsx-ambiqsuite-r5
        - nsx-ambiq-hal-r5
        - nsx-ambiq-bsp-r5
        - nsx-soc-hal
        - nsx-cmsis-startup
        - nsx-board-apollo330mp-evb
        - nsx-core
        - nsx-harness
        - nsx-utils
        - nsx-tooling
  apollo4l_evb:
    socs:
      - apollo4l
    toolchains:
      - arm-none-eabi-gcc
    modules:
      required:
        - nsx-ambiqsuite-r4
        - nsx-ambiq-hal-r4
        - nsx-ambiq-bsp-r4
        - nsx-soc-hal
        - nsx-cmsis-startup
        - nsx-board-apollo4l-evb
        - nsx-core
        - nsx-harness
        - nsx-utils
        - nsx-tooling
  apollo4l_blue_evb:
    socs:
      - apollo4l
    toolchains:
      - arm-none-eabi-gcc
    modules:
      required:
        - nsx-ambiqsuite-r4
        - nsx-ambiq-hal-r4
        - nsx-ambiq-bsp-r4
        - nsx-soc-hal
        - nsx-cmsis-startup
        - nsx-board-apollo4l-blue-evb
        - nsx-core
        - nsx-harness
        - nsx-utils
        - nsx-tooling
  apollo4b_blue_evb:
    socs:
      - apollo4p
    toolchains:
      - arm-none-eabi-gcc
    modules:
      required:
        - nsx-ambiqsuite-r4
        - nsx-ambiq-hal-r4
        - nsx-ambiq-bsp-r4
        - nsx-soc-hal
        - nsx-cmsis-startup
        - nsx-board-apollo4b-blue-evb
        - nsx-core
        - nsx-harness
        - nsx-utils
        - nsx-tooling
  apollo4p_evb:
    socs:
      - apollo4p
    toolchains:
      - arm-none-eabi-gcc
    modules:
      required:
        - nsx-ambiqsuite-r4
        - nsx-ambiq-hal-r4
        - nsx-ambiq-bsp-r4
        - nsx-soc-hal
        - nsx-cmsis-startup
        - nsx-board-apollo4p-evb
        - nsx-core
        - nsx-harness
        - nsx-utils
        - nsx-tooling
  apollo4p_blue_kbr_evb:
    socs:
      - apollo4p
    toolchains:
      - arm-none-eabi-gcc
    modules:
      required:
        - nsx-ambiqsuite-r4
        - nsx-ambiq-hal-r4
        - nsx-ambiq-bsp-r4
        - nsx-soc-hal
        - nsx-cmsis-startup
        - nsx-board-apollo4p-blue-kbr-evb
        - nsx-core
        - nsx-harness
        - nsx-utils
        - nsx-tooling
  apollo4p_blue_kxr_evb:
    socs:
      - apollo4p
    toolchains:
      - arm-none-eabi-gcc
    modules:
      required:
        - nsx-ambiqsuite-r4
        - nsx-ambiq-hal-r4
        - nsx-ambiq-bsp-r4
        - nsx-soc-hal
        - nsx-cmsis-startup
        - nsx-board-apollo4p-blue-kxr-evb
        - nsx-core
        - nsx-harness
        - nsx-utils
        - nsx-tooling
