schema_version: 1

channels:
  stable:
    default: true
  preview: {}

projects:
  neuralspotx:
    name: neuralspotx
    url: https://github.com/AmbiqAI/neuralspotx.git
    revision: main
    path: neuralspotx
  # Unified SDK: one repo covering all non-Atomiq SoCs.
  nsx-ambiq-sdk:
    name: nsx-ambiq-sdk
    url: https://github.com/AmbiqAI/nsx-ambiq-sdk.git
    revision: main
    path: modules/nsx-ambiq-sdk
  nsx-soc-hal:
    name: nsx-soc-hal
    url: https://github.com/AmbiqAI/nsx-soc-hal.git
    revision: v0.1.0
    path: modules/nsx-soc-hal
  nsx-cmsis-core:
    name: nsx-cmsis-core
    url: https://github.com/AmbiqAI/nsx-cmsis-core.git
    revision: v0.1.0
    path: modules/nsx-cmsis-core
  nsx-cmsis-startup:
    name: nsx-cmsis-startup
    url: https://github.com/AmbiqAI/nsx-cmsis-startup.git
    revision: v0.1.0
    path: modules/nsx-cmsis-startup
  nsx-core:
    name: nsx-core
    url: https://github.com/AmbiqAI/nsx-core.git
    revision: fac6a0149246c3794e3b61f4e87c7fbfadfa66ba
    path: modules/nsx-core
  nsx-harness:
    name: nsx-harness
    url: https://github.com/AmbiqAI/nsx-harness.git
    revision: 0a705f60536455f076b637ce6b20b97664d47fa0
    path: modules/nsx-harness
  nsx-utils:
    name: nsx-utils
    url: https://github.com/AmbiqAI/nsx-utils.git
    revision: f2f906926127205326c99a4e837a562d95f11950
    path: modules/nsx-utils
  nsx-perf:
    name: nsx-perf
    url: https://github.com/AmbiqAI/nsx-perf.git
    revision: v0.1.0
    path: modules/nsx-perf
  nsx-pmu-armv8m:
    name: nsx-pmu-armv8m
    url: https://github.com/AmbiqAI/nsx-pmu-armv8m.git
    revision: 4234717c2148424bd53bc204aaf86b12f05c299f
    path: modules/nsx-pmu-armv8m
  nsx-peripherals:
    name: nsx-peripherals
    url: https://github.com/AmbiqAI/nsx-peripherals.git
    revision: v0.1.0
    path: modules/nsx-peripherals
  nsx-power:
    name: nsx-power
    url: https://github.com/AmbiqAI/nsx-power.git
    revision: 1ebe9d7ffeb149d375970e80df533f3a6f0e4d2d
    path: modules/nsx-power
  nsx-portable-api:
    name: nsx-portable-api
    url: https://github.com/AmbiqAI/nsx-portable-api.git
    revision: v0.1.0
    path: modules/nsx-portable-api
  nsx-uart:
    name: nsx-uart
    url: https://github.com/AmbiqAI/nsx-uart.git
    revision: v0.1.0
    path: modules/nsx-uart
  nsx-i2c:
    name: nsx-i2c
    url: https://github.com/AmbiqAI/nsx-i2c.git
    revision: v0.1.0
    path: modules/nsx-i2c
  nsx-spi:
    name: nsx-spi
    url: https://github.com/AmbiqAI/nsx-spi.git
    revision: v0.1.0
    path: modules/nsx-spi
  nsx-audio:
    name: nsx-audio
    url: https://github.com/AmbiqAI/nsx-audio.git
    revision: v0.1.0
    path: modules/nsx-audio
  nsx-usb:
    name: nsx-usb
    url: https://github.com/AmbiqAI/nsx-usb.git
    revision: v0.1.0
    path: modules/nsx-usb
  nsx-nanopb:
    name: nsx-nanopb
    url: https://github.com/AmbiqAI/nsx-nanopb.git
    revision: v0.1.0
    path: modules/nsx-nanopb
  ns-cmsis-nn:
    name: ns-cmsis-nn
    url: https://github.com/AmbiqAI/ns-cmsis-nn.git
    revision: v7.26.0
    path: modules/ns-cmsis-nn
  helia-rt:
    name: helia-rt
    url: https://github.com/AmbiqAI/helia-rt.git
    revision: helia-rt-v1.16.0
    path: modules/helia-rt

modules:
  nsx-ambiqsuite-r2:
    project: nsx-ambiq-sdk
    revision: main
    metadata: modules/nsx-ambiqsuite-r2/nsx-module.yaml
  nsx-ambiqsuite-r3:
    project: nsx-ambiq-sdk
    revision: main
    metadata: modules/nsx-ambiqsuite-r3/nsx-module.yaml
  nsx-ambiqsuite-r4:
    project: nsx-ambiq-sdk
    revision: main
    metadata: modules/nsx-ambiqsuite-r4/nsx-module.yaml
  nsx-ambiqsuite-r5:
    project: nsx-ambiq-sdk
    revision: main
    metadata: modules/nsx-ambiqsuite-r5/nsx-module.yaml
  nsx-ambiqsuite-r6:
    project: nsx-ambiq-sdk
    revision: main
    metadata: modules/nsx-ambiqsuite-r6/nsx-module.yaml
  nsx-ambiq-hal-r2:
    project: nsx-ambiq-sdk
    revision: main
    metadata: modules/nsx-ambiq-hal-r2/nsx-module.yaml
  nsx-ambiq-hal-r3:
    project: nsx-ambiq-sdk
    revision: main
    metadata: modules/nsx-ambiq-hal-r3/nsx-module.yaml
  nsx-ambiq-hal-r4:
    project: nsx-ambiq-sdk
    revision: main
    metadata: modules/nsx-ambiq-hal-r4/nsx-module.yaml
  nsx-ambiq-hal-r5:
    project: nsx-ambiq-sdk
    revision: main
    metadata: modules/nsx-ambiq-hal-r5/nsx-module.yaml
  nsx-ambiq-hal-r6:
    project: nsx-ambiq-sdk
    revision: main
    metadata: modules/nsx-ambiq-hal-r6/nsx-module.yaml
  nsx-ambiq-bsp-r2:
    project: nsx-ambiq-sdk
    revision: main
    metadata: modules/nsx-ambiq-bsp-r2/nsx-module.yaml
  nsx-ambiq-bsp-r3:
    project: nsx-ambiq-sdk
    revision: main
    metadata: modules/nsx-ambiq-bsp-r3/nsx-module.yaml
  nsx-ambiq-bsp-r4:
    project: nsx-ambiq-sdk
    revision: main
    metadata: modules/nsx-ambiq-bsp-r4/nsx-module.yaml
  nsx-ambiq-bsp-r5:
    project: nsx-ambiq-sdk
    revision: main
    metadata: modules/nsx-ambiq-bsp-r5/nsx-module.yaml
  nsx-ambiq-bsp-r6:
    project: nsx-ambiq-sdk
    revision: main
    metadata: modules/nsx-ambiq-bsp-r6/nsx-module.yaml
  nsx-ambiq-usb-r4:
    project: nsx-ambiq-sdk
    revision: main
    metadata: modules/nsx-ambiq-usb-r4/nsx-module.yaml
  nsx-ambiq-usb-r5:
    project: nsx-ambiq-sdk
    revision: main
    metadata: modules/nsx-ambiq-usb-r5/nsx-module.yaml
  nsx-soc-hal:
    project: nsx-soc-hal
    revision: v0.1.0
    metadata: modules/nsx-soc-hal/nsx-module.yaml
  nsx-cmsis-core:
    project: nsx-cmsis-core
    revision: v0.1.0
    metadata: modules/nsx-cmsis-core/nsx-module.yaml
  nsx-cmsis-startup:
    project: nsx-cmsis-startup
    revision: v0.1.0
    metadata: modules/nsx-cmsis-startup/nsx-module.yaml
  nsx-board-apollo2-evb:
    project: neuralspotx
    revision: main
    metadata: src/neuralspotx/boards/apollo2_evb/nsx-module.yaml
  nsx-board-apollo3p-evb:
    project: neuralspotx
    revision: main
    metadata: src/neuralspotx/boards/apollo3p_evb/nsx-module.yaml
  nsx-board-apollo3-evb:
    project: neuralspotx
    revision: main
    metadata: src/neuralspotx/boards/apollo3_evb/nsx-module.yaml
  nsx-board-apollo3-evb-cygnus:
    project: neuralspotx
    revision: main
    metadata: src/neuralspotx/boards/apollo3_evb_cygnus/nsx-module.yaml
  nsx-board-apollo3p-evb-cygnus:
    project: neuralspotx
    revision: main
    metadata: src/neuralspotx/boards/apollo3p_evb_cygnus/nsx-module.yaml
  nsx-board-apollo510-evb:
    project: neuralspotx
    revision: main
    metadata: src/neuralspotx/boards/apollo510_evb/nsx-module.yaml
  nsx-board-apollo5b-evb:
    project: neuralspotx
    revision: main
    metadata: src/neuralspotx/boards/apollo5b_evb/nsx-module.yaml
  nsx-board-apollo510b-evb:
    project: neuralspotx
    revision: main
    metadata: src/neuralspotx/boards/apollo510b_evb/nsx-module.yaml
  nsx-board-apollo510dl-evb:
    project: neuralspotx
    revision: main
    metadata: src/neuralspotx/boards/apollo510dL_evb/nsx-module.yaml
  nsx-board-apollo330mp-evb:
    project: neuralspotx
    revision: main
    metadata: src/neuralspotx/boards/apollo330mP_evb/nsx-module.yaml
  nsx-board-apollo4l-evb:
    project: neuralspotx
    revision: main
    metadata: src/neuralspotx/boards/apollo4l_evb/nsx-module.yaml
  nsx-board-apollo4l-blue-evb:
    project: neuralspotx
    revision: main
    metadata: src/neuralspotx/boards/apollo4l_blue_evb/nsx-module.yaml
  nsx-board-apollo4b-blue-evb:
    project: neuralspotx
    revision: main
    metadata: src/neuralspotx/boards/apollo4b_blue_evb/nsx-module.yaml
  nsx-board-apollo4p-evb:
    project: neuralspotx
    revision: main
    metadata: src/neuralspotx/boards/apollo4p_evb/nsx-module.yaml
  nsx-board-apollo4p-blue-kbr-evb:
    project: neuralspotx
    revision: main
    metadata: src/neuralspotx/boards/apollo4p_blue_kbr_evb/nsx-module.yaml
  nsx-board-apollo4p-blue-kxr-evb:
    project: neuralspotx
    revision: main
    metadata: src/neuralspotx/boards/apollo4p_blue_kxr_evb/nsx-module.yaml
  nsx-board-atomiq110-fpga-turbo:
    project: neuralspotx
    revision: main
    metadata: src/neuralspotx/boards/atomiq110_fpga_turbo/nsx-module.yaml
  nsx-core:
    project: nsx-core
    revision: fac6a0149246c3794e3b61f4e87c7fbfadfa66ba
    metadata: modules/nsx-core/nsx-module.yaml
  nsx-harness:
    project: nsx-harness
    revision: 0a705f60536455f076b637ce6b20b97664d47fa0
    metadata: modules/nsx-harness/nsx-module.yaml
  nsx-utils:
    project: nsx-utils
    revision: f2f906926127205326c99a4e837a562d95f11950
    metadata: modules/nsx-utils/nsx-module.yaml
  nsx-perf:
    project: nsx-perf
    revision: v0.1.0
    metadata: modules/nsx-perf/nsx-module.yaml
  nsx-pmu-armv8m:
    project: nsx-pmu-armv8m
    revision: 4234717c2148424bd53bc204aaf86b12f05c299f
    metadata: modules/nsx-pmu-armv8m/nsx-module.yaml
  nsx-peripherals:
    project: nsx-peripherals
    revision: v0.1.0
    metadata: modules/nsx-peripherals/nsx-module.yaml
  nsx-power:
    project: nsx-power
    revision: 1ebe9d7ffeb149d375970e80df533f3a6f0e4d2d
    metadata: modules/nsx-power/nsx-module.yaml
  nsx-portable-api:
    project: nsx-portable-api
    revision: v0.1.0
    metadata: modules/nsx-portable-api/nsx-module.yaml
  nsx-uart:
    project: nsx-uart
    revision: v0.1.0
    metadata: modules/nsx-uart/nsx-module.yaml
  nsx-i2c:
    project: nsx-i2c
    revision: v0.1.0
    metadata: modules/nsx-i2c/nsx-module.yaml
  nsx-spi:
    project: nsx-spi
    revision: v0.1.0
    metadata: modules/nsx-spi/nsx-module.yaml
  nsx-audio:
    project: nsx-audio
    revision: v0.1.0
    metadata: modules/nsx-audio/nsx-module.yaml
  nsx-usb:
    project: nsx-usb
    revision: v0.1.0
    metadata: modules/nsx-usb/nsx-module.yaml
  nsx-nanopb:
    project: nsx-nanopb
    revision: v0.1.0
    metadata: modules/nsx-nanopb/nsx-module.yaml
  nsx-cmsis-nn:
    project: ns-cmsis-nn
    revision: v7.26.0
    metadata: modules/ns-cmsis-nn/nsx/nsx-module.yaml
  nsx-helia-rt:
    project: helia-rt
    revision: helia-rt-v1.16.0
    metadata: modules/helia-rt/nsx/nsx-module.yaml
  nsx-tooling:
    project: neuralspotx
    revision: main
    metadata: src/neuralspotx/cmake/nsx-module.yaml

# Starter profiles are DERIVED at load time from the family baselines and
# per-board channel below (see metadata._derive_starter_profiles). The
# board -> soc / sdk-provider mapping comes from the first-class board
# descriptors (src/neuralspotx/boards/<board>/board.yaml), so SoC and the
# provider module set are declared exactly once per family here instead of
# being duplicated for every board.
profile_defaults:
  toolchain: arm-none-eabi-gcc
  channel: stable
  # Common modules appended after the per-board board module for every profile.
  core_modules:
    - nsx-core
    - nsx-tooling

soc_families:
  r2:
    provider: nsx-ambiqsuite-r2
    project: nsx-ambiq-sdk
    revision: main
    modules:
      - nsx-ambiqsuite-r2
      - nsx-ambiq-hal-r2
      - nsx-ambiq-bsp-r2
      - nsx-soc-hal
      - nsx-cmsis-startup
    # Modules vendored from the unified nsx-ambiq-sdk monorepo for Apollo2.
    sdk_modules:
      - nsx-ambiqsuite-r2
      - nsx-ambiq-hal-r2
      - nsx-ambiq-bsp-r2
      - nsx-soc-hal
      - nsx-cmsis-core
      - nsx-cmsis-startup
      - nsx-core
  r3:
    provider: nsx-ambiqsuite-r3
    project: nsx-ambiq-sdk
    revision: main
    modules:
      - nsx-ambiqsuite-r3
      - nsx-ambiq-hal-r3
      - nsx-ambiq-bsp-r3
      - nsx-soc-hal
      - nsx-cmsis-startup
    # Every module vendored by the unified nsx-ambiq-sdk monorepo. Listed
    # modules resolve to the unified source wherever an app uses them.
    sdk_modules:
      - nsx-ambiqsuite-r3
      - nsx-ambiq-hal-r3
      - nsx-ambiq-bsp-r3
      - nsx-soc-hal
      - nsx-cmsis-core
      - nsx-cmsis-startup
      - nsx-core
      - nsx-audio
      - nsx-gpio
      - nsx-i2c
      - nsx-interrupt
      - nsx-perf
      - nsx-spi
      - nsx-timer
      - nsx-uart
  r4:
    provider: nsx-ambiqsuite-r4
    project: nsx-ambiq-sdk
    revision: main
    modules:
      - nsx-ambiqsuite-r4
      - nsx-ambiq-hal-r4
      - nsx-ambiq-bsp-r4
      - nsx-soc-hal
      - nsx-cmsis-startup
    sdk_modules:
      - nsx-ambiqsuite-r4
      - nsx-ambiq-hal-r4
      - nsx-ambiq-bsp-r4
      - nsx-ambiq-usb-r4
      - nsx-soc-hal
      - nsx-cmsis-core
      - nsx-cmsis-startup
      - nsx-core
      - nsx-audio
      - nsx-gpio
      - nsx-i2c
      - nsx-interrupt
      - nsx-perf
      - nsx-spi
      - nsx-timer
      - nsx-uart
      - nsx-usb
  r5:
    provider: nsx-ambiqsuite-r5
    project: nsx-ambiq-sdk
    revision: main
    modules:
      - nsx-ambiqsuite-r5
      - nsx-ambiq-hal-r5
      - nsx-ambiq-bsp-r5
      - nsx-soc-hal
      - nsx-cmsis-startup
    sdk_modules:
      - nsx-ambiqsuite-r5
      - nsx-ambiq-hal-r5
      - nsx-ambiq-bsp-r5
      - nsx-ambiq-usb-r5
      - nsx-soc-hal
      - nsx-cmsis-core
      - nsx-cmsis-startup
      - nsx-core
      - nsx-audio
      - nsx-gpio
      - nsx-i2c
      - nsx-interrupt
      - nsx-perf
      - nsx-pmu-armv8m
      - nsx-power
      - nsx-spi
      - nsx-timer
      - nsx-uart
      - nsx-usb
  r6:
    provider: nsx-ambiqsuite-r6
    project: nsx-ambiq-sdk
    revision: main
    modules:
      - nsx-ambiqsuite-r6
      - nsx-ambiq-hal-r6
      - nsx-ambiq-bsp-r6
      - nsx-soc-hal
      - nsx-cmsis-startup
    sdk_modules:
      - nsx-ambiqsuite-r6
      - nsx-ambiq-hal-r6
      - nsx-ambiq-bsp-r6
      - nsx-soc-hal
      - nsx-cmsis-core
      - nsx-cmsis-startup
      - nsx-core
      - nsx-gpio
      - nsx-interrupt

# Per-board profile registration. Order here defines starter-profile order.
# 'channel' defaults to profile_defaults.channel when omitted.
board_profiles:
  apollo2_evb: {}
  apollo3_evb: {}
  apollo3_evb_cygnus: {}
  apollo3p_evb: {}
  apollo3p_evb_cygnus: {}
  apollo510_evb: {}
  apollo5b_evb: {channel: preview}
  apollo510b_evb: {channel: preview}
  apollo510dL_evb: {channel: preview}
  apollo330mP_evb: {channel: preview}
  apollo4l_evb: {channel: preview}
  apollo4l_blue_evb: {channel: preview}
  apollo4b_blue_evb: {channel: preview}
  apollo4p_evb: {channel: preview}
  apollo4p_blue_kbr_evb: {channel: preview}
  apollo4p_blue_kxr_evb: {channel: preview}
  atomiq110_fpga_turbo: {channel: preview}
