schema_version: 1

channels:
  stable:
    default: true
  preview: {}

projects:
  neuralspotx:
    name: neuralspotx
    url: https://github.com/AmbiqAI/neuralspotx.git
    # atomiq110 board content only exists on this branch. Pin here until it
    # merges to main, then restore the main pin.
    revision: fix/atomiq110-dso-handle
    path: neuralspotx
  # Unified SDK: one repo covering all supported SoC families. The v5.2.24
  # pin predates atomiq110; atomiq110 support (nsx-ambiq-sdk PR #46) rides
  # the feat/nsx-power-atomiq110 pins below until that PR merges and a new
  # tag exists.
  nsx-ambiq-sdk:
    name: nsx-ambiq-sdk
    url: https://github.com/AmbiqAI/nsx-ambiq-sdk.git
    revision: v5.2.24
    path: modules/nsx-ambiq-sdk
  nsx-pmu-armv8m:
    name: nsx-pmu-armv8m
    url: https://github.com/AmbiqAI/nsx-pmu-armv8m.git
    revision: v0.2.0
    path: modules/nsx-pmu-armv8m
  nsx-nanopb:
    name: nsx-nanopb
    url: https://github.com/AmbiqAI/nsx-nanopb.git
    revision: v0.1.1
    path: modules/nsx-nanopb
  ns-cmsis-nn:
    name: ns-cmsis-nn
    url: https://github.com/AmbiqAI/ns-cmsis-nn.git
    # v7.29.2 — fix/atomiq110-compat merged upstream (wildcard board/SoC
    # compatibility + requantize fix). Tag pin per registry policy.
    revision: v7.29.2
    path: modules/ns-cmsis-nn
  helia-dsp:
    name: helia-dsp
    url: https://github.com/AmbiqAI/helia-dsp.git
    revision: v1.0.0
    path: modules/helia-dsp
  nsx-ethos-u-driver:
    name: nsx-ethos-u-driver
    url: https://github.com/AmbiqAI/nsx-ethos-u-driver.git
    revision: nsx-ethos-u-driver-v0.1.2
    path: modules/nsx-ethos-u-driver
  helia-rt:
    name: helia-rt
    url: https://github.com/AmbiqAI/helia-rt.git
    # Ethos-U wrapper plumbing + atomiq110 compatibility are still landing on
    # helia-rt's open fix/atomiq110-compat branch. Pin there until the branch
    # merges and a release tag (> v1.16.0) exists, then pin the tag.
    revision: fix/atomiq110-compat
    path: modules/helia-rt
  helia-rt-source:
    name: helia-rt-source
    url: https://github.com/AmbiqAI/helia-rt.git
    revision: 7c1b162c0fd2336876b69daaa20c87a1e7e2f508
    path: modules/helia-rt-source
  arm-cmsis-nn:
    name: arm-cmsis-nn
    url: https://github.com/AmbiqAI/arm-cmsis-nn.git
    revision: v0.1.0
    path: modules/arm-cmsis-nn
  nsx-tflite-micro:
    name: nsx-tflite-micro
    url: https://github.com/AmbiqAI/nsx-tflite-micro.git
    revision: v0.1.0
    path: modules/nsx-tflite-micro
  nsx-physiokit:
    name: nsx-physiokit
    url: https://github.com/AmbiqAI/nsx-physiokit.git
    revision: v0.1.0
    path: modules/nsx-physiokit
  nsx-tileio:
    name: nsx-tileio
    url: https://github.com/AmbiqAI/nsx-tileio.git
    revision: v0.1.0
    path: modules/nsx-tileio
  nsx-sensors:
    name: nsx-sensors
    url: https://github.com/AmbiqAI/nsx-sensors.git
    revision: v0.3.0
    path: modules/nsx-sensors

modules:
  nsx-ambiqsuite:
    project: nsx-ambiq-sdk
    revision: v5.2.24
    metadata: modules/nsx-ambiqsuite/nsx-module.yaml
  nsx-ambiq-hal:
    project: nsx-ambiq-sdk
    revision: v5.2.24
    metadata: modules/nsx-ambiq-hal/nsx-module.yaml
  nsx-ambiq-bsp:
    project: nsx-ambiq-sdk
    revision: v5.2.24
    metadata: modules/nsx-ambiq-bsp/nsx-module.yaml
  nsx-ambiq-usb:
    project: nsx-ambiq-sdk
    revision: v5.2.24
    metadata: modules/nsx-ambiq-usb/nsx-module.yaml
  nsx-soc-hal:
    project: nsx-ambiq-sdk
    revision: v5.2.24
    metadata: modules/nsx-soc-hal/nsx-module.yaml
  nsx-cmsis-core:
    project: nsx-ambiq-sdk
    revision: v5.2.24
    metadata: modules/nsx-cmsis-core/nsx-module.yaml
  nsx-cmsis-startup:
    project: nsx-ambiq-sdk
    revision: v5.2.24
    metadata: modules/nsx-cmsis-startup/nsx-module.yaml
  nsx-board-apollo2-evb:
    project: neuralspotx
    revision: main
    metadata: src/neuralspotx/boards/apollo2_evb/nsx-module.yaml
  nsx-board-apollo3p-evb:
    project: neuralspotx
    revision: main
    metadata: src/neuralspotx/boards/apollo3p_evb/nsx-module.yaml
  nsx-board-apollo3-evb:
    project: neuralspotx
    revision: main
    metadata: src/neuralspotx/boards/apollo3_evb/nsx-module.yaml
  nsx-board-apollo3-evb-cygnus:
    project: neuralspotx
    revision: main
    metadata: src/neuralspotx/boards/apollo3_evb_cygnus/nsx-module.yaml
  nsx-board-apollo3p-evb-cygnus:
    project: neuralspotx
    revision: main
    metadata: src/neuralspotx/boards/apollo3p_evb_cygnus/nsx-module.yaml
  nsx-board-apollo510-evb:
    project: neuralspotx
    revision: main
    metadata: src/neuralspotx/boards/apollo510_evb/nsx-module.yaml
  nsx-board-apollo5b-evb:
    project: neuralspotx
    revision: main
    metadata: src/neuralspotx/boards/apollo5b_evb/nsx-module.yaml
  nsx-board-apollo510b-evb:
    project: neuralspotx
    revision: main
    metadata: src/neuralspotx/boards/apollo510b_evb/nsx-module.yaml
  nsx-board-apollo510dl-evb:
    project: neuralspotx
    revision: main
    metadata: src/neuralspotx/boards/apollo510dL_evb/nsx-module.yaml
  nsx-board-apollo330mp-evb:
    project: neuralspotx
    revision: main
    metadata: src/neuralspotx/boards/apollo330mP_evb/nsx-module.yaml
  nsx-board-apollo4l-evb:
    project: neuralspotx
    revision: main
    metadata: src/neuralspotx/boards/apollo4l_evb/nsx-module.yaml
  nsx-board-apollo4l-blue-evb:
    project: neuralspotx
    revision: main
    metadata: src/neuralspotx/boards/apollo4l_blue_evb/nsx-module.yaml
  nsx-board-apollo4p-evb:
    project: neuralspotx
    revision: main
    metadata: src/neuralspotx/boards/apollo4p_evb/nsx-module.yaml
  nsx-board-apollo4p-blue-kbr-evb:
    project: neuralspotx
    revision: main
    metadata: src/neuralspotx/boards/apollo4p_blue_kbr_evb/nsx-module.yaml
  nsx-board-apollo4p-blue-kxr-evb:
    project: neuralspotx
    revision: main
    metadata: src/neuralspotx/boards/apollo4p_blue_kxr_evb/nsx-module.yaml
  nsx-board-apollo4p-evb-disp-shield-rev2:
    project: neuralspotx
    revision: main
    metadata: src/neuralspotx/boards/apollo4p_evb_disp_shield_rev2/nsx-module.yaml
  nsx-board-atomiq110-fpga-turbo:
    project: neuralspotx
    revision: main
    metadata: src/neuralspotx/boards/atomiq110_fpga_turbo/nsx-module.yaml
  nsx-core:
    project: nsx-ambiq-sdk
    revision: v5.2.24
    metadata: modules/nsx-core/nsx-module.yaml
  nsx-perf:
    project: nsx-ambiq-sdk
    revision: v5.2.24
    metadata: modules/nsx-perf/nsx-module.yaml
  nsx-pmu-armv8m:
    project: nsx-pmu-armv8m
    revision: v0.2.0
    metadata: modules/nsx-pmu-armv8m/nsx-module.yaml
  nsx-power:
    project: nsx-ambiq-sdk
    revision: v5.2.24
    metadata: modules/nsx-power/nsx-module.yaml
  # nsx-npu's driver dependency; resolved from the standalone repo (the
  # SDK deliberately does not vendor it -- see nsx-ambiq-sdk PR #46).
  nsx-ethos-u-driver:
    project: nsx-ethos-u-driver
    revision: nsx-ethos-u-driver-v0.1.2
    metadata: modules/nsx-ethos-u-driver/nsx-module.yaml
  # nsx-npu only exists on nsx-ambiq-sdk's open feat/nsx-power-atomiq110
  # branch. Pin the module there until that branch merges to main, then
  # collapse this back to main like the other nsx-ambiq-sdk modules.
  nsx-npu:
    project: nsx-ambiq-sdk
    revision: feat/nsx-power-atomiq110
    metadata: modules/nsx-npu/nsx-module.yaml
  nsx-uart:
    project: nsx-ambiq-sdk
    revision: v5.2.24
    metadata: modules/nsx-uart/nsx-module.yaml
  nsx-i2c:
    project: nsx-ambiq-sdk
    revision: v5.2.24
    metadata: modules/nsx-i2c/nsx-module.yaml
  nsx-spi:
    project: nsx-ambiq-sdk
    revision: v5.2.24
    metadata: modules/nsx-spi/nsx-module.yaml
  nsx-audio:
    project: nsx-ambiq-sdk
    revision: v5.2.24
    metadata: modules/nsx-audio/nsx-module.yaml
  nsx-usb:
    project: nsx-ambiq-sdk
    revision: v5.2.24
    metadata: modules/nsx-usb/nsx-module.yaml
  nsx-cordio:
    project: nsx-ambiq-sdk
    revision: v5.2.24
    metadata: modules/nsx-cordio/nsx-module.yaml
  nsx-ble:
    project: nsx-ambiq-sdk
    revision: v5.2.24
    metadata: modules/nsx-ble/nsx-module.yaml
  nsx-freertos:
    project: nsx-ambiq-sdk
    revision: v5.2.24
    metadata: modules/nsx-freertos/nsx-module.yaml
  nsx-nanopb:
    project: nsx-nanopb
    revision: v0.1.1
    metadata: modules/nsx-nanopb/nsx-module.yaml
  nsx-cmsis-nn:
    project: ns-cmsis-nn
    # v7.29.2 — fix/atomiq110-compat merged upstream; tag pin.
    revision: v7.29.2
    metadata: modules/ns-cmsis-nn/nsx/nsx-module.yaml
  helia-dsp:
    project: helia-dsp
    revision: v1.0.0
    metadata: modules/helia-dsp/nsx-module.yaml
  nsx-physiokit:
    project: nsx-physiokit
    revision: v0.1.0
    metadata: modules/nsx-physiokit/nsx-module.yaml
  nsx-helia-rt:
    project: helia-rt
    # Pinned with the helia-rt project above; collapse to the next release
    # tag once fix/atomiq110-compat merges.
    revision: fix/atomiq110-compat
    metadata: modules/helia-rt/nsx/nsx-module.yaml
  helia-rt-source:
    project: helia-rt-source
    revision: 7c1b162c0fd2336876b69daaa20c87a1e7e2f508
    metadata: modules/helia-rt-source/nsx-source/nsx-module.yaml
  arm-cmsis-nn:
    project: arm-cmsis-nn
    revision: v0.1.0
    metadata: modules/arm-cmsis-nn/nsx-module.yaml
  nsx-tflite-micro:
    project: nsx-tflite-micro
    revision: v0.1.0
    metadata: modules/nsx-tflite-micro/nsx-module.yaml
  nsx-tileio-ble:
    project: nsx-tileio
    revision: v0.1.0
    metadata: modules/nsx-tileio-ble/nsx-module.yaml
  nsx-tileio-usb:
    project: nsx-tileio
    revision: v0.1.0
    metadata: modules/nsx-tileio-usb/nsx-module.yaml
  nsx-sensors:
    project: nsx-sensors
    revision: v0.3.0
    metadata: modules/nsx-sensors/nsx-module.yaml
  nsx-tooling:
    project: neuralspotx
    revision: main
    metadata: src/neuralspotx/cmake/nsx-module.yaml

# Starter profiles are DERIVED at load time from the family baselines and
# per-board channel below (see metadata._derive_starter_profiles). The
# board -> soc / sdk-provider mapping comes from the first-class board
# descriptors (src/neuralspotx/boards/<board>/board.yaml), so SoC and the
# provider module set are declared exactly once per family here instead of
# being duplicated for every board.
profile_defaults:
  toolchain: arm-none-eabi-gcc
  channel: stable
  # Common modules appended after the per-board board module for every profile.
  core_modules:
    - nsx-cmsis-core
    - nsx-core
    - nsx-tooling

soc_families:
  apollo2: &fam_apollo2
    provider: nsx-ambiqsuite
    project: nsx-ambiq-sdk
    revision: v5.2.24
    modules:
      - nsx-ambiqsuite
      - nsx-ambiq-hal
      - nsx-ambiq-bsp
      - nsx-soc-hal
      - nsx-cmsis-startup
    # Modules vendored from the unified nsx-ambiq-sdk monorepo for Apollo2.
    sdk_modules:
      - nsx-ambiqsuite
      - nsx-ambiq-hal
      - nsx-ambiq-bsp
      - nsx-soc-hal
      - nsx-cmsis-core
      - nsx-cmsis-startup
      - nsx-core
  apollo3: &fam_apollo3
    provider: nsx-ambiqsuite
    project: nsx-ambiq-sdk
    revision: v5.2.24
    modules:
      - nsx-ambiqsuite
      - nsx-ambiq-hal
      - nsx-ambiq-bsp
      - nsx-soc-hal
      - nsx-cmsis-startup
    # Every module vendored by the unified nsx-ambiq-sdk monorepo. Listed
    # modules resolve to the unified source wherever an app uses them.
    sdk_modules:
      - nsx-ambiqsuite
      - nsx-ambiq-hal
      - nsx-ambiq-bsp
      - nsx-soc-hal
      - nsx-cmsis-core
      - nsx-cmsis-startup
      - nsx-core
      - nsx-audio
      - nsx-gpio
      - nsx-i2c
      - nsx-interrupt
      - nsx-perf
      - nsx-psram
      - nsx-spi
      - nsx-timer
      - nsx-uart
  apollo3p: *fam_apollo3
  apollo4l: &fam_apollo4
    provider: nsx-ambiqsuite
    project: nsx-ambiq-sdk
    revision: v5.2.24
    modules:
      - nsx-ambiqsuite
      - nsx-ambiq-hal
      - nsx-ambiq-bsp
      - nsx-soc-hal
      - nsx-cmsis-startup
    sdk_modules:
      - nsx-ambiqsuite
      - nsx-ambiq-hal
      - nsx-ambiq-bsp
      - nsx-ambiq-usb
      - nsx-soc-hal
      - nsx-cmsis-core
      - nsx-cmsis-startup
      - nsx-core
      - nsx-audio
      - nsx-gpio
      - nsx-i2c
      - nsx-interrupt
      - nsx-perf
      - nsx-psram
      - nsx-spi
      - nsx-timer
      - nsx-uart
      - nsx-usb
  apollo4p: *fam_apollo4
  apollo5b: &fam_apollo5
    provider: nsx-ambiqsuite
    project: nsx-ambiq-sdk
    revision: v5.2.24
    modules:
      - nsx-ambiqsuite
      - nsx-ambiq-hal
      - nsx-ambiq-bsp
      - nsx-soc-hal
      - nsx-cmsis-startup
    sdk_modules:
      - nsx-ambiqsuite
      - nsx-ambiq-hal
      - nsx-ambiq-bsp
      - nsx-ambiq-usb
      - nsx-soc-hal
      - nsx-cmsis-core
      - nsx-cmsis-startup
      - nsx-core
      - nsx-audio
      - nsx-gpio
      - nsx-i2c
      - nsx-interrupt
      - nsx-perf
      - nsx-power
      - nsx-psram
      - nsx-spi
      - nsx-timer
      - nsx-uart
      - nsx-usb
    core_modules:
      - nsx-cmsis-core
      - nsx-core
      - nsx-pmu-armv8m
      - nsx-tooling
  apollo510: *fam_apollo5
  apollo510b: *fam_apollo5
  apollo510L: *fam_apollo5
  apollo330P: *fam_apollo5
  # atomiq110 support is still landing on nsx-ambiq-sdk's open
  # feat/nsx-power-atomiq110 branch (its own arch dir, CRM_TPIUCLKCFG
  # bus-fault workarounds for the FPGA turbo board, rebuilt HAL/BSP libs).
  # Pin this SoC there until that branch merges to main, then collapse this
  # back to the *fam_apollo5 alias.
  atomiq110:
    <<: *fam_apollo5
    revision: feat/nsx-power-atomiq110
    # Same list as *fam_apollo5 plus nsx-npu (Ethos-U85 core-driver module,
    # atomiq110-only). YAML merge keys replace rather than append, so the
    # full list is restated here.
    sdk_modules:
      - nsx-ambiqsuite
      - nsx-ambiq-hal
      - nsx-ambiq-bsp
      - nsx-ambiq-usb
      - nsx-soc-hal
      - nsx-cmsis-core
      - nsx-cmsis-startup
      - nsx-core
      - nsx-audio
      - nsx-gpio
      - nsx-i2c
      - nsx-interrupt
      - nsx-npu
      - nsx-perf
      - nsx-power
      - nsx-psram
      - nsx-spi
      - nsx-timer
      - nsx-uart
      - nsx-usb

# Per-board profile registration. Order here defines starter-profile order.
# 'channel' defaults to profile_defaults.channel when omitted.
board_profiles:
  apollo2_evb: {}
  apollo3_evb: {}
  apollo3_evb_cygnus: {}
  apollo3p_evb: {}
  apollo3p_evb_cygnus: {}
  apollo510_evb: {}
  apollo5b_evb: {channel: preview}
  apollo510b_evb: {channel: preview}
  apollo510dL_evb: {channel: preview}
  apollo330mP_evb: {channel: preview}
  apollo4l_evb: {channel: preview}
  apollo4l_blue_evb: {channel: preview}
  apollo4p_evb: {channel: preview}
  apollo4p_blue_kbr_evb: {channel: preview}
  apollo4p_blue_kxr_evb: {channel: preview}
  apollo4p_evb_disp_shield_rev2: {channel: preview}
  atomiq110_fpga_turbo: {channel: preview}
