# nsx.lock — generated by `nsx lock`. Do not edit by hand.
# Commit this file to record the resolved module set for this app.
schema_version: 1
generated_at: '2026-04-29T21:33:47+00:00'
nsx_tool:
  version: 0.3.0
manifest:
  path: nsx.yml
  hash: sha256:3467d37292341471e67b3bc0a8387abd1316ef43b6bd7a315c17548e5aef8dde
target:
  board: apollo510_evb
  soc: apollo510
  toolchain: arm-none-eabi-gcc
modules:
  nsx-ambiq-bsp-r5:
    project: nsx-ambiq-bsp-r5
    kind: git
    constraint: v0.1.0
    resolved:
      url: https://github.com/AmbiqAI/nsx-ambiq-bsp-r5.git
      ref: v0.1.0
      commit: 51cfca6e23c3d80677cf54123833ec444c7f4935
      vendored_at: modules/nsx-ambiq-bsp-r5
      content_hash: sha256:1b65b017047ba10d3d1f01a00e94e8a8a2e159602ae0a159607cfc2b38e69d4c
      acquired_at: '2026-04-29T21:33:48+00:00'
  nsx-ambiq-hal-r5:
    project: nsx-ambiq-hal-r5
    kind: git
    constraint: v0.1.0
    resolved:
      url: https://github.com/AmbiqAI/nsx-ambiq-hal-r5.git
      ref: v0.1.0
      commit: 05aa9f3938cbc04e3c4d6f034c4fda567698fe30
      vendored_at: modules/nsx-ambiq-hal-r5
      content_hash: sha256:b222ae3cca837fca985840df22cca035fd2b32677caecea61214d14e4655f28b
      acquired_at: '2026-04-29T21:33:48+00:00'
  nsx-ambiqsuite-r5:
    project: nsx-ambiqsuite-r5
    kind: git
    constraint: v0.1.0
    resolved:
      url: https://github.com/AmbiqAI/nsx-ambiqsuite-r5.git
      ref: v0.1.0
      commit: 956117e2725e95c880cdbd2802a3d06782b09cac
      vendored_at: modules/nsx-ambiqsuite-r5
      content_hash: sha256:4557d657130432475d0366c63361002776dd31b678654333f2e87ba8cf68ee00
      acquired_at: '2026-04-29T21:33:48+00:00'
  nsx-board-apollo510-evb:
    project: neuralspotx
    kind: packaged
    constraint: packaged
    resolved:
      tool_version: 0.3.0
      vendored_at: boards/apollo510_evb
      content_hash: sha256:d8c2576f8e16861c90941543bfba025e123a90513e789866750c520ddb0297c3
      acquired_at: '2026-04-29T21:33:49+00:00'
  nsx-cmsis-core:
    project: nsx-cmsis-core
    kind: git
    constraint: v0.1.0
    resolved:
      url: https://github.com/AmbiqAI/nsx-cmsis-core.git
      ref: v0.1.0
      commit: 4be1f4b6c63e81141139ba55ba93e82b9c04675d
      vendored_at: modules/nsx-cmsis-core
      content_hash: sha256:2166f4624fbe73d59ed751c54e118f70cdf695bc0901638269e8b96fc2625d01
      acquired_at: '2026-04-29T21:33:47+00:00'
  nsx-cmsis-startup:
    project: nsx-cmsis-startup
    kind: git
    constraint: v0.1.0
    resolved:
      url: https://github.com/AmbiqAI/nsx-cmsis-startup.git
      ref: v0.1.0
      commit: 677f2e290a9204c5384ab881002154ece089d145
      vendored_at: modules/nsx-cmsis-startup
      content_hash: sha256:9fec3f758fa3260b3e0f0d5e3ab70b71512ba9a29f030c1231dfaca76738f508
      acquired_at: '2026-04-29T21:33:49+00:00'
  nsx-core:
    project: nsx-core
    kind: git
    constraint: v0.1.0
    resolved:
      url: https://github.com/AmbiqAI/nsx-core.git
      ref: v0.1.0
      commit: 45dab5bf0fdd59b8b1bdbc3f1be8c363b32f5bdc
      vendored_at: modules/nsx-core
      content_hash: sha256:e615b250d4e18a4c1860fc1df3611c3fdb4b54344c31d3365a2354c41dd24470
      acquired_at: '2026-04-29T21:33:49+00:00'
  nsx-harness:
    project: nsx-harness
    kind: git
    constraint: v0.1.0
    resolved:
      url: https://github.com/AmbiqAI/nsx-harness.git
      ref: v0.1.0
      commit: 48fc3767cb6719dcb2fa89ac95eac481bbacfc1f
      vendored_at: modules/nsx-harness
      content_hash: sha256:535f7006039c73cc4fe0dffd7335e0010770aa15c423c9affea9af16987ce944
      acquired_at: '2026-04-29T21:33:50+00:00'
  nsx-soc-hal:
    project: nsx-soc-hal
    kind: git
    constraint: v0.1.0
    resolved:
      url: https://github.com/AmbiqAI/nsx-soc-hal.git
      ref: v0.1.0
      commit: 552a4c442641af2a46a3c9ba5f8bb1f255d0f2b7
      vendored_at: modules/nsx-soc-hal
      content_hash: sha256:cc7e8180b0877b4ff5341a2a7d63a3e09c22c85895cbf405cbd614a673f17e87
      acquired_at: '2026-04-29T21:33:49+00:00'
  nsx-tooling:
    project: neuralspotx
    kind: packaged
    constraint: packaged
    resolved:
      tool_version: 0.3.0
      vendored_at: cmake/nsx
      content_hash: sha256:61c741f2c9aaa14a9ee75b4ad4fda8a9fbfd9179850afdc9aee3f54d5652d736
      acquired_at: '2026-04-29T21:33:50+00:00'
  nsx-usb:
    project: nsx-usb
    kind: git
    constraint: v0.1.0
    resolved:
      url: https://github.com/AmbiqAI/nsx-usb.git
      ref: v0.1.0
      commit: a4cc9b827761004ceea56e01f3a5820e2399f387
      vendored_at: modules/nsx-usb
      content_hash: sha256:fa3fad1f81e3000bd5b198a54653c1bfb9221afcbe55a80b3096c6554d3ebe0d
      acquired_at: '2026-04-29T21:33:50+00:00'
  nsx-utils:
    project: nsx-utils
    kind: git
    constraint: v0.1.0
    resolved:
      url: https://github.com/AmbiqAI/nsx-utils.git
      ref: v0.1.0
      commit: ed308c361ef1e030436ffd3dac05ec29ef986ae4
      vendored_at: modules/nsx-utils
      content_hash: sha256:359dbad5a5434986efa865d47ecb5c985df5d944aaaa053edc67ab25c1c0b69a
      acquired_at: '2026-04-29T21:33:50+00:00'
