# nsx.lock — generated by `nsx lock`. Do not edit by hand.
# Commit this file to record the resolved module set for this app.
schema_version: 4
targets:
  apollo510_evb:
    generated_at: '2026-06-24T21:35:56+00:00'
    nsx_tool:
      version: 0.6.9
    manifest:
      path: nsx.yml
      hash: sha256:0ad6b5f8ebbc6df17ef1637430e756997a779a0c30109c1c3db680b6a4ff9951
    target:
      board: apollo510_evb
      soc: apollo510
      toolchain: arm-none-eabi-gcc
    modules:
      nsx-ambiqsuite:
        project: nsx-ambiq-sdk
        kind: git
        constraint: main
        resolved:
          url: https://github.com/AmbiqAI/nsx-ambiq-sdk.git
          commit: 19e6799b5db2cc27e776e21a625141b574e643af
          vendored_at: modules/nsx-ambiq-sdk
          content_hash: sha256:1a7746a7e69a24df081f15cc692fc4a77d09ceaebbc02833e379386ca4f20281
          acquired_at: '2026-06-24T21:35:57+00:00'
      nsx-cmsis-core:
        project: nsx-ambiq-sdk
        kind: git
        constraint: main
        resolved:
          url: https://github.com/AmbiqAI/nsx-ambiq-sdk.git
          commit: 19e6799b5db2cc27e776e21a625141b574e643af
          vendored_at: modules/nsx-ambiq-sdk
          content_hash: sha256:1a7746a7e69a24df081f15cc692fc4a77d09ceaebbc02833e379386ca4f20281
          acquired_at: '2026-06-24T21:35:57+00:00'
      nsx-ambiq-hal:
        project: nsx-ambiq-sdk
        kind: git
        constraint: main
        resolved:
          url: https://github.com/AmbiqAI/nsx-ambiq-sdk.git
          commit: 19e6799b5db2cc27e776e21a625141b574e643af
          vendored_at: modules/nsx-ambiq-sdk
          content_hash: sha256:1a7746a7e69a24df081f15cc692fc4a77d09ceaebbc02833e379386ca4f20281
          acquired_at: '2026-06-24T21:35:57+00:00'
      nsx-ambiq-bsp:
        project: nsx-ambiq-sdk
        kind: git
        constraint: main
        resolved:
          url: https://github.com/AmbiqAI/nsx-ambiq-sdk.git
          commit: 19e6799b5db2cc27e776e21a625141b574e643af
          vendored_at: modules/nsx-ambiq-sdk
          content_hash: sha256:1a7746a7e69a24df081f15cc692fc4a77d09ceaebbc02833e379386ca4f20281
          acquired_at: '2026-06-24T21:35:57+00:00'
      nsx-soc-hal:
        project: nsx-ambiq-sdk
        kind: git
        constraint: main
        resolved:
          url: https://github.com/AmbiqAI/nsx-ambiq-sdk.git
          commit: 19e6799b5db2cc27e776e21a625141b574e643af
          vendored_at: modules/nsx-ambiq-sdk
          content_hash: sha256:1a7746a7e69a24df081f15cc692fc4a77d09ceaebbc02833e379386ca4f20281
          acquired_at: '2026-06-24T21:35:57+00:00'
      nsx-cmsis-startup:
        project: nsx-ambiq-sdk
        kind: git
        constraint: main
        resolved:
          url: https://github.com/AmbiqAI/nsx-ambiq-sdk.git
          commit: 19e6799b5db2cc27e776e21a625141b574e643af
          vendored_at: modules/nsx-ambiq-sdk
          content_hash: sha256:1a7746a7e69a24df081f15cc692fc4a77d09ceaebbc02833e379386ca4f20281
          acquired_at: '2026-06-24T21:35:57+00:00'
      nsx-board-apollo510-evb:
        project: neuralspotx
        kind: packaged
        constraint: packaged
        resolved:
          tool_version: 0.6.9
          vendored_at: boards/apollo510_evb
          content_hash: sha256:8afb811e5249b62f39a18bdadc3e5d2017a3d04490e11f684ac203f23de571ed
          acquired_at: '2026-06-24T21:35:57+00:00'
      nsx-core:
        project: nsx-ambiq-sdk
        kind: git
        constraint: main
        resolved:
          url: https://github.com/AmbiqAI/nsx-ambiq-sdk.git
          commit: 19e6799b5db2cc27e776e21a625141b574e643af
          vendored_at: modules/nsx-ambiq-sdk
          content_hash: sha256:1a7746a7e69a24df081f15cc692fc4a77d09ceaebbc02833e379386ca4f20281
          acquired_at: '2026-06-24T21:35:57+00:00'
      nsx-pmu-armv8m:
        project: nsx-pmu-armv8m
        kind: git
        constraint: 60384f86d7b5fa6b97148e822f608b8a4d0d9a07
        resolved:
          url: https://github.com/AmbiqAI/nsx-pmu-armv8m.git
          commit: 60384f86d7b5fa6b97148e822f608b8a4d0d9a07
          vendored_at: modules/nsx-pmu-armv8m
          content_hash: sha256:bfb1b8c121e744e7948f2082f2ac3ee8c6d9319092b563a2844b60de41c7c787
          acquired_at: '2026-06-24T21:35:57+00:00'
      nsx-tooling:
        project: neuralspotx
        kind: packaged
        constraint: packaged
        resolved:
          tool_version: 0.6.9
          vendored_at: cmake/nsx
          content_hash: sha256:7d61372d6eb4caf27d750963c46870a35868f7d0674a5f6346a5fdda26f9cb97
          acquired_at: '2026-06-24T21:35:57+00:00'
      nsx-ambiq-usb:
        project: nsx-ambiq-sdk
        kind: git
        constraint: main
        resolved:
          url: https://github.com/AmbiqAI/nsx-ambiq-sdk.git
          commit: 19e6799b5db2cc27e776e21a625141b574e643af
          vendored_at: modules/nsx-ambiq-sdk
          content_hash: sha256:1a7746a7e69a24df081f15cc692fc4a77d09ceaebbc02833e379386ca4f20281
          acquired_at: '2026-06-24T21:35:57+00:00'
      nsx-interrupt:
        project: nsx-ambiq-sdk
        kind: git
        constraint: main
        resolved:
          url: https://github.com/AmbiqAI/nsx-ambiq-sdk.git
          commit: 19e6799b5db2cc27e776e21a625141b574e643af
          vendored_at: modules/nsx-ambiq-sdk
          content_hash: sha256:1a7746a7e69a24df081f15cc692fc4a77d09ceaebbc02833e379386ca4f20281
          acquired_at: '2026-06-24T21:35:57+00:00'
      nsx-timer:
        project: nsx-ambiq-sdk
        kind: git
        constraint: main
        resolved:
          url: https://github.com/AmbiqAI/nsx-ambiq-sdk.git
          commit: 19e6799b5db2cc27e776e21a625141b574e643af
          vendored_at: modules/nsx-ambiq-sdk
          content_hash: sha256:1a7746a7e69a24df081f15cc692fc4a77d09ceaebbc02833e379386ca4f20281
          acquired_at: '2026-06-24T21:35:57+00:00'
      nsx-usb:
        project: nsx-ambiq-sdk
        kind: git
        constraint: main
        resolved:
          url: https://github.com/AmbiqAI/nsx-ambiq-sdk.git
          commit: 19e6799b5db2cc27e776e21a625141b574e643af
          vendored_at: modules/nsx-ambiq-sdk
          content_hash: sha256:1a7746a7e69a24df081f15cc692fc4a77d09ceaebbc02833e379386ca4f20281
          acquired_at: '2026-06-24T21:35:57+00:00'
  apollo510b_evb:
    generated_at: '2026-06-24T21:35:57+00:00'
    nsx_tool:
      version: 0.6.9
    manifest:
      path: nsx.yml
      hash: sha256:0ad6b5f8ebbc6df17ef1637430e756997a779a0c30109c1c3db680b6a4ff9951
    target:
      board: apollo510b_evb
      soc: apollo510b
      toolchain: arm-none-eabi-gcc
    modules:
      nsx-ambiqsuite:
        project: nsx-ambiq-sdk
        kind: git
        constraint: main
        resolved:
          url: https://github.com/AmbiqAI/nsx-ambiq-sdk.git
          commit: 19e6799b5db2cc27e776e21a625141b574e643af
          vendored_at: modules/nsx-ambiq-sdk
          content_hash: sha256:1a7746a7e69a24df081f15cc692fc4a77d09ceaebbc02833e379386ca4f20281
          acquired_at: '2026-06-24T21:35:57+00:00'
      nsx-cmsis-core:
        project: nsx-ambiq-sdk
        kind: git
        constraint: main
        resolved:
          url: https://github.com/AmbiqAI/nsx-ambiq-sdk.git
          commit: 19e6799b5db2cc27e776e21a625141b574e643af
          vendored_at: modules/nsx-ambiq-sdk
          content_hash: sha256:1a7746a7e69a24df081f15cc692fc4a77d09ceaebbc02833e379386ca4f20281
          acquired_at: '2026-06-24T21:35:57+00:00'
      nsx-ambiq-hal:
        project: nsx-ambiq-sdk
        kind: git
        constraint: main
        resolved:
          url: https://github.com/AmbiqAI/nsx-ambiq-sdk.git
          commit: 19e6799b5db2cc27e776e21a625141b574e643af
          vendored_at: modules/nsx-ambiq-sdk
          content_hash: sha256:1a7746a7e69a24df081f15cc692fc4a77d09ceaebbc02833e379386ca4f20281
          acquired_at: '2026-06-24T21:35:57+00:00'
      nsx-ambiq-bsp:
        project: nsx-ambiq-sdk
        kind: git
        constraint: main
        resolved:
          url: https://github.com/AmbiqAI/nsx-ambiq-sdk.git
          commit: 19e6799b5db2cc27e776e21a625141b574e643af
          vendored_at: modules/nsx-ambiq-sdk
          content_hash: sha256:1a7746a7e69a24df081f15cc692fc4a77d09ceaebbc02833e379386ca4f20281
          acquired_at: '2026-06-24T21:35:57+00:00'
      nsx-soc-hal:
        project: nsx-ambiq-sdk
        kind: git
        constraint: main
        resolved:
          url: https://github.com/AmbiqAI/nsx-ambiq-sdk.git
          commit: 19e6799b5db2cc27e776e21a625141b574e643af
          vendored_at: modules/nsx-ambiq-sdk
          content_hash: sha256:1a7746a7e69a24df081f15cc692fc4a77d09ceaebbc02833e379386ca4f20281
          acquired_at: '2026-06-24T21:35:57+00:00'
      nsx-cmsis-startup:
        project: nsx-ambiq-sdk
        kind: git
        constraint: main
        resolved:
          url: https://github.com/AmbiqAI/nsx-ambiq-sdk.git
          commit: 19e6799b5db2cc27e776e21a625141b574e643af
          vendored_at: modules/nsx-ambiq-sdk
          content_hash: sha256:1a7746a7e69a24df081f15cc692fc4a77d09ceaebbc02833e379386ca4f20281
          acquired_at: '2026-06-24T21:35:57+00:00'
      nsx-board-apollo510b-evb:
        project: neuralspotx
        kind: packaged
        constraint: packaged
        resolved:
          tool_version: 0.6.9
          vendored_at: boards/apollo510b_evb
          content_hash: sha256:bfb817dc96d06aa60a6496f8be039ea5eb61337fd771be8c23b07dbf52c1b089
          acquired_at: '2026-06-24T21:35:57+00:00'
      nsx-core:
        project: nsx-ambiq-sdk
        kind: git
        constraint: main
        resolved:
          url: https://github.com/AmbiqAI/nsx-ambiq-sdk.git
          commit: 19e6799b5db2cc27e776e21a625141b574e643af
          vendored_at: modules/nsx-ambiq-sdk
          content_hash: sha256:1a7746a7e69a24df081f15cc692fc4a77d09ceaebbc02833e379386ca4f20281
          acquired_at: '2026-06-24T21:35:57+00:00'
      nsx-pmu-armv8m:
        project: nsx-pmu-armv8m
        kind: git
        constraint: 60384f86d7b5fa6b97148e822f608b8a4d0d9a07
        resolved:
          url: https://github.com/AmbiqAI/nsx-pmu-armv8m.git
          commit: 60384f86d7b5fa6b97148e822f608b8a4d0d9a07
          vendored_at: modules/nsx-pmu-armv8m
          content_hash: sha256:bfb1b8c121e744e7948f2082f2ac3ee8c6d9319092b563a2844b60de41c7c787
          acquired_at: '2026-06-24T21:35:57+00:00'
      nsx-tooling:
        project: neuralspotx
        kind: packaged
        constraint: packaged
        resolved:
          tool_version: 0.6.9
          vendored_at: cmake/nsx
          content_hash: sha256:7d61372d6eb4caf27d750963c46870a35868f7d0674a5f6346a5fdda26f9cb97
          acquired_at: '2026-06-24T21:35:57+00:00'
      nsx-ambiq-usb:
        project: nsx-ambiq-sdk
        kind: git
        constraint: main
        resolved:
          url: https://github.com/AmbiqAI/nsx-ambiq-sdk.git
          commit: 19e6799b5db2cc27e776e21a625141b574e643af
          vendored_at: modules/nsx-ambiq-sdk
          content_hash: sha256:1a7746a7e69a24df081f15cc692fc4a77d09ceaebbc02833e379386ca4f20281
          acquired_at: '2026-06-24T21:35:57+00:00'
      nsx-interrupt:
        project: nsx-ambiq-sdk
        kind: git
        constraint: main
        resolved:
          url: https://github.com/AmbiqAI/nsx-ambiq-sdk.git
          commit: 19e6799b5db2cc27e776e21a625141b574e643af
          vendored_at: modules/nsx-ambiq-sdk
          content_hash: sha256:1a7746a7e69a24df081f15cc692fc4a77d09ceaebbc02833e379386ca4f20281
          acquired_at: '2026-06-24T21:35:57+00:00'
      nsx-timer:
        project: nsx-ambiq-sdk
        kind: git
        constraint: main
        resolved:
          url: https://github.com/AmbiqAI/nsx-ambiq-sdk.git
          commit: 19e6799b5db2cc27e776e21a625141b574e643af
          vendored_at: modules/nsx-ambiq-sdk
          content_hash: sha256:1a7746a7e69a24df081f15cc692fc4a77d09ceaebbc02833e379386ca4f20281
          acquired_at: '2026-06-24T21:35:57+00:00'
      nsx-usb:
        project: nsx-ambiq-sdk
        kind: git
        constraint: main
        resolved:
          url: https://github.com/AmbiqAI/nsx-ambiq-sdk.git
          commit: 19e6799b5db2cc27e776e21a625141b574e643af
          vendored_at: modules/nsx-ambiq-sdk
          content_hash: sha256:1a7746a7e69a24df081f15cc692fc4a77d09ceaebbc02833e379386ca4f20281
          acquired_at: '2026-06-24T21:35:57+00:00'
  apollo330mP_evb:
    generated_at: '2026-06-24T21:35:58+00:00'
    nsx_tool:
      version: 0.6.9
    manifest:
      path: nsx.yml
      hash: sha256:0ad6b5f8ebbc6df17ef1637430e756997a779a0c30109c1c3db680b6a4ff9951
    target:
      board: apollo330mP_evb
      soc: apollo330P
      toolchain: arm-none-eabi-gcc
    modules:
      nsx-ambiqsuite:
        project: nsx-ambiq-sdk
        kind: git
        constraint: main
        resolved:
          url: https://github.com/AmbiqAI/nsx-ambiq-sdk.git
          commit: 19e6799b5db2cc27e776e21a625141b574e643af
          vendored_at: modules/nsx-ambiq-sdk
          content_hash: sha256:1a7746a7e69a24df081f15cc692fc4a77d09ceaebbc02833e379386ca4f20281
          acquired_at: '2026-06-24T21:35:58+00:00'
      nsx-cmsis-core:
        project: nsx-ambiq-sdk
        kind: git
        constraint: main
        resolved:
          url: https://github.com/AmbiqAI/nsx-ambiq-sdk.git
          commit: 19e6799b5db2cc27e776e21a625141b574e643af
          vendored_at: modules/nsx-ambiq-sdk
          content_hash: sha256:1a7746a7e69a24df081f15cc692fc4a77d09ceaebbc02833e379386ca4f20281
          acquired_at: '2026-06-24T21:35:58+00:00'
      nsx-ambiq-hal:
        project: nsx-ambiq-sdk
        kind: git
        constraint: main
        resolved:
          url: https://github.com/AmbiqAI/nsx-ambiq-sdk.git
          commit: 19e6799b5db2cc27e776e21a625141b574e643af
          vendored_at: modules/nsx-ambiq-sdk
          content_hash: sha256:1a7746a7e69a24df081f15cc692fc4a77d09ceaebbc02833e379386ca4f20281
          acquired_at: '2026-06-24T21:35:58+00:00'
      nsx-ambiq-bsp:
        project: nsx-ambiq-sdk
        kind: git
        constraint: main
        resolved:
          url: https://github.com/AmbiqAI/nsx-ambiq-sdk.git
          commit: 19e6799b5db2cc27e776e21a625141b574e643af
          vendored_at: modules/nsx-ambiq-sdk
          content_hash: sha256:1a7746a7e69a24df081f15cc692fc4a77d09ceaebbc02833e379386ca4f20281
          acquired_at: '2026-06-24T21:35:58+00:00'
      nsx-soc-hal:
        project: nsx-ambiq-sdk
        kind: git
        constraint: main
        resolved:
          url: https://github.com/AmbiqAI/nsx-ambiq-sdk.git
          commit: 19e6799b5db2cc27e776e21a625141b574e643af
          vendored_at: modules/nsx-ambiq-sdk
          content_hash: sha256:1a7746a7e69a24df081f15cc692fc4a77d09ceaebbc02833e379386ca4f20281
          acquired_at: '2026-06-24T21:35:58+00:00'
      nsx-cmsis-startup:
        project: nsx-ambiq-sdk
        kind: git
        constraint: main
        resolved:
          url: https://github.com/AmbiqAI/nsx-ambiq-sdk.git
          commit: 19e6799b5db2cc27e776e21a625141b574e643af
          vendored_at: modules/nsx-ambiq-sdk
          content_hash: sha256:1a7746a7e69a24df081f15cc692fc4a77d09ceaebbc02833e379386ca4f20281
          acquired_at: '2026-06-24T21:35:58+00:00'
      nsx-board-apollo330mp-evb:
        project: neuralspotx
        kind: packaged
        constraint: packaged
        resolved:
          tool_version: 0.6.9
          vendored_at: boards/apollo330mP_evb
          content_hash: sha256:f10ae901a78b61851f9c00c9334f1ed5c3255edd9662e2d95761d4fcd5b86e53
          acquired_at: '2026-06-24T21:35:58+00:00'
      nsx-core:
        project: nsx-ambiq-sdk
        kind: git
        constraint: main
        resolved:
          url: https://github.com/AmbiqAI/nsx-ambiq-sdk.git
          commit: 19e6799b5db2cc27e776e21a625141b574e643af
          vendored_at: modules/nsx-ambiq-sdk
          content_hash: sha256:1a7746a7e69a24df081f15cc692fc4a77d09ceaebbc02833e379386ca4f20281
          acquired_at: '2026-06-24T21:35:58+00:00'
      nsx-pmu-armv8m:
        project: nsx-pmu-armv8m
        kind: git
        constraint: 60384f86d7b5fa6b97148e822f608b8a4d0d9a07
        resolved:
          url: https://github.com/AmbiqAI/nsx-pmu-armv8m.git
          commit: 60384f86d7b5fa6b97148e822f608b8a4d0d9a07
          vendored_at: modules/nsx-pmu-armv8m
          content_hash: sha256:bfb1b8c121e744e7948f2082f2ac3ee8c6d9319092b563a2844b60de41c7c787
          acquired_at: '2026-06-24T21:35:58+00:00'
      nsx-tooling:
        project: neuralspotx
        kind: packaged
        constraint: packaged
        resolved:
          tool_version: 0.6.9
          vendored_at: cmake/nsx
          content_hash: sha256:7d61372d6eb4caf27d750963c46870a35868f7d0674a5f6346a5fdda26f9cb97
          acquired_at: '2026-06-24T21:35:58+00:00'
      nsx-ambiq-usb:
        project: nsx-ambiq-sdk
        kind: git
        constraint: main
        resolved:
          url: https://github.com/AmbiqAI/nsx-ambiq-sdk.git
          commit: 19e6799b5db2cc27e776e21a625141b574e643af
          vendored_at: modules/nsx-ambiq-sdk
          content_hash: sha256:1a7746a7e69a24df081f15cc692fc4a77d09ceaebbc02833e379386ca4f20281
          acquired_at: '2026-06-24T21:35:58+00:00'
      nsx-interrupt:
        project: nsx-ambiq-sdk
        kind: git
        constraint: main
        resolved:
          url: https://github.com/AmbiqAI/nsx-ambiq-sdk.git
          commit: 19e6799b5db2cc27e776e21a625141b574e643af
          vendored_at: modules/nsx-ambiq-sdk
          content_hash: sha256:1a7746a7e69a24df081f15cc692fc4a77d09ceaebbc02833e379386ca4f20281
          acquired_at: '2026-06-24T21:35:58+00:00'
      nsx-timer:
        project: nsx-ambiq-sdk
        kind: git
        constraint: main
        resolved:
          url: https://github.com/AmbiqAI/nsx-ambiq-sdk.git
          commit: 19e6799b5db2cc27e776e21a625141b574e643af
          vendored_at: modules/nsx-ambiq-sdk
          content_hash: sha256:1a7746a7e69a24df081f15cc692fc4a77d09ceaebbc02833e379386ca4f20281
          acquired_at: '2026-06-24T21:35:58+00:00'
      nsx-usb:
        project: nsx-ambiq-sdk
        kind: git
        constraint: main
        resolved:
          url: https://github.com/AmbiqAI/nsx-ambiq-sdk.git
          commit: 19e6799b5db2cc27e776e21a625141b574e643af
          vendored_at: modules/nsx-ambiq-sdk
          content_hash: sha256:1a7746a7e69a24df081f15cc692fc4a77d09ceaebbc02833e379386ca4f20281
          acquired_at: '2026-06-24T21:35:58+00:00'
  apollo510dL_evb:
    generated_at: '2026-06-24T21:35:58+00:00'
    nsx_tool:
      version: 0.6.9
    manifest:
      path: nsx.yml
      hash: sha256:0ad6b5f8ebbc6df17ef1637430e756997a779a0c30109c1c3db680b6a4ff9951
    target:
      board: apollo510dL_evb
      soc: apollo510L
      toolchain: arm-none-eabi-gcc
    modules:
      nsx-ambiqsuite:
        project: nsx-ambiq-sdk
        kind: git
        constraint: main
        resolved:
          url: https://github.com/AmbiqAI/nsx-ambiq-sdk.git
          commit: 19e6799b5db2cc27e776e21a625141b574e643af
          vendored_at: modules/nsx-ambiq-sdk
          content_hash: sha256:1a7746a7e69a24df081f15cc692fc4a77d09ceaebbc02833e379386ca4f20281
          acquired_at: '2026-06-24T21:35:59+00:00'
      nsx-cmsis-core:
        project: nsx-ambiq-sdk
        kind: git
        constraint: main
        resolved:
          url: https://github.com/AmbiqAI/nsx-ambiq-sdk.git
          commit: 19e6799b5db2cc27e776e21a625141b574e643af
          vendored_at: modules/nsx-ambiq-sdk
          content_hash: sha256:1a7746a7e69a24df081f15cc692fc4a77d09ceaebbc02833e379386ca4f20281
          acquired_at: '2026-06-24T21:35:59+00:00'
      nsx-ambiq-hal:
        project: nsx-ambiq-sdk
        kind: git
        constraint: main
        resolved:
          url: https://github.com/AmbiqAI/nsx-ambiq-sdk.git
          commit: 19e6799b5db2cc27e776e21a625141b574e643af
          vendored_at: modules/nsx-ambiq-sdk
          content_hash: sha256:1a7746a7e69a24df081f15cc692fc4a77d09ceaebbc02833e379386ca4f20281
          acquired_at: '2026-06-24T21:35:59+00:00'
      nsx-ambiq-bsp:
        project: nsx-ambiq-sdk
        kind: git
        constraint: main
        resolved:
          url: https://github.com/AmbiqAI/nsx-ambiq-sdk.git
          commit: 19e6799b5db2cc27e776e21a625141b574e643af
          vendored_at: modules/nsx-ambiq-sdk
          content_hash: sha256:1a7746a7e69a24df081f15cc692fc4a77d09ceaebbc02833e379386ca4f20281
          acquired_at: '2026-06-24T21:35:59+00:00'
      nsx-soc-hal:
        project: nsx-ambiq-sdk
        kind: git
        constraint: main
        resolved:
          url: https://github.com/AmbiqAI/nsx-ambiq-sdk.git
          commit: 19e6799b5db2cc27e776e21a625141b574e643af
          vendored_at: modules/nsx-ambiq-sdk
          content_hash: sha256:1a7746a7e69a24df081f15cc692fc4a77d09ceaebbc02833e379386ca4f20281
          acquired_at: '2026-06-24T21:35:59+00:00'
      nsx-cmsis-startup:
        project: nsx-ambiq-sdk
        kind: git
        constraint: main
        resolved:
          url: https://github.com/AmbiqAI/nsx-ambiq-sdk.git
          commit: 19e6799b5db2cc27e776e21a625141b574e643af
          vendored_at: modules/nsx-ambiq-sdk
          content_hash: sha256:1a7746a7e69a24df081f15cc692fc4a77d09ceaebbc02833e379386ca4f20281
          acquired_at: '2026-06-24T21:35:59+00:00'
      nsx-board-apollo510dl-evb:
        project: neuralspotx
        kind: packaged
        constraint: packaged
        resolved:
          tool_version: 0.6.9
          vendored_at: boards/apollo510dL_evb
          content_hash: sha256:704dc84bc0f3e003869c1fede1b311025edf4ff15498733a4903381c4c014f6e
          acquired_at: '2026-06-24T21:35:59+00:00'
      nsx-core:
        project: nsx-ambiq-sdk
        kind: git
        constraint: main
        resolved:
          url: https://github.com/AmbiqAI/nsx-ambiq-sdk.git
          commit: 19e6799b5db2cc27e776e21a625141b574e643af
          vendored_at: modules/nsx-ambiq-sdk
          content_hash: sha256:1a7746a7e69a24df081f15cc692fc4a77d09ceaebbc02833e379386ca4f20281
          acquired_at: '2026-06-24T21:35:59+00:00'
      nsx-pmu-armv8m:
        project: nsx-pmu-armv8m
        kind: git
        constraint: 60384f86d7b5fa6b97148e822f608b8a4d0d9a07
        resolved:
          url: https://github.com/AmbiqAI/nsx-pmu-armv8m.git
          commit: 60384f86d7b5fa6b97148e822f608b8a4d0d9a07
          vendored_at: modules/nsx-pmu-armv8m
          content_hash: sha256:bfb1b8c121e744e7948f2082f2ac3ee8c6d9319092b563a2844b60de41c7c787
          acquired_at: '2026-06-24T21:35:59+00:00'
      nsx-tooling:
        project: neuralspotx
        kind: packaged
        constraint: packaged
        resolved:
          tool_version: 0.6.9
          vendored_at: cmake/nsx
          content_hash: sha256:7d61372d6eb4caf27d750963c46870a35868f7d0674a5f6346a5fdda26f9cb97
          acquired_at: '2026-06-24T21:35:59+00:00'
      nsx-ambiq-usb:
        project: nsx-ambiq-sdk
        kind: git
        constraint: main
        resolved:
          url: https://github.com/AmbiqAI/nsx-ambiq-sdk.git
          commit: 19e6799b5db2cc27e776e21a625141b574e643af
          vendored_at: modules/nsx-ambiq-sdk
          content_hash: sha256:1a7746a7e69a24df081f15cc692fc4a77d09ceaebbc02833e379386ca4f20281
          acquired_at: '2026-06-24T21:35:59+00:00'
      nsx-interrupt:
        project: nsx-ambiq-sdk
        kind: git
        constraint: main
        resolved:
          url: https://github.com/AmbiqAI/nsx-ambiq-sdk.git
          commit: 19e6799b5db2cc27e776e21a625141b574e643af
          vendored_at: modules/nsx-ambiq-sdk
          content_hash: sha256:1a7746a7e69a24df081f15cc692fc4a77d09ceaebbc02833e379386ca4f20281
          acquired_at: '2026-06-24T21:35:59+00:00'
      nsx-timer:
        project: nsx-ambiq-sdk
        kind: git
        constraint: main
        resolved:
          url: https://github.com/AmbiqAI/nsx-ambiq-sdk.git
          commit: 19e6799b5db2cc27e776e21a625141b574e643af
          vendored_at: modules/nsx-ambiq-sdk
          content_hash: sha256:1a7746a7e69a24df081f15cc692fc4a77d09ceaebbc02833e379386ca4f20281
          acquired_at: '2026-06-24T21:35:59+00:00'
      nsx-usb:
        project: nsx-ambiq-sdk
        kind: git
        constraint: main
        resolved:
          url: https://github.com/AmbiqAI/nsx-ambiq-sdk.git
          commit: 19e6799b5db2cc27e776e21a625141b574e643af
          vendored_at: modules/nsx-ambiq-sdk
          content_hash: sha256:1a7746a7e69a24df081f15cc692fc4a77d09ceaebbc02833e379386ca4f20281
          acquired_at: '2026-06-24T21:35:59+00:00'
