# nsx.lock — generated by `nsx lock`. Do not edit by hand.
# Commit this file to record the resolved module set for this app.
schema_version: 4
targets:
  apollo510_evb:
    generated_at: '2026-06-24T21:35:43+00:00'
    nsx_tool:
      version: 0.6.9
    manifest:
      path: nsx.yml
      hash: sha256:32bb5e83d9c24f5a0a35c4cd2441b2d9a697b53277307a3a4349e504df4e7e11
    target:
      board: apollo510_evb
      soc: apollo510
      toolchain: arm-none-eabi-gcc
    modules:
      nsx-ambiqsuite:
        project: nsx-ambiq-sdk
        kind: git
        constraint: main
        resolved:
          url: https://github.com/AmbiqAI/nsx-ambiq-sdk.git
          commit: 19e6799b5db2cc27e776e21a625141b574e643af
          vendored_at: modules/nsx-ambiq-sdk
          content_hash: sha256:1a7746a7e69a24df081f15cc692fc4a77d09ceaebbc02833e379386ca4f20281
          acquired_at: '2026-06-24T21:35:44+00:00'
      nsx-cmsis-core:
        project: nsx-ambiq-sdk
        kind: git
        constraint: main
        resolved:
          url: https://github.com/AmbiqAI/nsx-ambiq-sdk.git
          commit: 19e6799b5db2cc27e776e21a625141b574e643af
          vendored_at: modules/nsx-ambiq-sdk
          content_hash: sha256:1a7746a7e69a24df081f15cc692fc4a77d09ceaebbc02833e379386ca4f20281
          acquired_at: '2026-06-24T21:35:44+00:00'
      nsx-ambiq-hal:
        project: nsx-ambiq-sdk
        kind: git
        constraint: main
        resolved:
          url: https://github.com/AmbiqAI/nsx-ambiq-sdk.git
          commit: 19e6799b5db2cc27e776e21a625141b574e643af
          vendored_at: modules/nsx-ambiq-sdk
          content_hash: sha256:1a7746a7e69a24df081f15cc692fc4a77d09ceaebbc02833e379386ca4f20281
          acquired_at: '2026-06-24T21:35:44+00:00'
      nsx-ambiq-bsp:
        project: nsx-ambiq-sdk
        kind: git
        constraint: main
        resolved:
          url: https://github.com/AmbiqAI/nsx-ambiq-sdk.git
          commit: 19e6799b5db2cc27e776e21a625141b574e643af
          vendored_at: modules/nsx-ambiq-sdk
          content_hash: sha256:1a7746a7e69a24df081f15cc692fc4a77d09ceaebbc02833e379386ca4f20281
          acquired_at: '2026-06-24T21:35:44+00:00'
      nsx-soc-hal:
        project: nsx-ambiq-sdk
        kind: git
        constraint: main
        resolved:
          url: https://github.com/AmbiqAI/nsx-ambiq-sdk.git
          commit: 19e6799b5db2cc27e776e21a625141b574e643af
          vendored_at: modules/nsx-ambiq-sdk
          content_hash: sha256:1a7746a7e69a24df081f15cc692fc4a77d09ceaebbc02833e379386ca4f20281
          acquired_at: '2026-06-24T21:35:44+00:00'
      nsx-cmsis-startup:
        project: nsx-ambiq-sdk
        kind: git
        constraint: main
        resolved:
          url: https://github.com/AmbiqAI/nsx-ambiq-sdk.git
          commit: 19e6799b5db2cc27e776e21a625141b574e643af
          vendored_at: modules/nsx-ambiq-sdk
          content_hash: sha256:1a7746a7e69a24df081f15cc692fc4a77d09ceaebbc02833e379386ca4f20281
          acquired_at: '2026-06-24T21:35:44+00:00'
      nsx-board-apollo510-evb:
        project: neuralspotx
        kind: packaged
        constraint: packaged
        resolved:
          tool_version: 0.6.9
          vendored_at: boards/apollo510_evb
          content_hash: sha256:8afb811e5249b62f39a18bdadc3e5d2017a3d04490e11f684ac203f23de571ed
          acquired_at: '2026-06-24T21:35:44+00:00'
      nsx-core:
        project: nsx-ambiq-sdk
        kind: git
        constraint: main
        resolved:
          url: https://github.com/AmbiqAI/nsx-ambiq-sdk.git
          commit: 19e6799b5db2cc27e776e21a625141b574e643af
          vendored_at: modules/nsx-ambiq-sdk
          content_hash: sha256:1a7746a7e69a24df081f15cc692fc4a77d09ceaebbc02833e379386ca4f20281
          acquired_at: '2026-06-24T21:35:44+00:00'
      nsx-pmu-armv8m:
        project: nsx-pmu-armv8m
        kind: git
        constraint: main
        resolved:
          url: https://github.com/AmbiqAI/nsx-pmu-armv8m.git
          commit: d7e0f6a042b86d543767e4b98580de6ad2a29f0e
          vendored_at: modules/nsx-pmu-armv8m
          content_hash: sha256:ea9d5b42ff2c1f090af6054617494147ba4e853664801397443b77cb494c7def
          acquired_at: '2026-06-24T21:35:44+00:00'
      nsx-tooling:
        project: neuralspotx
        kind: packaged
        constraint: packaged
        resolved:
          tool_version: 0.6.9
          vendored_at: cmake/nsx
          content_hash: sha256:7d61372d6eb4caf27d750963c46870a35868f7d0674a5f6346a5fdda26f9cb97
          acquired_at: '2026-06-24T21:35:44+00:00'
      nsx-power:
        project: nsx-ambiq-sdk
        kind: git
        constraint: main
        resolved:
          url: https://github.com/AmbiqAI/nsx-ambiq-sdk.git
          commit: 19e6799b5db2cc27e776e21a625141b574e643af
          vendored_at: modules/nsx-ambiq-sdk
          content_hash: sha256:1a7746a7e69a24df081f15cc692fc4a77d09ceaebbc02833e379386ca4f20281
          acquired_at: '2026-06-24T21:35:44+00:00'
      nsx-cmsis-nn:
        project: ns-cmsis-nn
        kind: git
        constraint: v7.26.0
        resolved:
          url: https://github.com/AmbiqAI/ns-cmsis-nn.git
          tag: v7.26.0
          commit: 2bb81953a20518cf65613bd612352cc462dd7a5e
          vendored_at: modules/ns-cmsis-nn
          content_hash: sha256:e34fccb9df432ceb0a3e4cafd07771c22b7e58955a886beca434091c2f26f4e7
          acquired_at: '2026-06-24T21:35:44+00:00'
      nsx-helia-rt:
        project: helia-rt
        kind: git
        constraint: helia-rt-v1.16.0
        resolved:
          url: https://github.com/AmbiqAI/helia-rt.git
          tag: helia-rt-v1.16.0
          commit: c1b97f4a49ab608d226029d1bf1c9c2dac10ef62
          vendored_at: modules/helia-rt
          content_hash: sha256:75b415b1be12d035a0389778b7e7786104c6d6dcd206d4c70ce9662b2df62354
          acquired_at: '2026-06-24T21:35:44+00:00'
  apollo510b_evb:
    generated_at: '2026-06-24T21:35:44+00:00'
    nsx_tool:
      version: 0.6.9
    manifest:
      path: nsx.yml
      hash: sha256:32bb5e83d9c24f5a0a35c4cd2441b2d9a697b53277307a3a4349e504df4e7e11
    target:
      board: apollo510b_evb
      soc: apollo510b
      toolchain: arm-none-eabi-gcc
    modules:
      nsx-ambiqsuite:
        project: nsx-ambiq-sdk
        kind: git
        constraint: main
        resolved:
          url: https://github.com/AmbiqAI/nsx-ambiq-sdk.git
          commit: 19e6799b5db2cc27e776e21a625141b574e643af
          vendored_at: modules/nsx-ambiq-sdk
          content_hash: sha256:1a7746a7e69a24df081f15cc692fc4a77d09ceaebbc02833e379386ca4f20281
          acquired_at: '2026-06-24T21:35:45+00:00'
      nsx-cmsis-core:
        project: nsx-ambiq-sdk
        kind: git
        constraint: main
        resolved:
          url: https://github.com/AmbiqAI/nsx-ambiq-sdk.git
          commit: 19e6799b5db2cc27e776e21a625141b574e643af
          vendored_at: modules/nsx-ambiq-sdk
          content_hash: sha256:1a7746a7e69a24df081f15cc692fc4a77d09ceaebbc02833e379386ca4f20281
          acquired_at: '2026-06-24T21:35:45+00:00'
      nsx-ambiq-hal:
        project: nsx-ambiq-sdk
        kind: git
        constraint: main
        resolved:
          url: https://github.com/AmbiqAI/nsx-ambiq-sdk.git
          commit: 19e6799b5db2cc27e776e21a625141b574e643af
          vendored_at: modules/nsx-ambiq-sdk
          content_hash: sha256:1a7746a7e69a24df081f15cc692fc4a77d09ceaebbc02833e379386ca4f20281
          acquired_at: '2026-06-24T21:35:45+00:00'
      nsx-ambiq-bsp:
        project: nsx-ambiq-sdk
        kind: git
        constraint: main
        resolved:
          url: https://github.com/AmbiqAI/nsx-ambiq-sdk.git
          commit: 19e6799b5db2cc27e776e21a625141b574e643af
          vendored_at: modules/nsx-ambiq-sdk
          content_hash: sha256:1a7746a7e69a24df081f15cc692fc4a77d09ceaebbc02833e379386ca4f20281
          acquired_at: '2026-06-24T21:35:45+00:00'
      nsx-soc-hal:
        project: nsx-ambiq-sdk
        kind: git
        constraint: main
        resolved:
          url: https://github.com/AmbiqAI/nsx-ambiq-sdk.git
          commit: 19e6799b5db2cc27e776e21a625141b574e643af
          vendored_at: modules/nsx-ambiq-sdk
          content_hash: sha256:1a7746a7e69a24df081f15cc692fc4a77d09ceaebbc02833e379386ca4f20281
          acquired_at: '2026-06-24T21:35:45+00:00'
      nsx-cmsis-startup:
        project: nsx-ambiq-sdk
        kind: git
        constraint: main
        resolved:
          url: https://github.com/AmbiqAI/nsx-ambiq-sdk.git
          commit: 19e6799b5db2cc27e776e21a625141b574e643af
          vendored_at: modules/nsx-ambiq-sdk
          content_hash: sha256:1a7746a7e69a24df081f15cc692fc4a77d09ceaebbc02833e379386ca4f20281
          acquired_at: '2026-06-24T21:35:45+00:00'
      nsx-board-apollo510b-evb:
        project: neuralspotx
        kind: packaged
        constraint: packaged
        resolved:
          tool_version: 0.6.9
          vendored_at: boards/apollo510b_evb
          content_hash: sha256:bfb817dc96d06aa60a6496f8be039ea5eb61337fd771be8c23b07dbf52c1b089
          acquired_at: '2026-06-24T21:35:45+00:00'
      nsx-core:
        project: nsx-ambiq-sdk
        kind: git
        constraint: main
        resolved:
          url: https://github.com/AmbiqAI/nsx-ambiq-sdk.git
          commit: 19e6799b5db2cc27e776e21a625141b574e643af
          vendored_at: modules/nsx-ambiq-sdk
          content_hash: sha256:1a7746a7e69a24df081f15cc692fc4a77d09ceaebbc02833e379386ca4f20281
          acquired_at: '2026-06-24T21:35:45+00:00'
      nsx-pmu-armv8m:
        project: nsx-pmu-armv8m
        kind: git
        constraint: main
        resolved:
          url: https://github.com/AmbiqAI/nsx-pmu-armv8m.git
          commit: d7e0f6a042b86d543767e4b98580de6ad2a29f0e
          vendored_at: modules/nsx-pmu-armv8m
          content_hash: sha256:ea9d5b42ff2c1f090af6054617494147ba4e853664801397443b77cb494c7def
          acquired_at: '2026-06-24T21:35:45+00:00'
      nsx-tooling:
        project: neuralspotx
        kind: packaged
        constraint: packaged
        resolved:
          tool_version: 0.6.9
          vendored_at: cmake/nsx
          content_hash: sha256:7d61372d6eb4caf27d750963c46870a35868f7d0674a5f6346a5fdda26f9cb97
          acquired_at: '2026-06-24T21:35:45+00:00'
      nsx-power:
        project: nsx-ambiq-sdk
        kind: git
        constraint: main
        resolved:
          url: https://github.com/AmbiqAI/nsx-ambiq-sdk.git
          commit: 19e6799b5db2cc27e776e21a625141b574e643af
          vendored_at: modules/nsx-ambiq-sdk
          content_hash: sha256:1a7746a7e69a24df081f15cc692fc4a77d09ceaebbc02833e379386ca4f20281
          acquired_at: '2026-06-24T21:35:45+00:00'
      nsx-cmsis-nn:
        project: ns-cmsis-nn
        kind: git
        constraint: v7.26.0
        resolved:
          url: https://github.com/AmbiqAI/ns-cmsis-nn.git
          tag: v7.26.0
          commit: 2bb81953a20518cf65613bd612352cc462dd7a5e
          vendored_at: modules/ns-cmsis-nn
          content_hash: sha256:e34fccb9df432ceb0a3e4cafd07771c22b7e58955a886beca434091c2f26f4e7
          acquired_at: '2026-06-24T21:35:45+00:00'
      nsx-helia-rt:
        project: helia-rt
        kind: git
        constraint: helia-rt-v1.16.0
        resolved:
          url: https://github.com/AmbiqAI/helia-rt.git
          tag: helia-rt-v1.16.0
          commit: c1b97f4a49ab608d226029d1bf1c9c2dac10ef62
          vendored_at: modules/helia-rt
          content_hash: sha256:75b415b1be12d035a0389778b7e7786104c6d6dcd206d4c70ce9662b2df62354
          acquired_at: '2026-06-24T21:35:45+00:00'
  apollo330mP_evb:
    generated_at: '2026-06-24T21:35:45+00:00'
    nsx_tool:
      version: 0.6.9
    manifest:
      path: nsx.yml
      hash: sha256:32bb5e83d9c24f5a0a35c4cd2441b2d9a697b53277307a3a4349e504df4e7e11
    target:
      board: apollo330mP_evb
      soc: apollo330P
      toolchain: arm-none-eabi-gcc
    modules:
      nsx-ambiqsuite:
        project: nsx-ambiq-sdk
        kind: git
        constraint: main
        resolved:
          url: https://github.com/AmbiqAI/nsx-ambiq-sdk.git
          commit: 19e6799b5db2cc27e776e21a625141b574e643af
          vendored_at: modules/nsx-ambiq-sdk
          content_hash: sha256:1a7746a7e69a24df081f15cc692fc4a77d09ceaebbc02833e379386ca4f20281
          acquired_at: '2026-06-24T21:35:46+00:00'
      nsx-cmsis-core:
        project: nsx-ambiq-sdk
        kind: git
        constraint: main
        resolved:
          url: https://github.com/AmbiqAI/nsx-ambiq-sdk.git
          commit: 19e6799b5db2cc27e776e21a625141b574e643af
          vendored_at: modules/nsx-ambiq-sdk
          content_hash: sha256:1a7746a7e69a24df081f15cc692fc4a77d09ceaebbc02833e379386ca4f20281
          acquired_at: '2026-06-24T21:35:46+00:00'
      nsx-ambiq-hal:
        project: nsx-ambiq-sdk
        kind: git
        constraint: main
        resolved:
          url: https://github.com/AmbiqAI/nsx-ambiq-sdk.git
          commit: 19e6799b5db2cc27e776e21a625141b574e643af
          vendored_at: modules/nsx-ambiq-sdk
          content_hash: sha256:1a7746a7e69a24df081f15cc692fc4a77d09ceaebbc02833e379386ca4f20281
          acquired_at: '2026-06-24T21:35:46+00:00'
      nsx-ambiq-bsp:
        project: nsx-ambiq-sdk
        kind: git
        constraint: main
        resolved:
          url: https://github.com/AmbiqAI/nsx-ambiq-sdk.git
          commit: 19e6799b5db2cc27e776e21a625141b574e643af
          vendored_at: modules/nsx-ambiq-sdk
          content_hash: sha256:1a7746a7e69a24df081f15cc692fc4a77d09ceaebbc02833e379386ca4f20281
          acquired_at: '2026-06-24T21:35:46+00:00'
      nsx-soc-hal:
        project: nsx-ambiq-sdk
        kind: git
        constraint: main
        resolved:
          url: https://github.com/AmbiqAI/nsx-ambiq-sdk.git
          commit: 19e6799b5db2cc27e776e21a625141b574e643af
          vendored_at: modules/nsx-ambiq-sdk
          content_hash: sha256:1a7746a7e69a24df081f15cc692fc4a77d09ceaebbc02833e379386ca4f20281
          acquired_at: '2026-06-24T21:35:46+00:00'
      nsx-cmsis-startup:
        project: nsx-ambiq-sdk
        kind: git
        constraint: main
        resolved:
          url: https://github.com/AmbiqAI/nsx-ambiq-sdk.git
          commit: 19e6799b5db2cc27e776e21a625141b574e643af
          vendored_at: modules/nsx-ambiq-sdk
          content_hash: sha256:1a7746a7e69a24df081f15cc692fc4a77d09ceaebbc02833e379386ca4f20281
          acquired_at: '2026-06-24T21:35:46+00:00'
      nsx-board-apollo330mp-evb:
        project: neuralspotx
        kind: packaged
        constraint: packaged
        resolved:
          tool_version: 0.6.9
          vendored_at: boards/apollo330mP_evb
          content_hash: sha256:f10ae901a78b61851f9c00c9334f1ed5c3255edd9662e2d95761d4fcd5b86e53
          acquired_at: '2026-06-24T21:35:46+00:00'
      nsx-core:
        project: nsx-ambiq-sdk
        kind: git
        constraint: main
        resolved:
          url: https://github.com/AmbiqAI/nsx-ambiq-sdk.git
          commit: 19e6799b5db2cc27e776e21a625141b574e643af
          vendored_at: modules/nsx-ambiq-sdk
          content_hash: sha256:1a7746a7e69a24df081f15cc692fc4a77d09ceaebbc02833e379386ca4f20281
          acquired_at: '2026-06-24T21:35:46+00:00'
      nsx-pmu-armv8m:
        project: nsx-pmu-armv8m
        kind: git
        constraint: main
        resolved:
          url: https://github.com/AmbiqAI/nsx-pmu-armv8m.git
          commit: d7e0f6a042b86d543767e4b98580de6ad2a29f0e
          vendored_at: modules/nsx-pmu-armv8m
          content_hash: sha256:ea9d5b42ff2c1f090af6054617494147ba4e853664801397443b77cb494c7def
          acquired_at: '2026-06-24T21:35:46+00:00'
      nsx-tooling:
        project: neuralspotx
        kind: packaged
        constraint: packaged
        resolved:
          tool_version: 0.6.9
          vendored_at: cmake/nsx
          content_hash: sha256:7d61372d6eb4caf27d750963c46870a35868f7d0674a5f6346a5fdda26f9cb97
          acquired_at: '2026-06-24T21:35:46+00:00'
      nsx-power:
        project: nsx-ambiq-sdk
        kind: git
        constraint: main
        resolved:
          url: https://github.com/AmbiqAI/nsx-ambiq-sdk.git
          commit: 19e6799b5db2cc27e776e21a625141b574e643af
          vendored_at: modules/nsx-ambiq-sdk
          content_hash: sha256:1a7746a7e69a24df081f15cc692fc4a77d09ceaebbc02833e379386ca4f20281
          acquired_at: '2026-06-24T21:35:46+00:00'
      nsx-cmsis-nn:
        project: ns-cmsis-nn
        kind: git
        constraint: v7.26.0
        resolved:
          url: https://github.com/AmbiqAI/ns-cmsis-nn.git
          tag: v7.26.0
          commit: 2bb81953a20518cf65613bd612352cc462dd7a5e
          vendored_at: modules/ns-cmsis-nn
          content_hash: sha256:e34fccb9df432ceb0a3e4cafd07771c22b7e58955a886beca434091c2f26f4e7
          acquired_at: '2026-06-24T21:35:46+00:00'
      nsx-helia-rt:
        project: helia-rt
        kind: git
        constraint: helia-rt-v1.16.0
        resolved:
          url: https://github.com/AmbiqAI/helia-rt.git
          tag: helia-rt-v1.16.0
          commit: c1b97f4a49ab608d226029d1bf1c9c2dac10ef62
          vendored_at: modules/helia-rt
          content_hash: sha256:75b415b1be12d035a0389778b7e7786104c6d6dcd206d4c70ce9662b2df62354
          acquired_at: '2026-06-24T21:35:46+00:00'
