# nsx.lock — generated by `nsx lock`. Do not edit by hand.
# Commit this file to record the resolved module set for this app.
schema_version: 3
generated_at: '2026-06-04T21:07:28+00:00'
nsx_tool:
  version: 0.6.1
manifest:
  path: nsx.yml
  hash: sha256:f867e36aeab04e34b0be3715dc54dfbd785c6944582be0e415d2df07d06e7f47
target:
  board: apollo510_evb
  soc: apollo510
  toolchain: arm-none-eabi-gcc
modules:
  nsx-cmsis-core:
    project: nsx-cmsis-core
    kind: git
    constraint: v0.1.0
    resolved:
      url: https://github.com/AmbiqAI/nsx-cmsis-core.git
      tag: v0.1.0
      commit: 58a21891f280c56bc7429e7777126b62d59f44c8
      vendored_at: modules/nsx-cmsis-core
      content_hash: sha256:2166f4624fbe73d59ed751c54e118f70cdf695bc0901638269e8b96fc2625d01
      acquired_at: '2026-06-04T21:07:28+00:00'
  nsx-ambiqsuite-r5:
    project: nsx-ambiqsuite-r5
    kind: git
    constraint: r5.2.0
    resolved:
      url: https://github.com/AmbiqAI/nsx-ambiqsuite-r5.git
      tag: r5.2.0
      commit: dbd8342b62f461716b381809bd7305853fe2372f
      vendored_at: modules/nsx-ambiqsuite-r5
      content_hash: sha256:398fae43a399db56b71a06b68dcb194b8b1c9e75cd4c502585f5084bd01d6be5
      acquired_at: '2026-06-04T21:07:28+00:00'
  nsx-ambiq-hal-r5:
    project: nsx-ambiq-hal-r5
    kind: git
    constraint: v0.1.0
    resolved:
      url: https://github.com/AmbiqAI/nsx-ambiq-hal-r5.git
      tag: v0.1.0
      commit: c2bfc772b1db5b7a2b782b51d07c86815d179141
      vendored_at: modules/nsx-ambiq-hal-r5
      content_hash: sha256:b222ae3cca837fca985840df22cca035fd2b32677caecea61214d14e4655f28b
      acquired_at: '2026-06-04T21:07:28+00:00'
  nsx-ambiq-bsp-r5:
    project: nsx-ambiq-bsp-r5
    kind: git
    constraint: v0.1.0
    resolved:
      url: https://github.com/AmbiqAI/nsx-ambiq-bsp-r5.git
      tag: v0.1.0
      commit: 091af57503fb5e32a62bb331c484d2be50fc0eeb
      vendored_at: modules/nsx-ambiq-bsp-r5
      content_hash: sha256:1b65b017047ba10d3d1f01a00e94e8a8a2e159602ae0a159607cfc2b38e69d4c
      acquired_at: '2026-06-04T21:07:28+00:00'
  nsx-soc-hal:
    project: nsx-soc-hal
    kind: git
    constraint: v0.1.0
    resolved:
      url: https://github.com/AmbiqAI/nsx-soc-hal.git
      tag: v0.1.0
      commit: c274c83153628a8e697ed2866c47f20997bed993
      vendored_at: modules/nsx-soc-hal
      content_hash: sha256:cc7e8180b0877b4ff5341a2a7d63a3e09c22c85895cbf405cbd614a673f17e87
      acquired_at: '2026-06-04T21:07:28+00:00'
  nsx-cmsis-startup:
    project: nsx-cmsis-startup
    kind: git
    constraint: v0.1.0
    resolved:
      url: https://github.com/AmbiqAI/nsx-cmsis-startup.git
      tag: v0.1.0
      commit: 34c83f6f6932a11a65790a33479b208ff5099f2e
      vendored_at: modules/nsx-cmsis-startup
      content_hash: sha256:9fec3f758fa3260b3e0f0d5e3ab70b71512ba9a29f030c1231dfaca76738f508
      acquired_at: '2026-06-04T21:07:28+00:00'
  nsx-board-apollo510-evb:
    project: neuralspotx
    kind: packaged
    constraint: packaged
    resolved:
      tool_version: 0.6.1
      vendored_at: boards/apollo510_evb
      content_hash: sha256:6de7025965967edecbb80d2c3bb084b59c3646dd56509da2accc4b642d97d1bd
      acquired_at: '2026-06-04T21:07:28+00:00'
  nsx-core:
    project: nsx-core
    kind: git
    constraint: fac6a0149246c3794e3b61f4e87c7fbfadfa66ba
    resolved:
      url: https://github.com/AmbiqAI/nsx-core.git
      commit: fac6a0149246c3794e3b61f4e87c7fbfadfa66ba
      vendored_at: modules/nsx-core
      content_hash: sha256:922e1d4c54492faa6e1c564776d3cfd20e90450c376449eed8302f5dfbf2653e
      acquired_at: '2026-06-04T21:07:28+00:00'
  nsx-harness:
    project: nsx-harness
    kind: git
    constraint: 0a705f60536455f076b637ce6b20b97664d47fa0
    resolved:
      url: https://github.com/AmbiqAI/nsx-harness.git
      commit: 0a705f60536455f076b637ce6b20b97664d47fa0
      vendored_at: modules/nsx-harness
      content_hash: sha256:84edaf38465ca264828c39be46e98f97b5b612215c1ea7ce779b3abd555a90ca
      acquired_at: '2026-06-04T21:07:28+00:00'
  nsx-utils:
    project: nsx-utils
    kind: git
    constraint: f2f906926127205326c99a4e837a562d95f11950
    resolved:
      url: https://github.com/AmbiqAI/nsx-utils.git
      commit: f2f906926127205326c99a4e837a562d95f11950
      vendored_at: modules/nsx-utils
      content_hash: sha256:8f56b035031b382272d0735f23f3e5187aa174dea125da155ddfba51642f5971
      acquired_at: '2026-06-04T21:07:28+00:00'
  nsx-power:
    project: nsx-power
    kind: git
    constraint: 1ebe9d7ffeb149d375970e80df533f3a6f0e4d2d
    resolved:
      url: https://github.com/AmbiqAI/nsx-power.git
      commit: 1ebe9d7ffeb149d375970e80df533f3a6f0e4d2d
      vendored_at: modules/nsx-power
      content_hash: sha256:12cd91fe7518e180e98e9a574b9c5555a3a2e5342c05d452caa2e05d0bfc8c67
      acquired_at: '2026-06-04T21:07:28+00:00'
  nsx-perf:
    project: nsx-perf
    kind: git
    constraint: v0.1.0
    resolved:
      url: https://github.com/AmbiqAI/nsx-perf.git
      tag: v0.1.0
      commit: 031f4a548fe5f8a50fbe2488e7f5add6ebed0c66
      vendored_at: modules/nsx-perf
      content_hash: sha256:12820ac18ff91a793c653baa4eef805ab021310a69bd500ea8dfbbc803a43a1b
      acquired_at: '2026-06-04T21:07:28+00:00'
  nsx-pmu-armv8m:
    project: nsx-pmu-armv8m
    kind: git
    constraint: ff9af0f097fefcb4f7f93c41e036c48a3f8654e0
    resolved:
      url: https://github.com/AmbiqAI/nsx-pmu-armv8m.git
      commit: ff9af0f097fefcb4f7f93c41e036c48a3f8654e0
      vendored_at: modules/nsx-pmu-armv8m
      content_hash: sha256:72c370797acaf9fb4086333c5105f4e598f87bba6a27278a593fc2523ac69a24
      acquired_at: '2026-06-04T21:07:28+00:00'
  nsx-cmsis-nn:
    project: ns-cmsis-nn
    kind: git
    constraint: v7.26.0
    resolved:
      url: https://github.com/AmbiqAI/ns-cmsis-nn.git
      tag: v7.26.0
      commit: 2bb81953a20518cf65613bd612352cc462dd7a5e
      vendored_at: modules/ns-cmsis-nn
      content_hash: sha256:e34fccb9df432ceb0a3e4cafd07771c22b7e58955a886beca434091c2f26f4e7
      acquired_at: '2026-06-04T21:07:28+00:00'
  nsx-helia-rt:
    project: helia-rt
    kind: git
    constraint: helia-rt-v1.16.0
    resolved:
      url: https://github.com/AmbiqAI/helia-rt.git
      tag: helia-rt-v1.16.0
      commit: c1b97f4a49ab608d226029d1bf1c9c2dac10ef62
      vendored_at: modules/helia-rt
      content_hash: sha256:75b415b1be12d035a0389778b7e7786104c6d6dcd206d4c70ce9662b2df62354
      acquired_at: '2026-06-04T21:07:28+00:00'
  nsx-tooling:
    project: neuralspotx
    kind: packaged
    constraint: packaged
    resolved:
      tool_version: 0.6.1
      vendored_at: cmake/nsx
      content_hash: sha256:6ee3f4f42916ff13b68e3c36d2138dcb0531b0aacae440708441ae81bae9f604
      acquired_at: '2026-06-04T21:07:28+00:00'
