# nsx.lock — generated by `nsx lock`. Do not edit by hand.
# Commit this file to record the resolved module set for this app.
schema_version: 3
generated_at: '2026-06-05T01:44:16+00:00'
nsx_tool:
  version: 0.6.1
manifest:
  path: nsx.yml
  hash: sha256:a5a0233240c452591f0eaa90e04242260f47978616c6fdd58225ed7d345a1b8c
target:
  board: apollo510_evb
  soc: apollo510
  toolchain: arm-none-eabi-gcc
modules:
  nsx-cmsis-core:
    project: nsx-ambiq-sdk-r5
    kind: git
    constraint: main
    resolved:
      url: https://github.com/AmbiqAI/nsx-ambiq-sdk-r5.git
      commit: 6879349db8e9ed0699dce5f8cfaf8030c7059cb8
      vendored_at: modules/nsx-ambiq-sdk-r5
      content_hash: sha256:bef2dc03f1923060a0e7e10b5e345810eed16e0c6adc91562004ed1941e74f25
      acquired_at: '2026-06-05T01:44:16+00:00'
  nsx-ambiqsuite-r5:
    project: nsx-ambiq-sdk-r5
    kind: git
    constraint: main
    resolved:
      url: https://github.com/AmbiqAI/nsx-ambiq-sdk-r5.git
      commit: 6879349db8e9ed0699dce5f8cfaf8030c7059cb8
      vendored_at: modules/nsx-ambiq-sdk-r5
      content_hash: sha256:bef2dc03f1923060a0e7e10b5e345810eed16e0c6adc91562004ed1941e74f25
      acquired_at: '2026-06-05T01:44:16+00:00'
  nsx-ambiq-hal-r5:
    project: nsx-ambiq-sdk-r5
    kind: git
    constraint: main
    resolved:
      url: https://github.com/AmbiqAI/nsx-ambiq-sdk-r5.git
      commit: 6879349db8e9ed0699dce5f8cfaf8030c7059cb8
      vendored_at: modules/nsx-ambiq-sdk-r5
      content_hash: sha256:bef2dc03f1923060a0e7e10b5e345810eed16e0c6adc91562004ed1941e74f25
      acquired_at: '2026-06-05T01:44:16+00:00'
  nsx-ambiq-bsp-r5:
    project: nsx-ambiq-sdk-r5
    kind: git
    constraint: main
    resolved:
      url: https://github.com/AmbiqAI/nsx-ambiq-sdk-r5.git
      commit: 6879349db8e9ed0699dce5f8cfaf8030c7059cb8
      vendored_at: modules/nsx-ambiq-sdk-r5
      content_hash: sha256:bef2dc03f1923060a0e7e10b5e345810eed16e0c6adc91562004ed1941e74f25
      acquired_at: '2026-06-05T01:44:16+00:00'
  nsx-soc-hal:
    project: nsx-ambiq-sdk-r5
    kind: git
    constraint: main
    resolved:
      url: https://github.com/AmbiqAI/nsx-ambiq-sdk-r5.git
      commit: 6879349db8e9ed0699dce5f8cfaf8030c7059cb8
      vendored_at: modules/nsx-ambiq-sdk-r5
      content_hash: sha256:bef2dc03f1923060a0e7e10b5e345810eed16e0c6adc91562004ed1941e74f25
      acquired_at: '2026-06-05T01:44:16+00:00'
  nsx-cmsis-startup:
    project: nsx-ambiq-sdk-r5
    kind: git
    constraint: main
    resolved:
      url: https://github.com/AmbiqAI/nsx-ambiq-sdk-r5.git
      commit: 6879349db8e9ed0699dce5f8cfaf8030c7059cb8
      vendored_at: modules/nsx-ambiq-sdk-r5
      content_hash: sha256:bef2dc03f1923060a0e7e10b5e345810eed16e0c6adc91562004ed1941e74f25
      acquired_at: '2026-06-05T01:44:16+00:00'
  nsx-board-apollo510-evb:
    project: neuralspotx
    kind: packaged
    constraint: packaged
    resolved:
      tool_version: 0.6.1
      vendored_at: boards/apollo510_evb
      content_hash: sha256:6de7025965967edecbb80d2c3bb084b59c3646dd56509da2accc4b642d97d1bd
      acquired_at: '2026-06-05T01:44:16+00:00'
  nsx-core:
    project: nsx-ambiq-sdk-r5
    kind: git
    constraint: main
    resolved:
      url: https://github.com/AmbiqAI/nsx-ambiq-sdk-r5.git
      commit: 6879349db8e9ed0699dce5f8cfaf8030c7059cb8
      vendored_at: modules/nsx-ambiq-sdk-r5
      content_hash: sha256:bef2dc03f1923060a0e7e10b5e345810eed16e0c6adc91562004ed1941e74f25
      acquired_at: '2026-06-05T01:44:16+00:00'
  nsx-interrupt:
    project: nsx-ambiq-sdk-r5
    kind: git
    constraint: main
    resolved:
      url: https://github.com/AmbiqAI/nsx-ambiq-sdk-r5.git
      commit: 6879349db8e9ed0699dce5f8cfaf8030c7059cb8
      vendored_at: modules/nsx-ambiq-sdk-r5
      content_hash: sha256:bef2dc03f1923060a0e7e10b5e345810eed16e0c6adc91562004ed1941e74f25
      acquired_at: '2026-06-05T01:44:16+00:00'
  nsx-gpio:
    project: nsx-ambiq-sdk-r5
    kind: git
    constraint: main
    resolved:
      url: https://github.com/AmbiqAI/nsx-ambiq-sdk-r5.git
      commit: 6879349db8e9ed0699dce5f8cfaf8030c7059cb8
      vendored_at: modules/nsx-ambiq-sdk-r5
      content_hash: sha256:bef2dc03f1923060a0e7e10b5e345810eed16e0c6adc91562004ed1941e74f25
      acquired_at: '2026-06-05T01:44:16+00:00'
  nsx-timer:
    project: nsx-ambiq-sdk-r5
    kind: git
    constraint: main
    resolved:
      url: https://github.com/AmbiqAI/nsx-ambiq-sdk-r5.git
      commit: 6879349db8e9ed0699dce5f8cfaf8030c7059cb8
      vendored_at: modules/nsx-ambiq-sdk-r5
      content_hash: sha256:bef2dc03f1923060a0e7e10b5e345810eed16e0c6adc91562004ed1941e74f25
      acquired_at: '2026-06-05T01:44:16+00:00'
  nsx-power:
    project: nsx-ambiq-sdk-r5
    kind: git
    constraint: main
    resolved:
      url: https://github.com/AmbiqAI/nsx-ambiq-sdk-r5.git
      commit: 6879349db8e9ed0699dce5f8cfaf8030c7059cb8
      vendored_at: modules/nsx-ambiq-sdk-r5
      content_hash: sha256:bef2dc03f1923060a0e7e10b5e345810eed16e0c6adc91562004ed1941e74f25
      acquired_at: '2026-06-05T01:44:16+00:00'
  nsx-tooling:
    project: neuralspotx
    kind: packaged
    constraint: packaged
    resolved:
      tool_version: 0.6.1
      vendored_at: cmake/nsx
      content_hash: sha256:cf52168100ae5b8c26913575bf25df3bd654d09b27f79c8229b73a31f182d8be
      acquired_at: '2026-06-05T01:44:16+00:00'
