# nsx.lock — generated by `nsx lock`. Do not edit by hand.
# Commit this file to record the resolved module set for this app.
schema_version: 3
generated_at: '2026-06-11T20:36:18+00:00'
nsx_tool:
  version: 0.6.2
manifest:
  path: nsx.yml
  hash: sha256:8c8548a90ddcf55a8fa3c133dbd1aa422fabc8f2b6c846c0efd0931674e4d955
target:
  board: apollo510_evb
  soc: apollo510
  toolchain: arm-none-eabi-gcc
modules:
  nsx-cmsis-core:
    project: nsx-ambiq-sdk
    kind: git
    constraint: main
    resolved:
      url: https://github.com/AmbiqAI/nsx-ambiq-sdk.git
      commit: 01aba54e162ac3c76b6c50af913154c345532340
      vendored_at: modules/nsx-ambiq-sdk
      content_hash: sha256:f42032a0a5bdbc7faf7be8eb053a111f39011260578914ef77c4bf2ca6be986c
      acquired_at: '2026-06-11T20:36:21+00:00'
  nsx-ambiqsuite-r5:
    project: nsx-ambiq-sdk
    kind: git
    constraint: main
    resolved:
      url: https://github.com/AmbiqAI/nsx-ambiq-sdk.git
      commit: 01aba54e162ac3c76b6c50af913154c345532340
      vendored_at: modules/nsx-ambiq-sdk
      content_hash: sha256:f42032a0a5bdbc7faf7be8eb053a111f39011260578914ef77c4bf2ca6be986c
      acquired_at: '2026-06-11T20:36:21+00:00'
  nsx-ambiq-hal-r5:
    project: nsx-ambiq-sdk
    kind: git
    constraint: main
    resolved:
      url: https://github.com/AmbiqAI/nsx-ambiq-sdk.git
      commit: 01aba54e162ac3c76b6c50af913154c345532340
      vendored_at: modules/nsx-ambiq-sdk
      content_hash: sha256:f42032a0a5bdbc7faf7be8eb053a111f39011260578914ef77c4bf2ca6be986c
      acquired_at: '2026-06-11T20:36:21+00:00'
  nsx-ambiq-bsp-r5:
    project: nsx-ambiq-sdk
    kind: git
    constraint: main
    resolved:
      url: https://github.com/AmbiqAI/nsx-ambiq-sdk.git
      commit: 01aba54e162ac3c76b6c50af913154c345532340
      vendored_at: modules/nsx-ambiq-sdk
      content_hash: sha256:f42032a0a5bdbc7faf7be8eb053a111f39011260578914ef77c4bf2ca6be986c
      acquired_at: '2026-06-11T20:36:21+00:00'
  nsx-soc-hal:
    project: nsx-ambiq-sdk
    kind: git
    constraint: main
    resolved:
      url: https://github.com/AmbiqAI/nsx-ambiq-sdk.git
      commit: 01aba54e162ac3c76b6c50af913154c345532340
      vendored_at: modules/nsx-ambiq-sdk
      content_hash: sha256:f42032a0a5bdbc7faf7be8eb053a111f39011260578914ef77c4bf2ca6be986c
      acquired_at: '2026-06-11T20:36:21+00:00'
  nsx-cmsis-startup:
    project: nsx-ambiq-sdk
    kind: git
    constraint: main
    resolved:
      url: https://github.com/AmbiqAI/nsx-ambiq-sdk.git
      commit: 01aba54e162ac3c76b6c50af913154c345532340
      vendored_at: modules/nsx-ambiq-sdk
      content_hash: sha256:f42032a0a5bdbc7faf7be8eb053a111f39011260578914ef77c4bf2ca6be986c
      acquired_at: '2026-06-11T20:36:21+00:00'
  nsx-board-apollo510-evb:
    project: neuralspotx
    kind: packaged
    constraint: packaged
    resolved:
      tool_version: 0.6.2
      vendored_at: boards/apollo510_evb
      content_hash: sha256:7be15f2259647d74c248cf6258c21868b9d5b01f0d52a8933163f84b031bc56f
      acquired_at: '2026-06-11T20:36:21+00:00'
  nsx-core:
    project: nsx-ambiq-sdk
    kind: git
    constraint: main
    resolved:
      url: https://github.com/AmbiqAI/nsx-ambiq-sdk.git
      commit: 01aba54e162ac3c76b6c50af913154c345532340
      vendored_at: modules/nsx-ambiq-sdk
      content_hash: sha256:f42032a0a5bdbc7faf7be8eb053a111f39011260578914ef77c4bf2ca6be986c
      acquired_at: '2026-06-11T20:36:21+00:00'
  nsx-interrupt:
    project: nsx-ambiq-sdk
    kind: git
    constraint: main
    resolved:
      url: https://github.com/AmbiqAI/nsx-ambiq-sdk.git
      commit: 01aba54e162ac3c76b6c50af913154c345532340
      vendored_at: modules/nsx-ambiq-sdk
      content_hash: sha256:f42032a0a5bdbc7faf7be8eb053a111f39011260578914ef77c4bf2ca6be986c
      acquired_at: '2026-06-11T20:36:21+00:00'
  nsx-gpio:
    project: nsx-ambiq-sdk
    kind: git
    constraint: main
    resolved:
      url: https://github.com/AmbiqAI/nsx-ambiq-sdk.git
      commit: 01aba54e162ac3c76b6c50af913154c345532340
      vendored_at: modules/nsx-ambiq-sdk
      content_hash: sha256:f42032a0a5bdbc7faf7be8eb053a111f39011260578914ef77c4bf2ca6be986c
      acquired_at: '2026-06-11T20:36:21+00:00'
  nsx-timer:
    project: nsx-ambiq-sdk
    kind: git
    constraint: main
    resolved:
      url: https://github.com/AmbiqAI/nsx-ambiq-sdk.git
      commit: 01aba54e162ac3c76b6c50af913154c345532340
      vendored_at: modules/nsx-ambiq-sdk
      content_hash: sha256:f42032a0a5bdbc7faf7be8eb053a111f39011260578914ef77c4bf2ca6be986c
      acquired_at: '2026-06-11T20:36:21+00:00'
  nsx-power:
    project: nsx-ambiq-sdk
    kind: git
    constraint: main
    resolved:
      url: https://github.com/AmbiqAI/nsx-ambiq-sdk.git
      commit: 01aba54e162ac3c76b6c50af913154c345532340
      vendored_at: modules/nsx-ambiq-sdk
      content_hash: sha256:f42032a0a5bdbc7faf7be8eb053a111f39011260578914ef77c4bf2ca6be986c
      acquired_at: '2026-06-11T20:36:21+00:00'
  nsx-tooling:
    project: neuralspotx
    kind: packaged
    constraint: packaged
    resolved:
      tool_version: 0.6.2
      vendored_at: cmake/nsx
      content_hash: sha256:40ed422e0396e9aa0d31878c96264ecf4b8dd7087cfad36759ed44a56d64a1f1
      acquired_at: '2026-06-11T20:36:21+00:00'
