# nsx.lock — generated by `nsx lock`. Do not edit by hand.
# Commit this file to record the resolved module set for this app.
schema_version: 4
targets:
  apollo510_evb:
    generated_at: '2026-07-04T01:10:43+00:00'
    nsx_tool:
      version: 0.7.0
    manifest:
      path: nsx.yml
      hash: sha256:b38f5b539fddf754a0eb1bff123f08cd4344c7c37513f43e77a1321f08e553c9
    target:
      board: apollo510_evb
      soc: apollo510
      toolchain: arm-none-eabi-gcc
    modules:
      nsx-ambiqsuite:
        project: nsx-ambiq-sdk
        kind: git
        constraint: main
        resolved:
          url: https://github.com/AmbiqAI/nsx-ambiq-sdk.git
          commit: ed60f26f4bdaa885d6a279a20a6e94aa23cd3655
          vendored_at: modules/nsx-ambiq-sdk
          content_hash: sha256:7bff79e01bef7f103fedadb450a3dfebecfd73305680caea02f7209b531c00a2
          acquired_at: '2026-07-04T01:10:43+00:00'
      nsx-cmsis-core:
        project: nsx-ambiq-sdk
        kind: git
        constraint: main
        resolved:
          url: https://github.com/AmbiqAI/nsx-ambiq-sdk.git
          commit: ed60f26f4bdaa885d6a279a20a6e94aa23cd3655
          vendored_at: modules/nsx-ambiq-sdk
          content_hash: sha256:7bff79e01bef7f103fedadb450a3dfebecfd73305680caea02f7209b531c00a2
          acquired_at: '2026-07-04T01:10:43+00:00'
      nsx-ambiq-hal:
        project: nsx-ambiq-sdk
        kind: git
        constraint: main
        resolved:
          url: https://github.com/AmbiqAI/nsx-ambiq-sdk.git
          commit: ed60f26f4bdaa885d6a279a20a6e94aa23cd3655
          vendored_at: modules/nsx-ambiq-sdk
          content_hash: sha256:7bff79e01bef7f103fedadb450a3dfebecfd73305680caea02f7209b531c00a2
          acquired_at: '2026-07-04T01:10:43+00:00'
      nsx-ambiq-bsp:
        project: nsx-ambiq-sdk
        kind: git
        constraint: main
        resolved:
          url: https://github.com/AmbiqAI/nsx-ambiq-sdk.git
          commit: ed60f26f4bdaa885d6a279a20a6e94aa23cd3655
          vendored_at: modules/nsx-ambiq-sdk
          content_hash: sha256:7bff79e01bef7f103fedadb450a3dfebecfd73305680caea02f7209b531c00a2
          acquired_at: '2026-07-04T01:10:43+00:00'
      nsx-soc-hal:
        project: nsx-ambiq-sdk
        kind: git
        constraint: main
        resolved:
          url: https://github.com/AmbiqAI/nsx-ambiq-sdk.git
          commit: ed60f26f4bdaa885d6a279a20a6e94aa23cd3655
          vendored_at: modules/nsx-ambiq-sdk
          content_hash: sha256:7bff79e01bef7f103fedadb450a3dfebecfd73305680caea02f7209b531c00a2
          acquired_at: '2026-07-04T01:10:43+00:00'
      nsx-cmsis-startup:
        project: nsx-ambiq-sdk
        kind: git
        constraint: main
        resolved:
          url: https://github.com/AmbiqAI/nsx-ambiq-sdk.git
          commit: ed60f26f4bdaa885d6a279a20a6e94aa23cd3655
          vendored_at: modules/nsx-ambiq-sdk
          content_hash: sha256:7bff79e01bef7f103fedadb450a3dfebecfd73305680caea02f7209b531c00a2
          acquired_at: '2026-07-04T01:10:43+00:00'
      nsx-board-apollo510-evb:
        project: neuralspotx
        kind: packaged
        constraint: packaged
        resolved:
          tool_version: 0.7.0
          vendored_at: boards/apollo510_evb
          content_hash: sha256:92475fa453fa03373abd7913459027cc310ce976ddb493c408648771bbf1a0f8
          acquired_at: '2026-07-04T01:10:43+00:00'
      nsx-core:
        project: nsx-ambiq-sdk
        kind: git
        constraint: main
        resolved:
          url: https://github.com/AmbiqAI/nsx-ambiq-sdk.git
          commit: ed60f26f4bdaa885d6a279a20a6e94aa23cd3655
          vendored_at: modules/nsx-ambiq-sdk
          content_hash: sha256:7bff79e01bef7f103fedadb450a3dfebecfd73305680caea02f7209b531c00a2
          acquired_at: '2026-07-04T01:10:43+00:00'
      nsx-pmu-armv8m:
        project: nsx-pmu-armv8m
        kind: git
        constraint: b311be1960eb7426ff37641c6c813a7a6d84d2d0
        resolved:
          url: https://github.com/AmbiqAI/nsx-pmu-armv8m.git
          commit: b311be1960eb7426ff37641c6c813a7a6d84d2d0
          vendored_at: modules/nsx-pmu-armv8m
          content_hash: sha256:cdb095c001c3457b9c6add483958fdb63413a7efba86477a342f5bf1e8935184
          acquired_at: '2026-07-04T01:10:43+00:00'
      nsx-tooling:
        project: neuralspotx
        kind: packaged
        constraint: packaged
        resolved:
          tool_version: 0.7.0
          vendored_at: cmake/nsx
          content_hash: sha256:52286e8f1581ac2719640916c6a36efc864be54afa5bddcbae3258d68b395c85
          acquired_at: '2026-07-04T01:10:43+00:00'
      nsx-freertos:
        project: nsx-ambiq-sdk
        kind: git
        constraint: main
        resolved:
          url: https://github.com/AmbiqAI/nsx-ambiq-sdk.git
          commit: ed60f26f4bdaa885d6a279a20a6e94aa23cd3655
          vendored_at: modules/nsx-ambiq-sdk
          content_hash: sha256:7bff79e01bef7f103fedadb450a3dfebecfd73305680caea02f7209b531c00a2
          acquired_at: '2026-07-04T01:10:43+00:00'
  apollo510b_evb:
    generated_at: '2026-07-04T01:10:43+00:00'
    nsx_tool:
      version: 0.7.0
    manifest:
      path: nsx.yml
      hash: sha256:b38f5b539fddf754a0eb1bff123f08cd4344c7c37513f43e77a1321f08e553c9
    target:
      board: apollo510b_evb
      soc: apollo510b
      toolchain: arm-none-eabi-gcc
    modules:
      nsx-ambiqsuite:
        project: nsx-ambiq-sdk
        kind: git
        constraint: main
        resolved:
          url: https://github.com/AmbiqAI/nsx-ambiq-sdk.git
          commit: ed60f26f4bdaa885d6a279a20a6e94aa23cd3655
          vendored_at: modules/nsx-ambiq-sdk
          content_hash: sha256:7bff79e01bef7f103fedadb450a3dfebecfd73305680caea02f7209b531c00a2
          acquired_at: '2026-07-04T01:10:44+00:00'
      nsx-cmsis-core:
        project: nsx-ambiq-sdk
        kind: git
        constraint: main
        resolved:
          url: https://github.com/AmbiqAI/nsx-ambiq-sdk.git
          commit: ed60f26f4bdaa885d6a279a20a6e94aa23cd3655
          vendored_at: modules/nsx-ambiq-sdk
          content_hash: sha256:7bff79e01bef7f103fedadb450a3dfebecfd73305680caea02f7209b531c00a2
          acquired_at: '2026-07-04T01:10:44+00:00'
      nsx-ambiq-hal:
        project: nsx-ambiq-sdk
        kind: git
        constraint: main
        resolved:
          url: https://github.com/AmbiqAI/nsx-ambiq-sdk.git
          commit: ed60f26f4bdaa885d6a279a20a6e94aa23cd3655
          vendored_at: modules/nsx-ambiq-sdk
          content_hash: sha256:7bff79e01bef7f103fedadb450a3dfebecfd73305680caea02f7209b531c00a2
          acquired_at: '2026-07-04T01:10:44+00:00'
      nsx-ambiq-bsp:
        project: nsx-ambiq-sdk
        kind: git
        constraint: main
        resolved:
          url: https://github.com/AmbiqAI/nsx-ambiq-sdk.git
          commit: ed60f26f4bdaa885d6a279a20a6e94aa23cd3655
          vendored_at: modules/nsx-ambiq-sdk
          content_hash: sha256:7bff79e01bef7f103fedadb450a3dfebecfd73305680caea02f7209b531c00a2
          acquired_at: '2026-07-04T01:10:44+00:00'
      nsx-soc-hal:
        project: nsx-ambiq-sdk
        kind: git
        constraint: main
        resolved:
          url: https://github.com/AmbiqAI/nsx-ambiq-sdk.git
          commit: ed60f26f4bdaa885d6a279a20a6e94aa23cd3655
          vendored_at: modules/nsx-ambiq-sdk
          content_hash: sha256:7bff79e01bef7f103fedadb450a3dfebecfd73305680caea02f7209b531c00a2
          acquired_at: '2026-07-04T01:10:44+00:00'
      nsx-cmsis-startup:
        project: nsx-ambiq-sdk
        kind: git
        constraint: main
        resolved:
          url: https://github.com/AmbiqAI/nsx-ambiq-sdk.git
          commit: ed60f26f4bdaa885d6a279a20a6e94aa23cd3655
          vendored_at: modules/nsx-ambiq-sdk
          content_hash: sha256:7bff79e01bef7f103fedadb450a3dfebecfd73305680caea02f7209b531c00a2
          acquired_at: '2026-07-04T01:10:44+00:00'
      nsx-board-apollo510b-evb:
        project: neuralspotx
        kind: packaged
        constraint: packaged
        resolved:
          tool_version: 0.7.0
          vendored_at: boards/apollo510b_evb
          content_hash: sha256:44a8b155b4392387c37ca0e8af1f1c5ce21a6fa7726b6c8d868208ac73a47b68
          acquired_at: '2026-07-04T01:10:44+00:00'
      nsx-core:
        project: nsx-ambiq-sdk
        kind: git
        constraint: main
        resolved:
          url: https://github.com/AmbiqAI/nsx-ambiq-sdk.git
          commit: ed60f26f4bdaa885d6a279a20a6e94aa23cd3655
          vendored_at: modules/nsx-ambiq-sdk
          content_hash: sha256:7bff79e01bef7f103fedadb450a3dfebecfd73305680caea02f7209b531c00a2
          acquired_at: '2026-07-04T01:10:44+00:00'
      nsx-pmu-armv8m:
        project: nsx-pmu-armv8m
        kind: git
        constraint: b311be1960eb7426ff37641c6c813a7a6d84d2d0
        resolved:
          url: https://github.com/AmbiqAI/nsx-pmu-armv8m.git
          commit: b311be1960eb7426ff37641c6c813a7a6d84d2d0
          vendored_at: modules/nsx-pmu-armv8m
          content_hash: sha256:cdb095c001c3457b9c6add483958fdb63413a7efba86477a342f5bf1e8935184
          acquired_at: '2026-07-04T01:10:44+00:00'
      nsx-tooling:
        project: neuralspotx
        kind: packaged
        constraint: packaged
        resolved:
          tool_version: 0.7.0
          vendored_at: cmake/nsx
          content_hash: sha256:52286e8f1581ac2719640916c6a36efc864be54afa5bddcbae3258d68b395c85
          acquired_at: '2026-07-04T01:10:44+00:00'
      nsx-freertos:
        project: nsx-ambiq-sdk
        kind: git
        constraint: main
        resolved:
          url: https://github.com/AmbiqAI/nsx-ambiq-sdk.git
          commit: ed60f26f4bdaa885d6a279a20a6e94aa23cd3655
          vendored_at: modules/nsx-ambiq-sdk
          content_hash: sha256:7bff79e01bef7f103fedadb450a3dfebecfd73305680caea02f7209b531c00a2
          acquired_at: '2026-07-04T01:10:44+00:00'
  apollo330mP_evb:
    generated_at: '2026-07-04T01:10:44+00:00'
    nsx_tool:
      version: 0.7.0
    manifest:
      path: nsx.yml
      hash: sha256:b38f5b539fddf754a0eb1bff123f08cd4344c7c37513f43e77a1321f08e553c9
    target:
      board: apollo330mP_evb
      soc: apollo330P
      toolchain: arm-none-eabi-gcc
    modules:
      nsx-ambiqsuite:
        project: nsx-ambiq-sdk
        kind: git
        constraint: main
        resolved:
          url: https://github.com/AmbiqAI/nsx-ambiq-sdk.git
          commit: ed60f26f4bdaa885d6a279a20a6e94aa23cd3655
          vendored_at: modules/nsx-ambiq-sdk
          content_hash: sha256:7bff79e01bef7f103fedadb450a3dfebecfd73305680caea02f7209b531c00a2
          acquired_at: '2026-07-04T01:10:45+00:00'
      nsx-cmsis-core:
        project: nsx-ambiq-sdk
        kind: git
        constraint: main
        resolved:
          url: https://github.com/AmbiqAI/nsx-ambiq-sdk.git
          commit: ed60f26f4bdaa885d6a279a20a6e94aa23cd3655
          vendored_at: modules/nsx-ambiq-sdk
          content_hash: sha256:7bff79e01bef7f103fedadb450a3dfebecfd73305680caea02f7209b531c00a2
          acquired_at: '2026-07-04T01:10:45+00:00'
      nsx-ambiq-hal:
        project: nsx-ambiq-sdk
        kind: git
        constraint: main
        resolved:
          url: https://github.com/AmbiqAI/nsx-ambiq-sdk.git
          commit: ed60f26f4bdaa885d6a279a20a6e94aa23cd3655
          vendored_at: modules/nsx-ambiq-sdk
          content_hash: sha256:7bff79e01bef7f103fedadb450a3dfebecfd73305680caea02f7209b531c00a2
          acquired_at: '2026-07-04T01:10:45+00:00'
      nsx-ambiq-bsp:
        project: nsx-ambiq-sdk
        kind: git
        constraint: main
        resolved:
          url: https://github.com/AmbiqAI/nsx-ambiq-sdk.git
          commit: ed60f26f4bdaa885d6a279a20a6e94aa23cd3655
          vendored_at: modules/nsx-ambiq-sdk
          content_hash: sha256:7bff79e01bef7f103fedadb450a3dfebecfd73305680caea02f7209b531c00a2
          acquired_at: '2026-07-04T01:10:45+00:00'
      nsx-soc-hal:
        project: nsx-ambiq-sdk
        kind: git
        constraint: main
        resolved:
          url: https://github.com/AmbiqAI/nsx-ambiq-sdk.git
          commit: ed60f26f4bdaa885d6a279a20a6e94aa23cd3655
          vendored_at: modules/nsx-ambiq-sdk
          content_hash: sha256:7bff79e01bef7f103fedadb450a3dfebecfd73305680caea02f7209b531c00a2
          acquired_at: '2026-07-04T01:10:45+00:00'
      nsx-cmsis-startup:
        project: nsx-ambiq-sdk
        kind: git
        constraint: main
        resolved:
          url: https://github.com/AmbiqAI/nsx-ambiq-sdk.git
          commit: ed60f26f4bdaa885d6a279a20a6e94aa23cd3655
          vendored_at: modules/nsx-ambiq-sdk
          content_hash: sha256:7bff79e01bef7f103fedadb450a3dfebecfd73305680caea02f7209b531c00a2
          acquired_at: '2026-07-04T01:10:45+00:00'
      nsx-board-apollo330mp-evb:
        project: neuralspotx
        kind: packaged
        constraint: packaged
        resolved:
          tool_version: 0.7.0
          vendored_at: boards/apollo330mP_evb
          content_hash: sha256:bc9ade0c2040bae20871806146fc095a1db197143e1a5ae63081608d3dd6fcba
          acquired_at: '2026-07-04T01:10:45+00:00'
      nsx-core:
        project: nsx-ambiq-sdk
        kind: git
        constraint: main
        resolved:
          url: https://github.com/AmbiqAI/nsx-ambiq-sdk.git
          commit: ed60f26f4bdaa885d6a279a20a6e94aa23cd3655
          vendored_at: modules/nsx-ambiq-sdk
          content_hash: sha256:7bff79e01bef7f103fedadb450a3dfebecfd73305680caea02f7209b531c00a2
          acquired_at: '2026-07-04T01:10:45+00:00'
      nsx-pmu-armv8m:
        project: nsx-pmu-armv8m
        kind: git
        constraint: b311be1960eb7426ff37641c6c813a7a6d84d2d0
        resolved:
          url: https://github.com/AmbiqAI/nsx-pmu-armv8m.git
          commit: b311be1960eb7426ff37641c6c813a7a6d84d2d0
          vendored_at: modules/nsx-pmu-armv8m
          content_hash: sha256:cdb095c001c3457b9c6add483958fdb63413a7efba86477a342f5bf1e8935184
          acquired_at: '2026-07-04T01:10:45+00:00'
      nsx-tooling:
        project: neuralspotx
        kind: packaged
        constraint: packaged
        resolved:
          tool_version: 0.7.0
          vendored_at: cmake/nsx
          content_hash: sha256:52286e8f1581ac2719640916c6a36efc864be54afa5bddcbae3258d68b395c85
          acquired_at: '2026-07-04T01:10:45+00:00'
      nsx-freertos:
        project: nsx-ambiq-sdk
        kind: git
        constraint: main
        resolved:
          url: https://github.com/AmbiqAI/nsx-ambiq-sdk.git
          commit: ed60f26f4bdaa885d6a279a20a6e94aa23cd3655
          vendored_at: modules/nsx-ambiq-sdk
          content_hash: sha256:7bff79e01bef7f103fedadb450a3dfebecfd73305680caea02f7209b531c00a2
          acquired_at: '2026-07-04T01:10:45+00:00'
  apollo510dL_evb:
    generated_at: '2026-07-04T01:10:45+00:00'
    nsx_tool:
      version: 0.7.0
    manifest:
      path: nsx.yml
      hash: sha256:b38f5b539fddf754a0eb1bff123f08cd4344c7c37513f43e77a1321f08e553c9
    target:
      board: apollo510dL_evb
      soc: apollo510L
      toolchain: arm-none-eabi-gcc
    modules:
      nsx-ambiqsuite:
        project: nsx-ambiq-sdk
        kind: git
        constraint: main
        resolved:
          url: https://github.com/AmbiqAI/nsx-ambiq-sdk.git
          commit: ed60f26f4bdaa885d6a279a20a6e94aa23cd3655
          vendored_at: modules/nsx-ambiq-sdk
          content_hash: sha256:7bff79e01bef7f103fedadb450a3dfebecfd73305680caea02f7209b531c00a2
          acquired_at: '2026-07-04T01:10:46+00:00'
      nsx-cmsis-core:
        project: nsx-ambiq-sdk
        kind: git
        constraint: main
        resolved:
          url: https://github.com/AmbiqAI/nsx-ambiq-sdk.git
          commit: ed60f26f4bdaa885d6a279a20a6e94aa23cd3655
          vendored_at: modules/nsx-ambiq-sdk
          content_hash: sha256:7bff79e01bef7f103fedadb450a3dfebecfd73305680caea02f7209b531c00a2
          acquired_at: '2026-07-04T01:10:46+00:00'
      nsx-ambiq-hal:
        project: nsx-ambiq-sdk
        kind: git
        constraint: main
        resolved:
          url: https://github.com/AmbiqAI/nsx-ambiq-sdk.git
          commit: ed60f26f4bdaa885d6a279a20a6e94aa23cd3655
          vendored_at: modules/nsx-ambiq-sdk
          content_hash: sha256:7bff79e01bef7f103fedadb450a3dfebecfd73305680caea02f7209b531c00a2
          acquired_at: '2026-07-04T01:10:46+00:00'
      nsx-ambiq-bsp:
        project: nsx-ambiq-sdk
        kind: git
        constraint: main
        resolved:
          url: https://github.com/AmbiqAI/nsx-ambiq-sdk.git
          commit: ed60f26f4bdaa885d6a279a20a6e94aa23cd3655
          vendored_at: modules/nsx-ambiq-sdk
          content_hash: sha256:7bff79e01bef7f103fedadb450a3dfebecfd73305680caea02f7209b531c00a2
          acquired_at: '2026-07-04T01:10:46+00:00'
      nsx-soc-hal:
        project: nsx-ambiq-sdk
        kind: git
        constraint: main
        resolved:
          url: https://github.com/AmbiqAI/nsx-ambiq-sdk.git
          commit: ed60f26f4bdaa885d6a279a20a6e94aa23cd3655
          vendored_at: modules/nsx-ambiq-sdk
          content_hash: sha256:7bff79e01bef7f103fedadb450a3dfebecfd73305680caea02f7209b531c00a2
          acquired_at: '2026-07-04T01:10:46+00:00'
      nsx-cmsis-startup:
        project: nsx-ambiq-sdk
        kind: git
        constraint: main
        resolved:
          url: https://github.com/AmbiqAI/nsx-ambiq-sdk.git
          commit: ed60f26f4bdaa885d6a279a20a6e94aa23cd3655
          vendored_at: modules/nsx-ambiq-sdk
          content_hash: sha256:7bff79e01bef7f103fedadb450a3dfebecfd73305680caea02f7209b531c00a2
          acquired_at: '2026-07-04T01:10:46+00:00'
      nsx-board-apollo510dl-evb:
        project: neuralspotx
        kind: packaged
        constraint: packaged
        resolved:
          tool_version: 0.7.0
          vendored_at: boards/apollo510dL_evb
          content_hash: sha256:c28778fe11e2f70955e752038133a5ae2639ea9acf8bb1e2c5f029dc3bcc0e3f
          acquired_at: '2026-07-04T01:10:46+00:00'
      nsx-core:
        project: nsx-ambiq-sdk
        kind: git
        constraint: main
        resolved:
          url: https://github.com/AmbiqAI/nsx-ambiq-sdk.git
          commit: ed60f26f4bdaa885d6a279a20a6e94aa23cd3655
          vendored_at: modules/nsx-ambiq-sdk
          content_hash: sha256:7bff79e01bef7f103fedadb450a3dfebecfd73305680caea02f7209b531c00a2
          acquired_at: '2026-07-04T01:10:46+00:00'
      nsx-pmu-armv8m:
        project: nsx-pmu-armv8m
        kind: git
        constraint: b311be1960eb7426ff37641c6c813a7a6d84d2d0
        resolved:
          url: https://github.com/AmbiqAI/nsx-pmu-armv8m.git
          commit: b311be1960eb7426ff37641c6c813a7a6d84d2d0
          vendored_at: modules/nsx-pmu-armv8m
          content_hash: sha256:cdb095c001c3457b9c6add483958fdb63413a7efba86477a342f5bf1e8935184
          acquired_at: '2026-07-04T01:10:46+00:00'
      nsx-tooling:
        project: neuralspotx
        kind: packaged
        constraint: packaged
        resolved:
          tool_version: 0.7.0
          vendored_at: cmake/nsx
          content_hash: sha256:52286e8f1581ac2719640916c6a36efc864be54afa5bddcbae3258d68b395c85
          acquired_at: '2026-07-04T01:10:46+00:00'
      nsx-freertos:
        project: nsx-ambiq-sdk
        kind: git
        constraint: main
        resolved:
          url: https://github.com/AmbiqAI/nsx-ambiq-sdk.git
          commit: ed60f26f4bdaa885d6a279a20a6e94aa23cd3655
          vendored_at: modules/nsx-ambiq-sdk
          content_hash: sha256:7bff79e01bef7f103fedadb450a3dfebecfd73305680caea02f7209b531c00a2
          acquired_at: '2026-07-04T01:10:46+00:00'
  apollo4p_blue_kxr_evb:
    generated_at: '2026-07-04T01:10:46+00:00'
    nsx_tool:
      version: 0.7.0
    manifest:
      path: nsx.yml
      hash: sha256:b38f5b539fddf754a0eb1bff123f08cd4344c7c37513f43e77a1321f08e553c9
    target:
      board: apollo4p_blue_kxr_evb
      soc: apollo4p
      toolchain: arm-none-eabi-gcc
    modules:
      nsx-ambiqsuite:
        project: nsx-ambiq-sdk
        kind: git
        constraint: main
        resolved:
          url: https://github.com/AmbiqAI/nsx-ambiq-sdk.git
          commit: ed60f26f4bdaa885d6a279a20a6e94aa23cd3655
          vendored_at: modules/nsx-ambiq-sdk
          content_hash: sha256:7bff79e01bef7f103fedadb450a3dfebecfd73305680caea02f7209b531c00a2
          acquired_at: '2026-07-04T01:10:47+00:00'
      nsx-cmsis-core:
        project: nsx-ambiq-sdk
        kind: git
        constraint: main
        resolved:
          url: https://github.com/AmbiqAI/nsx-ambiq-sdk.git
          commit: ed60f26f4bdaa885d6a279a20a6e94aa23cd3655
          vendored_at: modules/nsx-ambiq-sdk
          content_hash: sha256:7bff79e01bef7f103fedadb450a3dfebecfd73305680caea02f7209b531c00a2
          acquired_at: '2026-07-04T01:10:47+00:00'
      nsx-ambiq-hal:
        project: nsx-ambiq-sdk
        kind: git
        constraint: main
        resolved:
          url: https://github.com/AmbiqAI/nsx-ambiq-sdk.git
          commit: ed60f26f4bdaa885d6a279a20a6e94aa23cd3655
          vendored_at: modules/nsx-ambiq-sdk
          content_hash: sha256:7bff79e01bef7f103fedadb450a3dfebecfd73305680caea02f7209b531c00a2
          acquired_at: '2026-07-04T01:10:47+00:00'
      nsx-ambiq-bsp:
        project: nsx-ambiq-sdk
        kind: git
        constraint: main
        resolved:
          url: https://github.com/AmbiqAI/nsx-ambiq-sdk.git
          commit: ed60f26f4bdaa885d6a279a20a6e94aa23cd3655
          vendored_at: modules/nsx-ambiq-sdk
          content_hash: sha256:7bff79e01bef7f103fedadb450a3dfebecfd73305680caea02f7209b531c00a2
          acquired_at: '2026-07-04T01:10:47+00:00'
      nsx-soc-hal:
        project: nsx-ambiq-sdk
        kind: git
        constraint: main
        resolved:
          url: https://github.com/AmbiqAI/nsx-ambiq-sdk.git
          commit: ed60f26f4bdaa885d6a279a20a6e94aa23cd3655
          vendored_at: modules/nsx-ambiq-sdk
          content_hash: sha256:7bff79e01bef7f103fedadb450a3dfebecfd73305680caea02f7209b531c00a2
          acquired_at: '2026-07-04T01:10:47+00:00'
      nsx-cmsis-startup:
        project: nsx-ambiq-sdk
        kind: git
        constraint: main
        resolved:
          url: https://github.com/AmbiqAI/nsx-ambiq-sdk.git
          commit: ed60f26f4bdaa885d6a279a20a6e94aa23cd3655
          vendored_at: modules/nsx-ambiq-sdk
          content_hash: sha256:7bff79e01bef7f103fedadb450a3dfebecfd73305680caea02f7209b531c00a2
          acquired_at: '2026-07-04T01:10:47+00:00'
      nsx-board-apollo4p-blue-kxr-evb:
        project: neuralspotx
        kind: packaged
        constraint: packaged
        resolved:
          tool_version: 0.7.0
          vendored_at: boards/apollo4p_blue_kxr_evb
          content_hash: sha256:e31bdf61af774ab72d976652595cc1fc3137d2d097f39bb0bdaa0feb7d7ac276
          acquired_at: '2026-07-04T01:10:47+00:00'
      nsx-core:
        project: nsx-ambiq-sdk
        kind: git
        constraint: main
        resolved:
          url: https://github.com/AmbiqAI/nsx-ambiq-sdk.git
          commit: ed60f26f4bdaa885d6a279a20a6e94aa23cd3655
          vendored_at: modules/nsx-ambiq-sdk
          content_hash: sha256:7bff79e01bef7f103fedadb450a3dfebecfd73305680caea02f7209b531c00a2
          acquired_at: '2026-07-04T01:10:47+00:00'
      nsx-tooling:
        project: neuralspotx
        kind: packaged
        constraint: packaged
        resolved:
          tool_version: 0.7.0
          vendored_at: cmake/nsx
          content_hash: sha256:52286e8f1581ac2719640916c6a36efc864be54afa5bddcbae3258d68b395c85
          acquired_at: '2026-07-04T01:10:47+00:00'
      nsx-freertos:
        project: nsx-ambiq-sdk
        kind: git
        constraint: main
        resolved:
          url: https://github.com/AmbiqAI/nsx-ambiq-sdk.git
          commit: ed60f26f4bdaa885d6a279a20a6e94aa23cd3655
          vendored_at: modules/nsx-ambiq-sdk
          content_hash: sha256:7bff79e01bef7f103fedadb450a3dfebecfd73305680caea02f7209b531c00a2
          acquired_at: '2026-07-04T01:10:47+00:00'
