# nsx.lock — generated by `nsx lock`. Do not edit by hand.
# Commit this file to record the resolved module set for this app.
schema_version: 2
generated_at: '2026-04-29T22:54:23+00:00'
nsx_tool:
  version: 0.3.0
manifest:
  path: nsx.yml
  hash: sha256:b184ea2229870b8c3c6cef581882c91b0a9eb443cf4b33ed133c644d190f5a6e
target:
  board: apollo510_evb
  soc: apollo510
  toolchain: arm-none-eabi-gcc
modules:
  nsx-ambiq-bsp-r5:
    project: nsx-ambiq-bsp-r5
    kind: git
    constraint: v0.1.0
    resolved:
      url: https://github.com/AmbiqAI/nsx-ambiq-bsp-r5.git
      tag: v0.1.0
      commit: 091af57503fb5e32a62bb331c484d2be50fc0eeb
      vendored_at: modules/nsx-ambiq-bsp-r5
      content_hash: sha256:1b65b017047ba10d3d1f01a00e94e8a8a2e159602ae0a159607cfc2b38e69d4c
      acquired_at: '2026-04-29T22:54:23+00:00'
  nsx-ambiq-hal-r5:
    project: nsx-ambiq-hal-r5
    kind: git
    constraint: v0.1.0
    resolved:
      url: https://github.com/AmbiqAI/nsx-ambiq-hal-r5.git
      tag: v0.1.0
      commit: c2bfc772b1db5b7a2b782b51d07c86815d179141
      vendored_at: modules/nsx-ambiq-hal-r5
      content_hash: sha256:b222ae3cca837fca985840df22cca035fd2b32677caecea61214d14e4655f28b
      acquired_at: '2026-04-29T22:54:23+00:00'
  nsx-ambiqsuite-r5:
    project: nsx-ambiqsuite-r5
    kind: git
    constraint: v0.1.0
    resolved:
      url: https://github.com/AmbiqAI/nsx-ambiqsuite-r5.git
      tag: v0.1.0
      commit: bc3599fc073e230f4370744715f3ee6cafa2164f
      vendored_at: modules/nsx-ambiqsuite-r5
      content_hash: sha256:4557d657130432475d0366c63361002776dd31b678654333f2e87ba8cf68ee00
      acquired_at: '2026-04-29T22:54:23+00:00'
  nsx-board-apollo510-evb:
    project: neuralspotx
    kind: packaged
    constraint: packaged
    resolved:
      tool_version: 0.3.0
      vendored_at: boards/apollo510_evb
      content_hash: sha256:161b4c00281eefc436c9e60fba672a48b0152caf678e1adad02f4cfca5ac79a2
      acquired_at: '2026-04-29T22:54:23+00:00'
  nsx-cmsis-core:
    project: nsx-cmsis-core
    kind: git
    constraint: v0.1.0
    resolved:
      url: https://github.com/AmbiqAI/nsx-cmsis-core.git
      tag: v0.1.0
      commit: 58a21891f280c56bc7429e7777126b62d59f44c8
      vendored_at: modules/nsx-cmsis-core
      content_hash: sha256:2166f4624fbe73d59ed751c54e118f70cdf695bc0901638269e8b96fc2625d01
      acquired_at: '2026-04-29T22:54:23+00:00'
  nsx-cmsis-startup:
    project: nsx-cmsis-startup
    kind: git
    constraint: v0.1.0
    resolved:
      url: https://github.com/AmbiqAI/nsx-cmsis-startup.git
      tag: v0.1.0
      commit: 34c83f6f6932a11a65790a33479b208ff5099f2e
      vendored_at: modules/nsx-cmsis-startup
      content_hash: sha256:9fec3f758fa3260b3e0f0d5e3ab70b71512ba9a29f030c1231dfaca76738f508
      acquired_at: '2026-04-29T22:54:23+00:00'
  nsx-core:
    project: nsx-core
    kind: git
    constraint: v0.1.0
    resolved:
      url: https://github.com/AmbiqAI/nsx-core.git
      tag: v0.1.0
      commit: 9ed87d0a7e3a2d490b647d43aa76f8aa4ded8928
      vendored_at: modules/nsx-core
      content_hash: sha256:e615b250d4e18a4c1860fc1df3611c3fdb4b54344c31d3365a2354c41dd24470
      acquired_at: '2026-04-29T22:54:23+00:00'
  nsx-harness:
    project: nsx-harness
    kind: git
    constraint: v0.1.0
    resolved:
      url: https://github.com/AmbiqAI/nsx-harness.git
      tag: v0.1.0
      commit: 529489e6742414de2cc3396047a56ef3c9ebfa8e
      vendored_at: modules/nsx-harness
      content_hash: sha256:535f7006039c73cc4fe0dffd7335e0010770aa15c423c9affea9af16987ce944
      acquired_at: '2026-04-29T22:54:23+00:00'
  nsx-power:
    project: nsx-power
    kind: git
    constraint: v0.1.0
    resolved:
      url: https://github.com/AmbiqAI/nsx-power.git
      tag: v0.1.0
      commit: e8b125acddf552714a484a16fd5e0ca066ccb9be
      vendored_at: modules/nsx-power
      content_hash: sha256:3ddf55cf300bafda78dc8f7b98fc3d83cf2fe6a1f9689fb4871da90776b58da8
      acquired_at: '2026-04-29T22:54:23+00:00'
  nsx-soc-hal:
    project: nsx-soc-hal
    kind: git
    constraint: v0.1.0
    resolved:
      url: https://github.com/AmbiqAI/nsx-soc-hal.git
      tag: v0.1.0
      commit: c274c83153628a8e697ed2866c47f20997bed993
      vendored_at: modules/nsx-soc-hal
      content_hash: sha256:cc7e8180b0877b4ff5341a2a7d63a3e09c22c85895cbf405cbd614a673f17e87
      acquired_at: '2026-04-29T22:54:23+00:00'
  nsx-utils:
    project: nsx-utils
    kind: git
    constraint: v0.1.0
    resolved:
      url: https://github.com/AmbiqAI/nsx-utils.git
      tag: v0.1.0
      commit: 542e990e24b2dc27513a640b789b662231c20930
      vendored_at: modules/nsx-utils
      content_hash: sha256:359dbad5a5434986efa865d47ecb5c985df5d944aaaa053edc67ab25c1c0b69a
      acquired_at: '2026-04-29T22:54:23+00:00'
