# nsx.lock — generated by `nsx lock`. Do not edit by hand.
# Commit this file to record the resolved module set for this app.
schema_version: 3
generated_at: '2026-06-13T03:13:45+00:00'
nsx_tool:
  version: 0.6.6
manifest:
  path: nsx.yml
  hash: sha256:152ad4f01c1b910c80304dd43d93fd270ecac604c27612831fb06f01ff0b596d
target:
  board: apollo510_evb
  soc: apollo510
  toolchain: arm-none-eabi-gcc
modules:
  nsx-cmsis-core:
    project: nsx-ambiq-sdk
    kind: git
    constraint: main
    resolved:
      url: https://github.com/AmbiqAI/nsx-ambiq-sdk.git
      commit: 310966f140336709c5797f1e035b1ce987a671eb
      vendored_at: modules/nsx-ambiq-sdk
      content_hash: sha256:fc7b62ed164279ff4ac6e247165221de5928d3613d81c921de9b4b7e40f2adc4
      acquired_at: '2026-06-13T03:13:45+00:00'
  nsx-ambiqsuite-r5:
    project: nsx-ambiq-sdk
    kind: git
    constraint: main
    resolved:
      url: https://github.com/AmbiqAI/nsx-ambiq-sdk.git
      commit: 310966f140336709c5797f1e035b1ce987a671eb
      vendored_at: modules/nsx-ambiq-sdk
      content_hash: sha256:fc7b62ed164279ff4ac6e247165221de5928d3613d81c921de9b4b7e40f2adc4
      acquired_at: '2026-06-13T03:13:45+00:00'
  nsx-ambiq-hal-r5:
    project: nsx-ambiq-sdk
    kind: git
    constraint: main
    resolved:
      url: https://github.com/AmbiqAI/nsx-ambiq-sdk.git
      commit: 310966f140336709c5797f1e035b1ce987a671eb
      vendored_at: modules/nsx-ambiq-sdk
      content_hash: sha256:fc7b62ed164279ff4ac6e247165221de5928d3613d81c921de9b4b7e40f2adc4
      acquired_at: '2026-06-13T03:13:45+00:00'
  nsx-ambiq-bsp-r5:
    project: nsx-ambiq-sdk
    kind: git
    constraint: main
    resolved:
      url: https://github.com/AmbiqAI/nsx-ambiq-sdk.git
      commit: 310966f140336709c5797f1e035b1ce987a671eb
      vendored_at: modules/nsx-ambiq-sdk
      content_hash: sha256:fc7b62ed164279ff4ac6e247165221de5928d3613d81c921de9b4b7e40f2adc4
      acquired_at: '2026-06-13T03:13:45+00:00'
  nsx-soc-hal:
    project: nsx-ambiq-sdk
    kind: git
    constraint: main
    resolved:
      url: https://github.com/AmbiqAI/nsx-ambiq-sdk.git
      commit: 310966f140336709c5797f1e035b1ce987a671eb
      vendored_at: modules/nsx-ambiq-sdk
      content_hash: sha256:fc7b62ed164279ff4ac6e247165221de5928d3613d81c921de9b4b7e40f2adc4
      acquired_at: '2026-06-13T03:13:45+00:00'
  nsx-cmsis-startup:
    project: nsx-ambiq-sdk
    kind: git
    constraint: main
    resolved:
      url: https://github.com/AmbiqAI/nsx-ambiq-sdk.git
      commit: 310966f140336709c5797f1e035b1ce987a671eb
      vendored_at: modules/nsx-ambiq-sdk
      content_hash: sha256:fc7b62ed164279ff4ac6e247165221de5928d3613d81c921de9b4b7e40f2adc4
      acquired_at: '2026-06-13T03:13:45+00:00'
  nsx-board-apollo510-evb:
    project: neuralspotx
    kind: packaged
    constraint: packaged
    resolved:
      tool_version: 0.6.6
      vendored_at: boards/apollo510_evb
      content_hash: sha256:bdc7e746a537bd3ac4400b187c8a88f5e5761a3dc217d010694bccf21dbff650
      acquired_at: '2026-06-13T03:13:45+00:00'
  nsx-core:
    project: nsx-ambiq-sdk
    kind: git
    constraint: main
    resolved:
      url: https://github.com/AmbiqAI/nsx-ambiq-sdk.git
      commit: 310966f140336709c5797f1e035b1ce987a671eb
      vendored_at: modules/nsx-ambiq-sdk
      content_hash: sha256:fc7b62ed164279ff4ac6e247165221de5928d3613d81c921de9b4b7e40f2adc4
      acquired_at: '2026-06-13T03:13:45+00:00'
  nsx-interrupt:
    project: nsx-ambiq-sdk
    kind: git
    constraint: main
    resolved:
      url: https://github.com/AmbiqAI/nsx-ambiq-sdk.git
      commit: 310966f140336709c5797f1e035b1ce987a671eb
      vendored_at: modules/nsx-ambiq-sdk
      content_hash: sha256:fc7b62ed164279ff4ac6e247165221de5928d3613d81c921de9b4b7e40f2adc4
      acquired_at: '2026-06-13T03:13:45+00:00'
  nsx-gpio:
    project: nsx-ambiq-sdk
    kind: git
    constraint: main
    resolved:
      url: https://github.com/AmbiqAI/nsx-ambiq-sdk.git
      commit: 310966f140336709c5797f1e035b1ce987a671eb
      vendored_at: modules/nsx-ambiq-sdk
      content_hash: sha256:fc7b62ed164279ff4ac6e247165221de5928d3613d81c921de9b4b7e40f2adc4
      acquired_at: '2026-06-13T03:13:45+00:00'
  nsx-timer:
    project: nsx-ambiq-sdk
    kind: git
    constraint: main
    resolved:
      url: https://github.com/AmbiqAI/nsx-ambiq-sdk.git
      commit: 310966f140336709c5797f1e035b1ce987a671eb
      vendored_at: modules/nsx-ambiq-sdk
      content_hash: sha256:fc7b62ed164279ff4ac6e247165221de5928d3613d81c921de9b4b7e40f2adc4
      acquired_at: '2026-06-13T03:13:45+00:00'
  nsx-power:
    project: nsx-ambiq-sdk
    kind: git
    constraint: main
    resolved:
      url: https://github.com/AmbiqAI/nsx-ambiq-sdk.git
      commit: 310966f140336709c5797f1e035b1ce987a671eb
      vendored_at: modules/nsx-ambiq-sdk
      content_hash: sha256:fc7b62ed164279ff4ac6e247165221de5928d3613d81c921de9b4b7e40f2adc4
      acquired_at: '2026-06-13T03:13:45+00:00'
  nsx-tooling:
    project: neuralspotx
    kind: packaged
    constraint: packaged
    resolved:
      tool_version: 0.6.6
      vendored_at: cmake/nsx
      content_hash: sha256:c8ce394983638ffe6509ca1cc786c114a331773740c6dc5e09e6800381fb9b6b
      acquired_at: '2026-06-13T03:13:45+00:00'
