# nsx.lock — generated by `nsx lock`. Do not edit by hand.
# Commit this file to record the resolved module set for this app.
schema_version: 3
generated_at: '2026-06-03T02:58:22+00:00'
nsx_tool:
  version: 0.6.1
manifest:
  path: nsx.yml
  hash: sha256:2948da6d81e31af9acbbc1d9f0c87b00aca0e3eee8c4984fb3df1b04b472638e
target:
  board: apollo510_evb
  soc: apollo510
  toolchain: arm-none-eabi-gcc
modules:
  nsx-ambiq-bsp-r5:
    project: nsx-ambiq-sdk-r5
    kind: git
    constraint: main
    resolved:
      url: https://github.com/AmbiqAI/nsx-ambiq-sdk-r5.git
      commit: 02e4839af334a5e7d519d16c74b5a6d0076851b0
      vendored_at: modules/nsx-ambiq-sdk-r5
      content_hash: sha256:1d13ac282ba66ffad246e4434c3877ea5d3ea44a7d8b5b77bb2d43f45729027b
      acquired_at: '2026-06-03T02:58:22+00:00'
  nsx-ambiq-hal-r5:
    project: nsx-ambiq-sdk-r5
    kind: git
    constraint: main
    resolved:
      url: https://github.com/AmbiqAI/nsx-ambiq-sdk-r5.git
      commit: 02e4839af334a5e7d519d16c74b5a6d0076851b0
      vendored_at: modules/nsx-ambiq-sdk-r5
      content_hash: sha256:1d13ac282ba66ffad246e4434c3877ea5d3ea44a7d8b5b77bb2d43f45729027b
      acquired_at: '2026-06-03T02:58:22+00:00'
  nsx-ambiqsuite-r5:
    project: nsx-ambiq-sdk-r5
    kind: git
    constraint: main
    resolved:
      url: https://github.com/AmbiqAI/nsx-ambiq-sdk-r5.git
      commit: 02e4839af334a5e7d519d16c74b5a6d0076851b0
      vendored_at: modules/nsx-ambiq-sdk-r5
      content_hash: sha256:1d13ac282ba66ffad246e4434c3877ea5d3ea44a7d8b5b77bb2d43f45729027b
      acquired_at: '2026-06-03T02:58:22+00:00'
  nsx-board-apollo510-evb:
    project: neuralspotx
    kind: packaged
    constraint: packaged
    resolved:
      tool_version: 0.6.1
      vendored_at: boards/apollo510_evb
      content_hash: sha256:8372c8af9bf9e41008158b44b4333274e2a8d7753c441da4d35be97c789b7ad1
      acquired_at: '2026-06-03T02:58:22+00:00'
  nsx-cmsis-core:
    project: nsx-ambiq-sdk-r5
    kind: git
    constraint: main
    resolved:
      url: https://github.com/AmbiqAI/nsx-ambiq-sdk-r5.git
      commit: 02e4839af334a5e7d519d16c74b5a6d0076851b0
      vendored_at: modules/nsx-ambiq-sdk-r5
      content_hash: sha256:1d13ac282ba66ffad246e4434c3877ea5d3ea44a7d8b5b77bb2d43f45729027b
      acquired_at: '2026-06-03T02:58:22+00:00'
  nsx-cmsis-startup:
    project: nsx-ambiq-sdk-r5
    kind: git
    constraint: main
    resolved:
      url: https://github.com/AmbiqAI/nsx-ambiq-sdk-r5.git
      commit: 02e4839af334a5e7d519d16c74b5a6d0076851b0
      vendored_at: modules/nsx-ambiq-sdk-r5
      content_hash: sha256:1d13ac282ba66ffad246e4434c3877ea5d3ea44a7d8b5b77bb2d43f45729027b
      acquired_at: '2026-06-03T02:58:22+00:00'
  nsx-core:
    project: nsx-ambiq-sdk-r5
    kind: git
    constraint: main
    resolved:
      url: https://github.com/AmbiqAI/nsx-ambiq-sdk-r5.git
      commit: 02e4839af334a5e7d519d16c74b5a6d0076851b0
      vendored_at: modules/nsx-ambiq-sdk-r5
      content_hash: sha256:1d13ac282ba66ffad246e4434c3877ea5d3ea44a7d8b5b77bb2d43f45729027b
      acquired_at: '2026-06-03T02:58:22+00:00'
  nsx-gpio:
    project: nsx-ambiq-sdk-r5
    kind: git
    constraint: main
    resolved:
      url: https://github.com/AmbiqAI/nsx-ambiq-sdk-r5.git
      commit: 02e4839af334a5e7d519d16c74b5a6d0076851b0
      vendored_at: modules/nsx-ambiq-sdk-r5
      content_hash: sha256:1d13ac282ba66ffad246e4434c3877ea5d3ea44a7d8b5b77bb2d43f45729027b
      acquired_at: '2026-06-03T02:58:22+00:00'
  nsx-interrupt:
    project: nsx-ambiq-sdk-r5
    kind: git
    constraint: main
    resolved:
      url: https://github.com/AmbiqAI/nsx-ambiq-sdk-r5.git
      commit: 02e4839af334a5e7d519d16c74b5a6d0076851b0
      vendored_at: modules/nsx-ambiq-sdk-r5
      content_hash: sha256:1d13ac282ba66ffad246e4434c3877ea5d3ea44a7d8b5b77bb2d43f45729027b
      acquired_at: '2026-06-03T02:58:22+00:00'
  nsx-power:
    project: nsx-ambiq-sdk-r5
    kind: git
    constraint: main
    resolved:
      url: https://github.com/AmbiqAI/nsx-ambiq-sdk-r5.git
      commit: 02e4839af334a5e7d519d16c74b5a6d0076851b0
      vendored_at: modules/nsx-ambiq-sdk-r5
      content_hash: sha256:1d13ac282ba66ffad246e4434c3877ea5d3ea44a7d8b5b77bb2d43f45729027b
      acquired_at: '2026-06-03T02:58:22+00:00'
  nsx-soc-hal:
    project: nsx-ambiq-sdk-r5
    kind: git
    constraint: main
    resolved:
      url: https://github.com/AmbiqAI/nsx-ambiq-sdk-r5.git
      commit: 02e4839af334a5e7d519d16c74b5a6d0076851b0
      vendored_at: modules/nsx-ambiq-sdk-r5
      content_hash: sha256:1d13ac282ba66ffad246e4434c3877ea5d3ea44a7d8b5b77bb2d43f45729027b
      acquired_at: '2026-06-03T02:58:22+00:00'
  nsx-timer:
    project: nsx-ambiq-sdk-r5
    kind: git
    constraint: main
    resolved:
      url: https://github.com/AmbiqAI/nsx-ambiq-sdk-r5.git
      commit: 02e4839af334a5e7d519d16c74b5a6d0076851b0
      vendored_at: modules/nsx-ambiq-sdk-r5
      content_hash: sha256:1d13ac282ba66ffad246e4434c3877ea5d3ea44a7d8b5b77bb2d43f45729027b
      acquired_at: '2026-06-03T02:58:22+00:00'
  nsx-tooling:
    project: neuralspotx
    kind: packaged
    constraint: packaged
    resolved:
      tool_version: 0.6.1
      vendored_at: cmake/nsx
      content_hash: sha256:657c701975c31188d93d2ee326a2001da13d6a199aa97a7e7ffdb2b17d9beaf1
      acquired_at: '2026-06-03T02:58:22+00:00'
